
Microsoft Visual Studio Solution File, Format Version 12.00
# Visual Studio Version 17
VisualStudioVersion = 17.6.33717.318
MinimumVisualStudioVersion = 10.0.40219.1
Project("{FAE04EC0-301F-11D3-BF4B-00C04F79EFBC}") = "Problem_92", "Problem_92\Problem_92.csproj", "{E95C402A-CAB1-446B-895F-EB2E621CF44C}"
EndProject
Project("{FAE04EC0-301F-11D3-BF4B-00C04F79EFBC}") = "Problem_143", "Problem_143\Problem_143.csproj", "{0C29DD2A-91DC-4182-9BD5-1283597A7010}"
EndProject
Project("{FAE04EC0-301F-11D3-BF4B-00C04F79EFBC}") = "Problem_155", "Problem_155\Problem_155.csproj", "{875B89CE-DFE6-41C8-8725-0862A6864770}"
EndProject
Project("{FAE04EC0-301F-11D3-BF4B-00C04F79EFBC}") = "Problem_150", "Problem_150\Problem_150.csproj", "{48EE3E82-C0D6-4277-90D5-B241B7D18BFA}"
EndProject
Project("{FAE04EC0-301F-11D3-BF4B-00C04F79EFBC}") = "Problem_23", "Problem_23\Problem_23.csproj", "{C2ABCC05-7F51-464C-AA19-D6D0FDAB27C9}"
EndProject
Project("{FAE04EC0-301F-11D3-BF4B-00C04F79EFBC}") = "Problem_4", "Problem_4\Problem_4.csproj", "{CCC90D65-5E44-469E-93CB-669CAA0DA797}"
EndProject
Project("{FAE04EC0-301F-11D3-BF4B-00C04F79EFBC}") = "Problem_71", "Problem_71\Problem_71.csproj", "{F7A2E0F7-774C-4090-93D5-C6950D817FCC}"
EndProject
Project("{FAE04EC0-301F-11D3-BF4B-00C04F79EFBC}") = "Problem_1", "Problem_1\Problem_1.csproj", "{00BDB84C-4207-4893-95D7-EA5CB573A4DA}"
EndProject
Project("{FAE04EC0-301F-11D3-BF4B-00C04F79EFBC}") = "Problem_128", "Problem_128\Problem_128.csproj", "{958B6A4A-588C-42A6-A097-3F034DA5D382}"
EndProject
Project("{FAE04EC0-301F-11D3-BF4B-00C04F79EFBC}") = "Problem_49", "Problem_49\Problem_49.csproj", "{2BE2670F-E8AD-498E-8FF7-FEBE2B38D513}"
EndProject
Project("{FAE04EC0-301F-11D3-BF4B-00C04F79EFBC}") = "Problem_347", "Problem_347\Problem_347.csproj", "{10654190-75B8-4CCC-85D2-5CB2FB4E9AF9}"
EndProject
Project("{FAE04EC0-301F-11D3-BF4B-00C04F79EFBC}") = "Problem_9", "Problem_9\Problem_9.csproj", "{B260E25E-E88E-48C6-AF6B-077D07D9F6C5}"
EndProject
Project("{FAE04EC0-301F-11D3-BF4B-00C04F79EFBC}") = "Problem_2", "Problem_2\Problem_2.csproj", "{BF5F0F4A-FC28-42AF-A14E-62FAC648A596}"
EndProject
Project("{FAE04EC0-301F-11D3-BF4B-00C04F79EFBC}") = "Problem_217", "Problem_217\Problem_217.csproj", "{53D75B19-8205-43D9-988D-B1EACE8D3DF1}"
EndProject
Project("{FAE04EC0-301F-11D3-BF4B-00C04F79EFBC}") = "Problem_242", "Problem_242\Problem_242.csproj", "{D0BF86C2-BA9F-47B3-8F0A-19B78BB9242C}"
EndProject
Project("{FAE04EC0-301F-11D3-BF4B-00C04F79EFBC}") = "Problem_68", "Problem_68\Problem_68.csproj", "{15A2F177-A7AC-4C8D-90E1-222DDCDC8B41}"
EndProject
Project("{FAE04EC0-301F-11D3-BF4B-00C04F79EFBC}") = "Problem_1732", "Problem_1732\Problem_1732.csproj", "{01301CD1-A5AC-4E4C-A680-29F0DF8BE6E4}"
EndProject
Project("{FAE04EC0-301F-11D3-BF4B-00C04F79EFBC}") = "Problem_20", "Problem_20\Problem_20.csproj", "{B07E0BEB-2E30-4B39-947F-EB6D80B3777D}"
EndProject
Project("{FAE04EC0-301F-11D3-BF4B-00C04F79EFBC}") = "Problem_2090", "Problem_2090\Problem_2090.csproj", "{4F5AAB41-50F9-4050-8C38-6519A989DAB9}"
EndProject
Project("{FAE04EC0-301F-11D3-BF4B-00C04F79EFBC}") = "Problem_1929", "Problem_1929\Problem_1929.csproj", "{4BE98381-62DE-40B4-919F-0B78A012CD4C}"
EndProject
Global
	GlobalSection(SolutionConfigurationPlatforms) = preSolution
		Debug|x64 = Debug|x64
		Debug|x86 = Debug|x86
		Release|x64 = Release|x64
		Release|x86 = Release|x86
	EndGlobalSection
	GlobalSection(ProjectConfigurationPlatforms) = postSolution
		{E95C402A-CAB1-446B-895F-EB2E621CF44C}.Debug|x64.ActiveCfg = Debug|x64
		{E95C402A-CAB1-446B-895F-EB2E621CF44C}.Debug|x64.Build.0 = Debug|x64
		{E95C402A-CAB1-446B-895F-EB2E621CF44C}.Debug|x86.ActiveCfg = Debug|x86
		{E95C402A-CAB1-446B-895F-EB2E621CF44C}.Debug|x86.Build.0 = Debug|x86
		{E95C402A-CAB1-446B-895F-EB2E621CF44C}.Release|x64.ActiveCfg = Release|x64
		{E95C402A-CAB1-446B-895F-EB2E621CF44C}.Release|x64.Build.0 = Release|x64
		{E95C402A-CAB1-446B-895F-EB2E621CF44C}.Release|x86.ActiveCfg = Release|x86
		{E95C402A-CAB1-446B-895F-EB2E621CF44C}.Release|x86.Build.0 = Release|x86
		{0C29DD2A-91DC-4182-9BD5-1283597A7010}.Debug|x64.ActiveCfg = Debug|x64
		{0C29DD2A-91DC-4182-9BD5-1283597A7010}.Debug|x64.Build.0 = Debug|x64
		{0C29DD2A-91DC-4182-9BD5-1283597A7010}.Debug|x86.ActiveCfg = Debug|x86
		{0C29DD2A-91DC-4182-9BD5-1283597A7010}.Debug|x86.Build.0 = Debug|x86
		{0C29DD2A-91DC-4182-9BD5-1283597A7010}.Release|x64.ActiveCfg = Release|x64
		{0C29DD2A-91DC-4182-9BD5-1283597A7010}.Release|x64.Build.0 = Release|x64
		{0C29DD2A-91DC-4182-9BD5-1283597A7010}.Release|x86.ActiveCfg = Release|x86
		{0C29DD2A-91DC-4182-9BD5-1283597A7010}.Release|x86.Build.0 = Release|x86
		{875B89CE-DFE6-41C8-8725-0862A6864770}.Debug|x64.ActiveCfg = Debug|x64
		{875B89CE-DFE6-41C8-8725-0862A6864770}.Debug|x64.Build.0 = Debug|x64
		{875B89CE-DFE6-41C8-8725-0862A6864770}.Debug|x86.ActiveCfg = Debug|x86
		{875B89CE-DFE6-41C8-8725-0862A6864770}.Debug|x86.Build.0 = Debug|x86
		{875B89CE-DFE6-41C8-8725-0862A6864770}.Release|x64.ActiveCfg = Release|x64
		{875B89CE-DFE6-41C8-8725-0862A6864770}.Release|x64.Build.0 = Release|x64
		{875B89CE-DFE6-41C8-8725-0862A6864770}.Release|x86.ActiveCfg = Release|x86
		{875B89CE-DFE6-41C8-8725-0862A6864770}.Release|x86.Build.0 = Release|x86
		{48EE3E82-C0D6-4277-90D5-B241B7D18BFA}.Debug|x64.ActiveCfg = Debug|x64
		{48EE3E82-C0D6-4277-90D5-B241B7D18BFA}.Debug|x64.Build.0 = Debug|x64
		{48EE3E82-C0D6-4277-90D5-B241B7D18BFA}.Debug|x86.ActiveCfg = Debug|x86
		{48EE3E82-C0D6-4277-90D5-B241B7D18BFA}.Debug|x86.Build.0 = Debug|x86
		{48EE3E82-C0D6-4277-90D5-B241B7D18BFA}.Release|x64.ActiveCfg = Release|x64
		{48EE3E82-C0D6-4277-90D5-B241B7D18BFA}.Release|x64.Build.0 = Release|x64
		{48EE3E82-C0D6-4277-90D5-B241B7D18BFA}.Release|x86.ActiveCfg = Release|x86
		{48EE3E82-C0D6-4277-90D5-B241B7D18BFA}.Release|x86.Build.0 = Release|x86
		{C2ABCC05-7F51-464C-AA19-D6D0FDAB27C9}.Debug|x64.ActiveCfg = Debug|x64
		{C2ABCC05-7F51-464C-AA19-D6D0FDAB27C9}.Debug|x64.Build.0 = Debug|x64
		{C2ABCC05-7F51-464C-AA19-D6D0FDAB27C9}.Debug|x86.ActiveCfg = Debug|x86
		{C2ABCC05-7F51-464C-AA19-D6D0FDAB27C9}.Debug|x86.Build.0 = Debug|x86
		{C2ABCC05-7F51-464C-AA19-D6D0FDAB27C9}.Release|x64.ActiveCfg = Release|x64
		{C2ABCC05-7F51-464C-AA19-D6D0FDAB27C9}.Release|x64.Build.0 = Release|x64
		{C2ABCC05-7F51-464C-AA19-D6D0FDAB27C9}.Release|x86.ActiveCfg = Release|x86
		{C2ABCC05-7F51-464C-AA19-D6D0FDAB27C9}.Release|x86.Build.0 = Release|x86
		{CCC90D65-5E44-469E-93CB-669CAA0DA797}.Debug|x64.ActiveCfg = Debug|x64
		{CCC90D65-5E44-469E-93CB-669CAA0DA797}.Debug|x64.Build.0 = Debug|x64
		{CCC90D65-5E44-469E-93CB-669CAA0DA797}.Debug|x86.ActiveCfg = Debug|x86
		{CCC90D65-5E44-469E-93CB-669CAA0DA797}.Debug|x86.Build.0 = Debug|x86
		{CCC90D65-5E44-469E-93CB-669CAA0DA797}.Release|x64.ActiveCfg = Release|x64
		{CCC90D65-5E44-469E-93CB-669CAA0DA797}.Release|x64.Build.0 = Release|x64
		{CCC90D65-5E44-469E-93CB-669CAA0DA797}.Release|x86.ActiveCfg = Release|x86
		{CCC90D65-5E44-469E-93CB-669CAA0DA797}.Release|x86.Build.0 = Release|x86
		{F7A2E0F7-774C-4090-93D5-C6950D817FCC}.Debug|x64.ActiveCfg = Debug|x64
		{F7A2E0F7-774C-4090-93D5-C6950D817FCC}.Debug|x64.Build.0 = Debug|x64
		{F7A2E0F7-774C-4090-93D5-C6950D817FCC}.Debug|x86.ActiveCfg = Debug|x86
		{F7A2E0F7-774C-4090-93D5-C6950D817FCC}.Debug|x86.Build.0 = Debug|x86
		{F7A2E0F7-774C-4090-93D5-C6950D817FCC}.Release|x64.ActiveCfg = Release|x64
		{F7A2E0F7-774C-4090-93D5-C6950D817FCC}.Release|x64.Build.0 = Release|x64
		{F7A2E0F7-774C-4090-93D5-C6950D817FCC}.Release|x86.ActiveCfg = Release|x86
		{F7A2E0F7-774C-4090-93D5-C6950D817FCC}.Release|x86.Build.0 = Release|x86
		{00BDB84C-4207-4893-95D7-EA5CB573A4DA}.Debug|x64.ActiveCfg = Debug|x64
		{00BDB84C-4207-4893-95D7-EA5CB573A4DA}.Debug|x64.Build.0 = Debug|x64
		{00BDB84C-4207-4893-95D7-EA5CB573A4DA}.Debug|x86.ActiveCfg = Debug|x86
		{00BDB84C-4207-4893-95D7-EA5CB573A4DA}.Debug|x86.Build.0 = Debug|x86
		{00BDB84C-4207-4893-95D7-EA5CB573A4DA}.Release|x64.ActiveCfg = Release|x64
		{00BDB84C-4207-4893-95D7-EA5CB573A4DA}.Release|x64.Build.0 = Release|x64
		{00BDB84C-4207-4893-95D7-EA5CB573A4DA}.Release|x86.ActiveCfg = Release|x86
		{00BDB84C-4207-4893-95D7-EA5CB573A4DA}.Release|x86.Build.0 = Release|x86
		{958B6A4A-588C-42A6-A097-3F034DA5D382}.Debug|x64.ActiveCfg = Debug|x64
		{958B6A4A-588C-42A6-A097-3F034DA5D382}.Debug|x64.Build.0 = Debug|x64
		{958B6A4A-588C-42A6-A097-3F034DA5D382}.Debug|x86.ActiveCfg = Debug|x86
		{958B6A4A-588C-42A6-A097-3F034DA5D382}.Debug|x86.Build.0 = Debug|x86
		{958B6A4A-588C-42A6-A097-3F034DA5D382}.Release|x64.ActiveCfg = Release|x64
		{958B6A4A-588C-42A6-A097-3F034DA5D382}.Release|x64.Build.0 = Release|x64
		{958B6A4A-588C-42A6-A097-3F034DA5D382}.Release|x86.ActiveCfg = Release|x86
		{958B6A4A-588C-42A6-A097-3F034DA5D382}.Release|x86.Build.0 = Release|x86
		{2BE2670F-E8AD-498E-8FF7-FEBE2B38D513}.Debug|x64.ActiveCfg = Debug|x64
		{2BE2670F-E8AD-498E-8FF7-FEBE2B38D513}.Debug|x64.Build.0 = Debug|x64
		{2BE2670F-E8AD-498E-8FF7-FEBE2B38D513}.Debug|x86.ActiveCfg = Debug|x86
		{2BE2670F-E8AD-498E-8FF7-FEBE2B38D513}.Debug|x86.Build.0 = Debug|x86
		{2BE2670F-E8AD-498E-8FF7-FEBE2B38D513}.Release|x64.ActiveCfg = Release|x64
		{2BE2670F-E8AD-498E-8FF7-FEBE2B38D513}.Release|x64.Build.0 = Release|x64
		{2BE2670F-E8AD-498E-8FF7-FEBE2B38D513}.Release|x86.ActiveCfg = Release|x86
		{2BE2670F-E8AD-498E-8FF7-FEBE2B38D513}.Release|x86.Build.0 = Release|x86
		{10654190-75B8-4CCC-85D2-5CB2FB4E9AF9}.Debug|x64.ActiveCfg = Debug|x64
		{10654190-75B8-4CCC-85D2-5CB2FB4E9AF9}.Debug|x64.Build.0 = Debug|x64
		{10654190-75B8-4CCC-85D2-5CB2FB4E9AF9}.Debug|x86.ActiveCfg = Debug|x86
		{10654190-75B8-4CCC-85D2-5CB2FB4E9AF9}.Debug|x86.Build.0 = Debug|x86
		{10654190-75B8-4CCC-85D2-5CB2FB4E9AF9}.Release|x64.ActiveCfg = Release|x64
		{10654190-75B8-4CCC-85D2-5CB2FB4E9AF9}.Release|x64.Build.0 = Release|x64
		{10654190-75B8-4CCC-85D2-5CB2FB4E9AF9}.Release|x86.ActiveCfg = Release|x86
		{10654190-75B8-4CCC-85D2-5CB2FB4E9AF9}.Release|x86.Build.0 = Release|x86
		{B260E25E-E88E-48C6-AF6B-077D07D9F6C5}.Debug|x64.ActiveCfg = Debug|x64
		{B260E25E-E88E-48C6-AF6B-077D07D9F6C5}.Debug|x64.Build.0 = Debug|x64
		{B260E25E-E88E-48C6-AF6B-077D07D9F6C5}.Debug|x86.ActiveCfg = Debug|x86
		{B260E25E-E88E-48C6-AF6B-077D07D9F6C5}.Debug|x86.Build.0 = Debug|x86
		{B260E25E-E88E-48C6-AF6B-077D07D9F6C5}.Release|x64.ActiveCfg = Release|x64
		{B260E25E-E88E-48C6-AF6B-077D07D9F6C5}.Release|x64.Build.0 = Release|x64
		{B260E25E-E88E-48C6-AF6B-077D07D9F6C5}.Release|x86.ActiveCfg = Release|x86
		{B260E25E-E88E-48C6-AF6B-077D07D9F6C5}.Release|x86.Build.0 = Release|x86
		{BF5F0F4A-FC28-42AF-A14E-62FAC648A596}.Debug|x64.ActiveCfg = Debug|x64
		{BF5F0F4A-FC28-42AF-A14E-62FAC648A596}.Debug|x64.Build.0 = Debug|x64
		{BF5F0F4A-FC28-42AF-A14E-62FAC648A596}.Debug|x86.ActiveCfg = Debug|x86
		{BF5F0F4A-FC28-42AF-A14E-62FAC648A596}.Debug|x86.Build.0 = Debug|x86
		{BF5F0F4A-FC28-42AF-A14E-62FAC648A596}.Release|x64.ActiveCfg = Release|x64
		{BF5F0F4A-FC28-42AF-A14E-62FAC648A596}.Release|x64.Build.0 = Release|x64
		{BF5F0F4A-FC28-42AF-A14E-62FAC648A596}.Release|x86.ActiveCfg = Release|x86
		{BF5F0F4A-FC28-42AF-A14E-62FAC648A596}.Release|x86.Build.0 = Release|x86
		{53D75B19-8205-43D9-988D-B1EACE8D3DF1}.Debug|x64.ActiveCfg = Debug|x64
		{53D75B19-8205-43D9-988D-B1EACE8D3DF1}.Debug|x64.Build.0 = Debug|x64
		{53D75B19-8205-43D9-988D-B1EACE8D3DF1}.Debug|x86.ActiveCfg = Debug|x86
		{53D75B19-8205-43D9-988D-B1EACE8D3DF1}.Debug|x86.Build.0 = Debug|x86
		{53D75B19-8205-43D9-988D-B1EACE8D3DF1}.Release|x64.ActiveCfg = Release|x64
		{53D75B19-8205-43D9-988D-B1EACE8D3DF1}.Release|x64.Build.0 = Release|x64
		{53D75B19-8205-43D9-988D-B1EACE8D3DF1}.Release|x86.ActiveCfg = Release|x86
		{53D75B19-8205-43D9-988D-B1EACE8D3DF1}.Release|x86.Build.0 = Release|x86
		{D0BF86C2-BA9F-47B3-8F0A-19B78BB9242C}.Debug|x64.ActiveCfg = Debug|x64
		{D0BF86C2-BA9F-47B3-8F0A-19B78BB9242C}.Debug|x64.Build.0 = Debug|x64
		{D0BF86C2-BA9F-47B3-8F0A-19B78BB9242C}.Debug|x86.ActiveCfg = Debug|x86
		{D0BF86C2-BA9F-47B3-8F0A-19B78BB9242C}.Debug|x86.Build.0 = Debug|x86
		{D0BF86C2-BA9F-47B3-8F0A-19B78BB9242C}.Release|x64.ActiveCfg = Release|x64
		{D0BF86C2-BA9F-47B3-8F0A-19B78BB9242C}.Release|x64.Build.0 = Release|x64
		{D0BF86C2-BA9F-47B3-8F0A-19B78BB9242C}.Release|x86.ActiveCfg = Release|x86
		{D0BF86C2-BA9F-47B3-8F0A-19B78BB9242C}.Release|x86.Build.0 = Release|x86
		{15A2F177-A7AC-4C8D-90E1-222DDCDC8B41}.Debug|x64.ActiveCfg = Debug|x64
		{15A2F177-A7AC-4C8D-90E1-222DDCDC8B41}.Debug|x64.Build.0 = Debug|x64
		{15A2F177-A7AC-4C8D-90E1-222DDCDC8B41}.Debug|x86.ActiveCfg = Debug|x86
		{15A2F177-A7AC-4C8D-90E1-222DDCDC8B41}.Debug|x86.Build.0 = Debug|x86
		{15A2F177-A7AC-4C8D-90E1-222DDCDC8B41}.Release|x64.ActiveCfg = Release|x64
		{15A2F177-A7AC-4C8D-90E1-222DDCDC8B41}.Release|x64.Build.0 = Release|x64
		{15A2F177-A7AC-4C8D-90E1-222DDCDC8B41}.Release|x86.ActiveCfg = Release|x86
		{15A2F177-A7AC-4C8D-90E1-222DDCDC8B41}.Release|x86.Build.0 = Release|x86
		{01301CD1-A5AC-4E4C-A680-29F0DF8BE6E4}.Debug|x64.ActiveCfg = Debug|x64
		{01301CD1-A5AC-4E4C-A680-29F0DF8BE6E4}.Debug|x64.Build.0 = Debug|x64
		{01301CD1-A5AC-4E4C-A680-29F0DF8BE6E4}.Debug|x86.ActiveCfg = Debug|x86
		{01301CD1-A5AC-4E4C-A680-29F0DF8BE6E4}.Debug|x86.Build.0 = Debug|x86
		{01301CD1-A5AC-4E4C-A680-29F0DF8BE6E4}.Release|x64.ActiveCfg = Release|x64
		{01301CD1-A5AC-4E4C-A680-29F0DF8BE6E4}.Release|x64.Build.0 = Release|x64
		{01301CD1-A5AC-4E4C-A680-29F0DF8BE6E4}.Release|x86.ActiveCfg = Release|x86
		{01301CD1-A5AC-4E4C-A680-29F0DF8BE6E4}.Release|x86.Build.0 = Release|x86
		{B07E0BEB-2E30-4B39-947F-EB6D80B3777D}.Debug|x64.ActiveCfg = Debug|x64
		{B07E0BEB-2E30-4B39-947F-EB6D80B3777D}.Debug|x64.Build.0 = Debug|x64
		{B07E0BEB-2E30-4B39-947F-EB6D80B3777D}.Debug|x86.ActiveCfg = Debug|x86
		{B07E0BEB-2E30-4B39-947F-EB6D80B3777D}.Debug|x86.Build.0 = Debug|x86
		{B07E0BEB-2E30-4B39-947F-EB6D80B3777D}.Release|x64.ActiveCfg = Release|x64
		{B07E0BEB-2E30-4B39-947F-EB6D80B3777D}.Release|x64.Build.0 = Release|x64
		{B07E0BEB-2E30-4B39-947F-EB6D80B3777D}.Release|x86.ActiveCfg = Release|x86
		{B07E0BEB-2E30-4B39-947F-EB6D80B3777D}.Release|x86.Build.0 = Release|x86
		{4F5AAB41-50F9-4050-8C38-6519A989DAB9}.Debug|x64.ActiveCfg = Debug|x64
		{4F5AAB41-50F9-4050-8C38-6519A989DAB9}.Debug|x64.Build.0 = Debug|x64
		{4F5AAB41-50F9-4050-8C38-6519A989DAB9}.Debug|x86.ActiveCfg = Debug|x86
		{4F5AAB41-50F9-4050-8C38-6519A989DAB9}.Debug|x86.Build.0 = Debug|x86
		{4F5AAB41-50F9-4050-8C38-6519A989DAB9}.Release|x64.ActiveCfg = Release|x64
		{4F5AAB41-50F9-4050-8C38-6519A989DAB9}.Release|x64.Build.0 = Release|x64
		{4F5AAB41-50F9-4050-8C38-6519A989DAB9}.Release|x86.ActiveCfg = Release|x86
		{4F5AAB41-50F9-4050-8C38-6519A989DAB9}.Release|x86.Build.0 = Release|x86
		{4BE98381-62DE-40B4-919F-0B78A012CD4C}.Debug|x64.ActiveCfg = Debug|x64
		{4BE98381-62DE-40B4-919F-0B78A012CD4C}.Debug|x64.Build.0 = Debug|x64
		{4BE98381-62DE-40B4-919F-0B78A012CD4C}.Debug|x86.ActiveCfg = Debug|x86
		{4BE98381-62DE-40B4-919F-0B78A012CD4C}.Debug|x86.Build.0 = Debug|x86
		{4BE98381-62DE-40B4-919F-0B78A012CD4C}.Release|x64.ActiveCfg = Release|x64
		{4BE98381-62DE-40B4-919F-0B78A012CD4C}.Release|x64.Build.0 = Release|x64
		{4BE98381-62DE-40B4-919F-0B78A012CD4C}.Release|x86.ActiveCfg = Release|x86
		{4BE98381-62DE-40B4-919F-0B78A012CD4C}.Release|x86.Build.0 = Release|x86
	EndGlobalSection
	GlobalSection(SolutionProperties) = preSolution
		HideSolutionNode = FALSE
	EndGlobalSection
	GlobalSection(ExtensibilityGlobals) = postSolution
		SolutionGuid = {B6DC34BB-3AC3-4F22-A4E1-4A5FDDAFBA71}
	EndGlobalSection
EndGlobal
