
Microsoft Visual Studio Solution File, Format Version 12.00
# Visual Studio Version 17
VisualStudioVersion = 17.6.33717.318
MinimumVisualStudioVersion = 10.0.40219.1
Project("{FAE04EC0-301F-11D3-BF4B-00C04F79EFBC}") = "Problem_92", "Problem_92\Problem_92.csproj", "{E95C402A-CAB1-446B-895F-EB2E621CF44C}"
EndProject
Project("{FAE04EC0-301F-11D3-BF4B-00C04F79EFBC}") = "Problem_143", "Problem_143\Problem_143.csproj", "{0C29DD2A-91DC-4182-9BD5-1283597A7010}"
EndProject
Project("{FAE04EC0-301F-11D3-BF4B-00C04F79EFBC}") = "Problem_155", "Problem_155\Problem_155.csproj", "{875B89CE-DFE6-41C8-8725-0862A6864770}"
EndProject
Project("{FAE04EC0-301F-11D3-BF4B-00C04F79EFBC}") = "Problem_150", "Problem_150\Problem_150.csproj", "{48EE3E82-C0D6-4277-90D5-B241B7D18BFA}"
EndProject
Project("{FAE04EC0-301F-11D3-BF4B-00C04F79EFBC}") = "Problem_23", "Problem_23\Problem_23.csproj", "{C2ABCC05-7F51-464C-AA19-D6D0FDAB27C9}"
EndProject
Project("{FAE04EC0-301F-11D3-BF4B-00C04F79EFBC}") = "Problem_4", "Problem_4\Problem_4.csproj", "{CCC90D65-5E44-469E-93CB-669CAA0DA797}"
EndProject
Project("{FAE04EC0-301F-11D3-BF4B-00C04F79EFBC}") = "Problem_71", "Problem_71\Problem_71.csproj", "{F7A2E0F7-774C-4090-93D5-C6950D817FCC}"
EndProject
Project("{FAE04EC0-301F-11D3-BF4B-00C04F79EFBC}") = "Problem_1", "Problem_1\Problem_1.csproj", "{00BDB84C-4207-4893-95D7-EA5CB573A4DA}"
EndProject
Project("{FAE04EC0-301F-11D3-BF4B-00C04F79EFBC}") = "Problem_128", "Problem_128\Problem_128.csproj", "{958B6A4A-588C-42A6-A097-3F034DA5D382}"
EndProject
Project("{FAE04EC0-301F-11D3-BF4B-00C04F79EFBC}") = "Problem_49", "Problem_49\Problem_49.csproj", "{2BE2670F-E8AD-498E-8FF7-FEBE2B38D513}"
EndProject
Project("{FAE04EC0-301F-11D3-BF4B-00C04F79EFBC}") = "Problem_347", "Problem_347\Problem_347.csproj", "{10654190-75B8-4CCC-85D2-5CB2FB4E9AF9}"
EndProject
Project("{FAE04EC0-301F-11D3-BF4B-00C04F79EFBC}") = "Problem_9", "Problem_9\Problem_9.csproj", "{B260E25E-E88E-48C6-AF6B-077D07D9F6C5}"
EndProject
Project("{FAE04EC0-301F-11D3-BF4B-00C04F79EFBC}") = "Problem_2", "Problem_2\Problem_2.csproj", "{BF5F0F4A-FC28-42AF-A14E-62FAC648A596}"
EndProject
Project("{FAE04EC0-301F-11D3-BF4B-00C04F79EFBC}") = "Problem_217", "Problem_217\Problem_217.csproj", "{53D75B19-8205-43D9-988D-B1EACE8D3DF1}"
EndProject
Project("{FAE04EC0-301F-11D3-BF4B-00C04F79EFBC}") = "Problem_242", "Problem_242\Problem_242.csproj", "{D0BF86C2-BA9F-47B3-8F0A-19B78BB9242C}"
EndProject
Project("{FAE04EC0-301F-11D3-BF4B-00C04F79EFBC}") = "Problem_68", "Problem_68\Problem_68.csproj", "{15A2F177-A7AC-4C8D-90E1-222DDCDC8B41}"
EndProject
Project("{FAE04EC0-301F-11D3-BF4B-00C04F79EFBC}") = "Problem_1732", "Problem_1732\Problem_1732.csproj", "{01301CD1-A5AC-4E4C-A680-29F0DF8BE6E4}"
EndProject
Project("{FAE04EC0-301F-11D3-BF4B-00C04F79EFBC}") = "Problem_20", "Problem_20\Problem_20.csproj", "{B07E0BEB-2E30-4B39-947F-EB6D80B3777D}"
EndProject
Project("{FAE04EC0-301F-11D3-BF4B-00C04F79EFBC}") = "Problem_2090", "Problem_2090\Problem_2090.csproj", "{4F5AAB41-50F9-4050-8C38-6519A989DAB9}"
EndProject
Project("{FAE04EC0-301F-11D3-BF4B-00C04F79EFBC}") = "Problem_1929", "Problem_1929\Problem_1929.csproj", "{4BE98381-62DE-40B4-919F-0B78A012CD4C}"
EndProject
Project("{FAE04EC0-301F-11D3-BF4B-00C04F79EFBC}") = "Problem_2448", "Problem_2448\Problem_2448.csproj", "{F67A3247-93EF-4CDF-918C-35566B8D6695}"
EndProject
Project("{FAE04EC0-301F-11D3-BF4B-00C04F79EFBC}") = "Problem_1299", "Problem_1299\Problem_1299.csproj", "{CF6F1D69-8456-449D-B5ED-69551BEE7CE6}"
EndProject
Project("{FAE04EC0-301F-11D3-BF4B-00C04F79EFBC}") = "Problem_238", "Problem_238\Problem_238.csproj", "{895075F4-CFC6-4474-A60E-230768064E8A}"
EndProject
Project("{FAE04EC0-301F-11D3-BF4B-00C04F79EFBC}") = "Problem_392", "Problem_392\Problem_392.csproj", "{662FE820-638E-48EA-8EBD-F2EC11AB82A1}"
EndProject
Project("{FAE04EC0-301F-11D3-BF4B-00C04F79EFBC}") = "Problem_1027", "Problem_1027\Problem_1027.csproj", "{376128F5-FCA6-4647-AD85-18FF0BAA16FA}"
EndProject
Project("{FAE04EC0-301F-11D3-BF4B-00C04F79EFBC}") = "Problem_485", "Problem_485\Problem_485.csproj", "{9E483E12-9B23-40C8-A297-CBFB9E265400}"
EndProject
Project("{FAE04EC0-301F-11D3-BF4B-00C04F79EFBC}") = "Problem_1295", "Problem_1295\Problem_1295.csproj", "{F2ED985F-006C-4360-8D2B-7DF347D6A32A}"
EndProject
Project("{FAE04EC0-301F-11D3-BF4B-00C04F79EFBC}") = "Problem_977", "Problem_977\Problem_977.csproj", "{1E1BAEF8-C5C3-4DC0-B2FF-728750398FD2}"
EndProject
Project("{FAE04EC0-301F-11D3-BF4B-00C04F79EFBC}") = "Problem_1089", "Problem_1089\Problem_1089.csproj", "{FBC4FD63-4C97-45E3-BF78-79928CC32538}"
EndProject
Project("{FAE04EC0-301F-11D3-BF4B-00C04F79EFBC}") = "Problem_88", "Problem_88\Problem_88.csproj", "{B6307CA3-D10B-4249-B544-33C50E328E4E}"
EndProject
Project("{FAE04EC0-301F-11D3-BF4B-00C04F79EFBC}") = "Problem_27", "Problem_27\Problem_27.csproj", "{A684C721-FA5B-4F1D-9AE2-52BD9A33EFED}"
EndProject
Project("{FAE04EC0-301F-11D3-BF4B-00C04F79EFBC}") = "Problem_26", "Problem_26\Problem_26.csproj", "{51EED40A-778F-4E59-80FF-26E2BEA3446D}"
EndProject
Project("{FAE04EC0-301F-11D3-BF4B-00C04F79EFBC}") = "Problem_1346", "Problem_1346\Problem_1346.csproj", "{02CA9F76-5ABE-466D-8019-B3D2899EDCF9}"
EndProject
Project("{FAE04EC0-301F-11D3-BF4B-00C04F79EFBC}") = "Problem_941", "Problem_941\Problem_941.csproj", "{136F1B0B-E666-4726-983E-29EF0A79C870}"
EndProject
Project("{FAE04EC0-301F-11D3-BF4B-00C04F79EFBC}") = "Problem_283", "Problem_283\Problem_283.csproj", "{A578CCA7-A2C9-4445-8F6A-4051D43BF453}"
EndProject
Project("{FAE04EC0-301F-11D3-BF4B-00C04F79EFBC}") = "Problem_905", "Problem_905\Problem_905.csproj", "{49938653-CCAE-4AF8-BACA-E168D62C9AA4}"
EndProject
Project("{FAE04EC0-301F-11D3-BF4B-00C04F79EFBC}") = "Problem_1051", "Problem_1051\Problem_1051.csproj", "{114DFECF-D404-48E3-B3DE-66BB0652099B}"
EndProject
Project("{FAE04EC0-301F-11D3-BF4B-00C04F79EFBC}") = "Problem_414", "Problem_414\Problem_414.csproj", "{D297A5B1-8388-4949-B1AB-711ED7BE26BB}"
EndProject
Project("{FAE04EC0-301F-11D3-BF4B-00C04F79EFBC}") = "Problem_448", "Problem_448\Problem_448.csproj", "{9294DD0E-1C5D-4AD0-9EAC-B379B443841E}"
EndProject
Project("{FAE04EC0-301F-11D3-BF4B-00C04F79EFBC}") = "Problem_724", "Problem_724\Problem_724.csproj", "{B4A48E50-07CD-44D9-ABDD-850BC770818C}"
EndProject
Project("{FAE04EC0-301F-11D3-BF4B-00C04F79EFBC}") = "Problem_747", "Problem_747\Problem_747.csproj", "{0EE0493F-10B5-47E1-901D-9F96A9291DC9}"
EndProject
Project("{FAE04EC0-301F-11D3-BF4B-00C04F79EFBC}") = "Problem_66", "Problem_66\Problem_66.csproj", "{2D005E0F-9892-43B0-88F9-CF54A0C8F1F8}"
EndProject
Project("{FAE04EC0-301F-11D3-BF4B-00C04F79EFBC}") = "Problem_498", "Problem_498\Problem_498.csproj", "{4D0055E1-675B-47CD-A19B-46A64AB3AB09}"
EndProject
Project("{FAE04EC0-301F-11D3-BF4B-00C04F79EFBC}") = "Problem_54", "Problem_54\Problem_54.csproj", "{BD24BC12-8901-4912-B0DC-7DB479F34868}"
EndProject
Project("{FAE04EC0-301F-11D3-BF4B-00C04F79EFBC}") = "Problem_118", "Problem_118\Problem_118.csproj", "{13B07CEC-A237-4A7E-A401-F221328070AD}"
EndProject
Project("{FAE04EC0-301F-11D3-BF4B-00C04F79EFBC}") = "Problem_67", "Problem_67\Problem_67.csproj", "{3915FF4A-FDF7-425F-9F8A-8456BBC00027}"
EndProject
Project("{FAE04EC0-301F-11D3-BF4B-00C04F79EFBC}") = "Problem_28", "Problem_28\Problem_28.csproj", "{A724906F-D4E4-4C12-911B-853FFF419708}"
EndProject
Project("{FAE04EC0-301F-11D3-BF4B-00C04F79EFBC}") = "Problem_14", "Problem_14\Problem_14.csproj", "{B46C8233-48B6-40D7-9C45-2EDE333F7959}"
EndProject
Project("{FAE04EC0-301F-11D3-BF4B-00C04F79EFBC}") = "Problem_344", "Problem_344\Problem_344.csproj", "{271F3733-48E2-461D-99FB-EA8F93928748}"
EndProject
Project("{FAE04EC0-301F-11D3-BF4B-00C04F79EFBC}") = "Problem_561", "Problem_561\Problem_561.csproj", "{4B7E0C8F-E189-440C-9A75-F2CA629F9DC9}"
EndProject
Project("{FAE04EC0-301F-11D3-BF4B-00C04F79EFBC}") = "Problem_167", "Problem_167\Problem_167.csproj", "{CAA2F5A0-BE54-4867-84EC-30902ABB774D}"
EndProject
Project("{FAE04EC0-301F-11D3-BF4B-00C04F79EFBC}") = "Problem_209", "Problem_209\Problem_209.csproj", "{434E444C-CCC0-4D8D-A293-BACA8BBAE032}"
EndProject
Project("{FAE04EC0-301F-11D3-BF4B-00C04F79EFBC}") = "Problem_189", "Problem_189\Problem_189.csproj", "{01AB88B5-2A70-4F87-8DA8-41A79378A0E7}"
EndProject
Project("{FAE04EC0-301F-11D3-BF4B-00C04F79EFBC}") = "Problem_119", "Problem_119\Problem_119.csproj", "{CFB70A6F-2827-425F-9157-38CD7AF4E843}"
EndProject
Project("{FAE04EC0-301F-11D3-BF4B-00C04F79EFBC}") = "Problem_151", "Problem_151\Problem_151.csproj", "{4D177981-CA9E-4B6B-A17F-B87DC38FE6DB}"
EndProject
Project("{FAE04EC0-301F-11D3-BF4B-00C04F79EFBC}") = "Problem_557", "Problem_557\Problem_557.csproj", "{537B907F-FED5-459A-81BA-58302E713B05}"
EndProject
Project("{FAE04EC0-301F-11D3-BF4B-00C04F79EFBC}") = "Problem_622", "Problem_622\Problem_622.csproj", "{C5968E45-F39B-4D5E-B2A5-E44F7F9C5B60}"
EndProject
Project("{FAE04EC0-301F-11D3-BF4B-00C04F79EFBC}") = "Problem_200", "Problem_200\Problem_200.csproj", "{79CE5A57-397B-467B-A75E-EA9ABF588066}"
EndProject
Project("{FAE04EC0-301F-11D3-BF4B-00C04F79EFBC}") = "Problem_752", "Problem_752\Problem_752.csproj", "{9AAA44A6-4771-4AF2-AF55-A1CF499107BB}"
EndProject
Project("{FAE04EC0-301F-11D3-BF4B-00C04F79EFBC}") = "Problem_58", "Problem_58\Problem_58.csproj", "{207078A3-FDB2-4CF0-8396-04CB05FAE1BB}"
EndProject
Project("{FAE04EC0-301F-11D3-BF4B-00C04F79EFBC}") = "Problem_929", "Problem_929\Problem_929.csproj", "{2D2A3757-2C6E-4C2B-9009-DC0902ECF9E0}"
EndProject
Project("{FAE04EC0-301F-11D3-BF4B-00C04F79EFBC}") = "Problem_179", "Problem_179\Problem_179.csproj", "{9B53B33F-3236-4FE7-829E-79115DA1DA7B}"
EndProject
Project("{FAE04EC0-301F-11D3-BF4B-00C04F79EFBC}") = "Problem_125", "Problem_125\Problem_125.csproj", "{00686F11-177E-402F-9571-C71E4C675791}"
EndProject
Project("{FAE04EC0-301F-11D3-BF4B-00C04F79EFBC}") = "Problem_680", "Problem_680\Problem_680.csproj", "{35056BAD-41F3-4B8F-987B-91102FAA61E5}"
EndProject
Project("{FAE04EC0-301F-11D3-BF4B-00C04F79EFBC}") = "Problem_1480", "Problem_1480\Problem_1480.csproj", "{49190987-2DB8-44B2-B6C7-F394083B515A}"
EndProject
Project("{FAE04EC0-301F-11D3-BF4B-00C04F79EFBC}") = "Problem_303", "Problem_303\Problem_303.csproj", "{D0E44789-A184-4665-90C0-EAE737065070}"
EndProject
Project("{FAE04EC0-301F-11D3-BF4B-00C04F79EFBC}") = "Problem_206", "Problem_206\Problem_206.csproj", "{36C5143F-40D6-4C46-A444-4B21AA2CE1B6}"
EndProject
Project("{FAE04EC0-301F-11D3-BF4B-00C04F79EFBC}") = "Problem_21", "Problem_21\Problem_21.csproj", "{67ACD427-F0C7-4A1D-A7EE-F5E81176EC87}"
EndProject
Project("{FAE04EC0-301F-11D3-BF4B-00C04F79EFBC}") = "Problem_136", "Problem_136\Problem_136.csproj", "{E1F3366C-29DA-4872-85DD-C0BE31035E30}"
EndProject
Project("{FAE04EC0-301F-11D3-BF4B-00C04F79EFBC}") = "Problem_268", "Problem_268\Problem_268.csproj", "{6AA760BF-2C8F-4A0A-B0D7-C6220681E3D9}"
EndProject
Project("{FAE04EC0-301F-11D3-BF4B-00C04F79EFBC}") = "Problem_202", "Problem_202\Problem_202.csproj", "{814B2865-2F67-4406-9A0C-59A0493C5AFB}"
EndProject
Project("{FAE04EC0-301F-11D3-BF4B-00C04F79EFBC}") = "Problem_141", "Problem_141\Problem_141.csproj", "{EF943C22-AC16-4EF2-B42C-A42181BA0757}"
EndProject
Project("{FAE04EC0-301F-11D3-BF4B-00C04F79EFBC}") = "Problem_11", "Problem_11\Problem_11.csproj", "{5B61A0FE-A31C-4294-8638-90D982E67666}"
EndProject
Project("{FAE04EC0-301F-11D3-BF4B-00C04F79EFBC}") = "Problem_226", "Problem_226\Problem_226.csproj", "{FCBF9983-2DC8-4C77-A839-A38C35D64AB0}"
EndProject
Project("{FAE04EC0-301F-11D3-BF4B-00C04F79EFBC}") = "Problem_1672", "Problem_1672\Problem_1672.csproj", "{E65BA518-A953-4062-A64D-7CF17C045DCD}"
EndProject
Project("{FAE04EC0-301F-11D3-BF4B-00C04F79EFBC}") = "Problem_412", "Problem_412\Problem_412.csproj", "{601BC17C-F2AE-4BB4-ACE7-4A5665451C58}"
EndProject
Project("{FAE04EC0-301F-11D3-BF4B-00C04F79EFBC}") = "Problem_1342", "Problem_1342\Problem_1342.csproj", "{821AF337-5DA3-40AF-A415-5ECD06964CDF}"
EndProject
Project("{FAE04EC0-301F-11D3-BF4B-00C04F79EFBC}") = "Problem_876", "Problem_876\Problem_876.csproj", "{B5B38AA2-C39F-4A19-80F3-AFED3E843449}"
EndProject
Project("{FAE04EC0-301F-11D3-BF4B-00C04F79EFBC}") = "Problem_383", "Problem_383\Problem_383.csproj", "{235B2BCC-9B4F-498D-801F-C1D4715743D1}"
EndProject
Project("{FAE04EC0-301F-11D3-BF4B-00C04F79EFBC}") = "Problem_707", "Problem_707\Problem_707.csproj", "{1BFCF1DC-7264-40BB-A1C2-AEE77CF465BD}"
EndProject
Project("{FAE04EC0-301F-11D3-BF4B-00C04F79EFBC}") = "Problem_142", "Problem_142\Problem_142.csproj", "{44812443-9228-4697-915B-4B3A94F2C120}"
EndProject
Project("{FAE04EC0-301F-11D3-BF4B-00C04F79EFBC}") = "Problem_160", "Problem_160\Problem_160.csproj", "{02913524-ABD5-40ED-9CBE-E547B70B7821}"
EndProject
Project("{FAE04EC0-301F-11D3-BF4B-00C04F79EFBC}") = "Problem_19", "Problem_19\Problem_19.csproj", "{D7D80767-3540-4018-AF7D-5CF2F436D205}"
EndProject
Project("{FAE04EC0-301F-11D3-BF4B-00C04F79EFBC}") = "Problem_203", "Problem_203\Problem_203.csproj", "{729FD856-C0D1-46DA-80EC-E40A87740250}"
EndProject
Project("{FAE04EC0-301F-11D3-BF4B-00C04F79EFBC}") = "Problem_328", "Problem_328\Problem_328.csproj", "{F2D9C75F-9BD0-4202-9064-8B08762D72CD}"
EndProject
Project("{FAE04EC0-301F-11D3-BF4B-00C04F79EFBC}") = "Problem_144", "Problem_144\Problem_144.csproj", "{DC643CDD-9075-48D1-A8E6-0C79BE6A4108}"
EndProject
Project("{FAE04EC0-301F-11D3-BF4B-00C04F79EFBC}") = "Problem_102", "Problem_102\Problem_102.csproj", "{B96ECD20-0E83-424B-A31D-391BDBB2F3E8}"
EndProject
Project("{FAE04EC0-301F-11D3-BF4B-00C04F79EFBC}") = "Problem_104", "Problem_104\Problem_104.csproj", "{BC17251F-FC57-4C7A-9653-3613F4C28E3E}"
EndProject
Project("{FAE04EC0-301F-11D3-BF4B-00C04F79EFBC}") = "Problem_101", "Problem_101\Problem_101.csproj", "{6752A951-E023-42CC-A11D-160159E1620B}"
EndProject
Project("{FAE04EC0-301F-11D3-BF4B-00C04F79EFBC}") = "Problem_705", "Problem_705\Problem_705.csproj", "{A305860D-A2C7-494C-BBFA-C9A8FCBAF3AD}"
EndProject
Project("{FAE04EC0-301F-11D3-BF4B-00C04F79EFBC}") = "Problem_706", "Problem_706\Problem_706.csproj", "{7639D66C-E8EC-4CA3-94EF-BABEE70D7EB5}"
EndProject
Project("{FAE04EC0-301F-11D3-BF4B-00C04F79EFBC}") = "Problem_146", "Problem_146\Problem_146.csproj", "{B138AE38-5883-459C-B621-D164183E1A7B}"
EndProject
Project("{FAE04EC0-301F-11D3-BF4B-00C04F79EFBC}") = "Problem_349", "Problem_349\Problem_349.csproj", "{3AF3ED2F-44AE-4E78-9DEC-415E51B14DFA}"
EndProject
Project("{FAE04EC0-301F-11D3-BF4B-00C04F79EFBC}") = "Problem_112", "Problem_112\Problem_112.csproj", "{39DF7C80-D924-41E3-8AB3-ED4D3EEE5932}"
EndProject
Project("{FAE04EC0-301F-11D3-BF4B-00C04F79EFBC}") = "Problem_205", "Problem_205\Problem_205.csproj", "{DB405C80-26D4-4501-AB02-4E64770D4B60}"
EndProject
Project("{FAE04EC0-301F-11D3-BF4B-00C04F79EFBC}") = "Problem_599", "Problem_599\Problem_599.csproj", "{5345DD61-6174-4220-BCC8-A564556031CC}"
EndProject
Project("{FAE04EC0-301F-11D3-BF4B-00C04F79EFBC}") = "Problem_387", "Problem_387\Problem_387.csproj", "{594F1EF3-5452-4F51-BF54-AF79E2FB572B}"
EndProject
Project("{FAE04EC0-301F-11D3-BF4B-00C04F79EFBC}") = "Problem_106", "Problem_106\Problem_106.csproj", "{0D1A2EE6-7508-4506-96BF-2CF8573D5A84}"
EndProject
Project("{FAE04EC0-301F-11D3-BF4B-00C04F79EFBC}") = "Problem_350", "Problem_350\Problem_350.csproj", "{0118E090-4D7A-4396-859C-2F50C1CDE801}"
EndProject
Project("{FAE04EC0-301F-11D3-BF4B-00C04F79EFBC}") = "Problem_219", "Problem_219\Problem_219.csproj", "{CF42B0F6-6E03-43C8-9263-0BE6BB4B8A51}"
EndProject
Project("{FAE04EC0-301F-11D3-BF4B-00C04F79EFBC}") = "Problem_36", "Problem_36\Problem_36.csproj", "{F3D6BA03-F180-41DE-831F-086B2610CE97}"
EndProject
Project("{FAE04EC0-301F-11D3-BF4B-00C04F79EFBC}") = "Problem_100", "Problem_100\Problem_100.csproj", "{B17FFDD7-6ED3-4674-A1DF-FB194183F610}"
EndProject
Project("{FAE04EC0-301F-11D3-BF4B-00C04F79EFBC}") = "Problem_169", "Problem_169\Problem_169.csproj", "{CADE7875-AC71-4D47-8F4D-42F81BDD7F9D}"
EndProject
Project("{FAE04EC0-301F-11D3-BF4B-00C04F79EFBC}") = "Problem_80", "Problem_80\Problem_80.csproj", "{CF0F1DE2-044A-4E3E-8D49-875B801CB180}"
EndProject
Project("{FAE04EC0-301F-11D3-BF4B-00C04F79EFBC}") = "Problem_108", "Problem_108\Problem_108.csproj", "{022F36AF-5BE7-4FFD-875E-17704FC04DED}"
EndProject
Project("{FAE04EC0-301F-11D3-BF4B-00C04F79EFBC}") = "Problem_2367", "Problem_2367\Problem_2367.csproj", "{8BE4A191-12E1-4119-8C77-94118AE96C8E}"
EndProject
Project("{FAE04EC0-301F-11D3-BF4B-00C04F79EFBC}") = "Problem_13", "Problem_13\Problem_13.csproj", "{460EE29E-F432-453B-8C91-A69B6FBAB49C}"
EndProject
Project("{FAE04EC0-301F-11D3-BF4B-00C04F79EFBC}") = "Problem_1379", "Problem_1379\Problem_1379.csproj", "{1B379AF1-00A0-4A80-88AD-F205B4DA1CC9}"
EndProject
Project("{FAE04EC0-301F-11D3-BF4B-00C04F79EFBC}") = "Problem_24", "Problem_24\Problem_24.csproj", "{AAE85C1A-539C-436A-82D4-44C612D6AD1A}"
EndProject
Project("{FAE04EC0-301F-11D3-BF4B-00C04F79EFBC}") = "Problem_2215", "Problem_2215\Problem_2215.csproj", "{BA78F31C-2455-4B18-A326-22A6EDC38854}"
EndProject
Project("{FAE04EC0-301F-11D3-BF4B-00C04F79EFBC}") = "Problem_234", "Problem_234\Problem_234.csproj", "{D75BFEF8-3FBD-4AD7-9740-34A089EBC296}"
EndProject
Project("{FAE04EC0-301F-11D3-BF4B-00C04F79EFBC}") = "Problem_852", "Problem_852\Problem_852.csproj", "{2AA7BA95-971A-43AC-B40F-4969BDA65854}"
EndProject
Project("{FAE04EC0-301F-11D3-BF4B-00C04F79EFBC}") = "Problem_70", "Problem_70\Problem_70.csproj", "{56D84642-25AD-42EC-90D4-5AC674714067}"
EndProject
Project("{FAE04EC0-301F-11D3-BF4B-00C04F79EFBC}") = "Problem_35", "Problem_35\Problem_35.csproj", "{FB033809-6F6C-4167-86B3-ED3BBC8819EE}"
EndProject
Project("{FAE04EC0-301F-11D3-BF4B-00C04F79EFBC}") = "Problem_605", "Problem_605\Problem_605.csproj", "{3162A9B2-6388-4661-8B83-D7ABFEFB486C}"
EndProject
Project("{FAE04EC0-301F-11D3-BF4B-00C04F79EFBC}") = "Problem_496", "Problem_496\Problem_496.csproj", "{B3A68331-90C8-4998-B173-9C6F3D76EFBD}"
EndProject
Project("{FAE04EC0-301F-11D3-BF4B-00C04F79EFBC}") = "Problem_1822", "Problem_1822\Problem_1822.csproj", "{CB0114E8-6458-4D32-AC20-BAC7FDFAB8AB}"
EndProject
Project("{FAE04EC0-301F-11D3-BF4B-00C04F79EFBC}") = "Problem_430", "Problem_430\Problem_430.csproj", "{10ED6486-4555-4534-A450-C3FA6623F90B}"
EndProject
Project("{FAE04EC0-301F-11D3-BF4B-00C04F79EFBC}") = "Problem_138", "Problem_138\Problem_138.csproj", "{C9B6FFD8-DEC1-47EE-BD48-9CEFA311FC6D}"
EndProject
Project("{FAE04EC0-301F-11D3-BF4B-00C04F79EFBC}") = "Problem_61", "Problem_61\Problem_61.csproj", "{2ADE0A22-9E08-4B39-A21A-1446EF7A015B}"
EndProject
Project("{FAE04EC0-301F-11D3-BF4B-00C04F79EFBC}") = "Problem_771", "Problem_771\Problem_771.csproj", "{DAEA4251-4036-48DD-B8CE-BDE2B08D489F}"
EndProject
Project("{FAE04EC0-301F-11D3-BF4B-00C04F79EFBC}") = "Problem_652", "Problem_652\Problem_652.csproj", "{7D28C0E6-88B5-470A-B76D-3B86E0F211BE}"
EndProject
Project("{FAE04EC0-301F-11D3-BF4B-00C04F79EFBC}") = "Problem_83", "Problem_83\Problem_83.csproj", "{7F53D299-FC30-43CC-9C8B-521A14724A64}"
EndProject
Project("{FAE04EC0-301F-11D3-BF4B-00C04F79EFBC}") = "Problem_110", "Problem_110\Problem_110.csproj", "{59B1FC47-BA78-427E-9BA0-21AC8D975521}"
EndProject
Project("{FAE04EC0-301F-11D3-BF4B-00C04F79EFBC}") = "Problem_3", "Problem_3\Problem_3.csproj", "{901E4EE7-468B-4641-89BC-3C2325175917}"
EndProject
Project("{FAE04EC0-301F-11D3-BF4B-00C04F79EFBC}") = "Problem_6", "Problem_6\Problem_6.csproj", "{1756CDB0-14CB-4AFC-AD93-6B6B6C20E6F1}"
EndProject
Project("{FAE04EC0-301F-11D3-BF4B-00C04F79EFBC}") = "Problem_8", "Problem_8\Problem_8.csproj", "{95C30588-2D25-4105-96E4-AA14CA36B1FF}"
EndProject
Global
	GlobalSection(SolutionConfigurationPlatforms) = preSolution
		Debug|x64 = Debug|x64
		Debug|x86 = Debug|x86
		Release|x64 = Release|x64
		Release|x86 = Release|x86
	EndGlobalSection
	GlobalSection(ProjectConfigurationPlatforms) = postSolution
		{E95C402A-CAB1-446B-895F-EB2E621CF44C}.Debug|x64.ActiveCfg = Debug|x64
		{E95C402A-CAB1-446B-895F-EB2E621CF44C}.Debug|x64.Build.0 = Debug|x64
		{E95C402A-CAB1-446B-895F-EB2E621CF44C}.Debug|x86.ActiveCfg = Debug|x86
		{E95C402A-CAB1-446B-895F-EB2E621CF44C}.Debug|x86.Build.0 = Debug|x86
		{E95C402A-CAB1-446B-895F-EB2E621CF44C}.Release|x64.ActiveCfg = Release|x64
		{E95C402A-CAB1-446B-895F-EB2E621CF44C}.Release|x64.Build.0 = Release|x64
		{E95C402A-CAB1-446B-895F-EB2E621CF44C}.Release|x86.ActiveCfg = Release|x86
		{E95C402A-CAB1-446B-895F-EB2E621CF44C}.Release|x86.Build.0 = Release|x86
		{0C29DD2A-91DC-4182-9BD5-1283597A7010}.Debug|x64.ActiveCfg = Debug|x64
		{0C29DD2A-91DC-4182-9BD5-1283597A7010}.Debug|x64.Build.0 = Debug|x64
		{0C29DD2A-91DC-4182-9BD5-1283597A7010}.Debug|x86.ActiveCfg = Debug|x86
		{0C29DD2A-91DC-4182-9BD5-1283597A7010}.Debug|x86.Build.0 = Debug|x86
		{0C29DD2A-91DC-4182-9BD5-1283597A7010}.Release|x64.ActiveCfg = Release|x64
		{0C29DD2A-91DC-4182-9BD5-1283597A7010}.Release|x64.Build.0 = Release|x64
		{0C29DD2A-91DC-4182-9BD5-1283597A7010}.Release|x86.ActiveCfg = Release|x86
		{0C29DD2A-91DC-4182-9BD5-1283597A7010}.Release|x86.Build.0 = Release|x86
		{875B89CE-DFE6-41C8-8725-0862A6864770}.Debug|x64.ActiveCfg = Debug|x64
		{875B89CE-DFE6-41C8-8725-0862A6864770}.Debug|x64.Build.0 = Debug|x64
		{875B89CE-DFE6-41C8-8725-0862A6864770}.Debug|x86.ActiveCfg = Debug|x86
		{875B89CE-DFE6-41C8-8725-0862A6864770}.Debug|x86.Build.0 = Debug|x86
		{875B89CE-DFE6-41C8-8725-0862A6864770}.Release|x64.ActiveCfg = Release|x64
		{875B89CE-DFE6-41C8-8725-0862A6864770}.Release|x64.Build.0 = Release|x64
		{875B89CE-DFE6-41C8-8725-0862A6864770}.Release|x86.ActiveCfg = Release|x86
		{875B89CE-DFE6-41C8-8725-0862A6864770}.Release|x86.Build.0 = Release|x86
		{48EE3E82-C0D6-4277-90D5-B241B7D18BFA}.Debug|x64.ActiveCfg = Debug|x64
		{48EE3E82-C0D6-4277-90D5-B241B7D18BFA}.Debug|x64.Build.0 = Debug|x64
		{48EE3E82-C0D6-4277-90D5-B241B7D18BFA}.Debug|x86.ActiveCfg = Debug|x86
		{48EE3E82-C0D6-4277-90D5-B241B7D18BFA}.Debug|x86.Build.0 = Debug|x86
		{48EE3E82-C0D6-4277-90D5-B241B7D18BFA}.Release|x64.ActiveCfg = Release|x64
		{48EE3E82-C0D6-4277-90D5-B241B7D18BFA}.Release|x64.Build.0 = Release|x64
		{48EE3E82-C0D6-4277-90D5-B241B7D18BFA}.Release|x86.ActiveCfg = Release|x86
		{48EE3E82-C0D6-4277-90D5-B241B7D18BFA}.Release|x86.Build.0 = Release|x86
		{C2ABCC05-7F51-464C-AA19-D6D0FDAB27C9}.Debug|x64.ActiveCfg = Debug|x64
		{C2ABCC05-7F51-464C-AA19-D6D0FDAB27C9}.Debug|x64.Build.0 = Debug|x64
		{C2ABCC05-7F51-464C-AA19-D6D0FDAB27C9}.Debug|x86.ActiveCfg = Debug|x86
		{C2ABCC05-7F51-464C-AA19-D6D0FDAB27C9}.Debug|x86.Build.0 = Debug|x86
		{C2ABCC05-7F51-464C-AA19-D6D0FDAB27C9}.Release|x64.ActiveCfg = Release|x64
		{C2ABCC05-7F51-464C-AA19-D6D0FDAB27C9}.Release|x64.Build.0 = Release|x64
		{C2ABCC05-7F51-464C-AA19-D6D0FDAB27C9}.Release|x86.ActiveCfg = Release|x86
		{C2ABCC05-7F51-464C-AA19-D6D0FDAB27C9}.Release|x86.Build.0 = Release|x86
		{CCC90D65-5E44-469E-93CB-669CAA0DA797}.Debug|x64.ActiveCfg = Debug|x64
		{CCC90D65-5E44-469E-93CB-669CAA0DA797}.Debug|x64.Build.0 = Debug|x64
		{CCC90D65-5E44-469E-93CB-669CAA0DA797}.Debug|x86.ActiveCfg = Debug|x86
		{CCC90D65-5E44-469E-93CB-669CAA0DA797}.Debug|x86.Build.0 = Debug|x86
		{CCC90D65-5E44-469E-93CB-669CAA0DA797}.Release|x64.ActiveCfg = Release|x64
		{CCC90D65-5E44-469E-93CB-669CAA0DA797}.Release|x64.Build.0 = Release|x64
		{CCC90D65-5E44-469E-93CB-669CAA0DA797}.Release|x86.ActiveCfg = Release|x86
		{CCC90D65-5E44-469E-93CB-669CAA0DA797}.Release|x86.Build.0 = Release|x86
		{F7A2E0F7-774C-4090-93D5-C6950D817FCC}.Debug|x64.ActiveCfg = Debug|x64
		{F7A2E0F7-774C-4090-93D5-C6950D817FCC}.Debug|x64.Build.0 = Debug|x64
		{F7A2E0F7-774C-4090-93D5-C6950D817FCC}.Debug|x86.ActiveCfg = Debug|x86
		{F7A2E0F7-774C-4090-93D5-C6950D817FCC}.Debug|x86.Build.0 = Debug|x86
		{F7A2E0F7-774C-4090-93D5-C6950D817FCC}.Release|x64.ActiveCfg = Release|x64
		{F7A2E0F7-774C-4090-93D5-C6950D817FCC}.Release|x64.Build.0 = Release|x64
		{F7A2E0F7-774C-4090-93D5-C6950D817FCC}.Release|x86.ActiveCfg = Release|x86
		{F7A2E0F7-774C-4090-93D5-C6950D817FCC}.Release|x86.Build.0 = Release|x86
		{00BDB84C-4207-4893-95D7-EA5CB573A4DA}.Debug|x64.ActiveCfg = Debug|x64
		{00BDB84C-4207-4893-95D7-EA5CB573A4DA}.Debug|x64.Build.0 = Debug|x64
		{00BDB84C-4207-4893-95D7-EA5CB573A4DA}.Debug|x86.ActiveCfg = Debug|x86
		{00BDB84C-4207-4893-95D7-EA5CB573A4DA}.Debug|x86.Build.0 = Debug|x86
		{00BDB84C-4207-4893-95D7-EA5CB573A4DA}.Release|x64.ActiveCfg = Release|x64
		{00BDB84C-4207-4893-95D7-EA5CB573A4DA}.Release|x64.Build.0 = Release|x64
		{00BDB84C-4207-4893-95D7-EA5CB573A4DA}.Release|x86.ActiveCfg = Release|x86
		{00BDB84C-4207-4893-95D7-EA5CB573A4DA}.Release|x86.Build.0 = Release|x86
		{958B6A4A-588C-42A6-A097-3F034DA5D382}.Debug|x64.ActiveCfg = Debug|x64
		{958B6A4A-588C-42A6-A097-3F034DA5D382}.Debug|x64.Build.0 = Debug|x64
		{958B6A4A-588C-42A6-A097-3F034DA5D382}.Debug|x86.ActiveCfg = Debug|x86
		{958B6A4A-588C-42A6-A097-3F034DA5D382}.Debug|x86.Build.0 = Debug|x86
		{958B6A4A-588C-42A6-A097-3F034DA5D382}.Release|x64.ActiveCfg = Release|x64
		{958B6A4A-588C-42A6-A097-3F034DA5D382}.Release|x64.Build.0 = Release|x64
		{958B6A4A-588C-42A6-A097-3F034DA5D382}.Release|x86.ActiveCfg = Release|x86
		{958B6A4A-588C-42A6-A097-3F034DA5D382}.Release|x86.Build.0 = Release|x86
		{2BE2670F-E8AD-498E-8FF7-FEBE2B38D513}.Debug|x64.ActiveCfg = Debug|x64
		{2BE2670F-E8AD-498E-8FF7-FEBE2B38D513}.Debug|x64.Build.0 = Debug|x64
		{2BE2670F-E8AD-498E-8FF7-FEBE2B38D513}.Debug|x86.ActiveCfg = Debug|x86
		{2BE2670F-E8AD-498E-8FF7-FEBE2B38D513}.Debug|x86.Build.0 = Debug|x86
		{2BE2670F-E8AD-498E-8FF7-FEBE2B38D513}.Release|x64.ActiveCfg = Release|x64
		{2BE2670F-E8AD-498E-8FF7-FEBE2B38D513}.Release|x64.Build.0 = Release|x64
		{2BE2670F-E8AD-498E-8FF7-FEBE2B38D513}.Release|x86.ActiveCfg = Release|x86
		{2BE2670F-E8AD-498E-8FF7-FEBE2B38D513}.Release|x86.Build.0 = Release|x86
		{10654190-75B8-4CCC-85D2-5CB2FB4E9AF9}.Debug|x64.ActiveCfg = Debug|x64
		{10654190-75B8-4CCC-85D2-5CB2FB4E9AF9}.Debug|x64.Build.0 = Debug|x64
		{10654190-75B8-4CCC-85D2-5CB2FB4E9AF9}.Debug|x86.ActiveCfg = Debug|x86
		{10654190-75B8-4CCC-85D2-5CB2FB4E9AF9}.Debug|x86.Build.0 = Debug|x86
		{10654190-75B8-4CCC-85D2-5CB2FB4E9AF9}.Release|x64.ActiveCfg = Release|x64
		{10654190-75B8-4CCC-85D2-5CB2FB4E9AF9}.Release|x64.Build.0 = Release|x64
		{10654190-75B8-4CCC-85D2-5CB2FB4E9AF9}.Release|x86.ActiveCfg = Release|x86
		{10654190-75B8-4CCC-85D2-5CB2FB4E9AF9}.Release|x86.Build.0 = Release|x86
		{B260E25E-E88E-48C6-AF6B-077D07D9F6C5}.Debug|x64.ActiveCfg = Debug|x64
		{B260E25E-E88E-48C6-AF6B-077D07D9F6C5}.Debug|x64.Build.0 = Debug|x64
		{B260E25E-E88E-48C6-AF6B-077D07D9F6C5}.Debug|x86.ActiveCfg = Debug|x86
		{B260E25E-E88E-48C6-AF6B-077D07D9F6C5}.Debug|x86.Build.0 = Debug|x86
		{B260E25E-E88E-48C6-AF6B-077D07D9F6C5}.Release|x64.ActiveCfg = Release|x64
		{B260E25E-E88E-48C6-AF6B-077D07D9F6C5}.Release|x64.Build.0 = Release|x64
		{B260E25E-E88E-48C6-AF6B-077D07D9F6C5}.Release|x86.ActiveCfg = Release|x86
		{B260E25E-E88E-48C6-AF6B-077D07D9F6C5}.Release|x86.Build.0 = Release|x86
		{BF5F0F4A-FC28-42AF-A14E-62FAC648A596}.Debug|x64.ActiveCfg = Debug|x64
		{BF5F0F4A-FC28-42AF-A14E-62FAC648A596}.Debug|x64.Build.0 = Debug|x64
		{BF5F0F4A-FC28-42AF-A14E-62FAC648A596}.Debug|x86.ActiveCfg = Debug|x86
		{BF5F0F4A-FC28-42AF-A14E-62FAC648A596}.Debug|x86.Build.0 = Debug|x86
		{BF5F0F4A-FC28-42AF-A14E-62FAC648A596}.Release|x64.ActiveCfg = Release|x64
		{BF5F0F4A-FC28-42AF-A14E-62FAC648A596}.Release|x64.Build.0 = Release|x64
		{BF5F0F4A-FC28-42AF-A14E-62FAC648A596}.Release|x86.ActiveCfg = Release|x86
		{BF5F0F4A-FC28-42AF-A14E-62FAC648A596}.Release|x86.Build.0 = Release|x86
		{53D75B19-8205-43D9-988D-B1EACE8D3DF1}.Debug|x64.ActiveCfg = Debug|x64
		{53D75B19-8205-43D9-988D-B1EACE8D3DF1}.Debug|x64.Build.0 = Debug|x64
		{53D75B19-8205-43D9-988D-B1EACE8D3DF1}.Debug|x86.ActiveCfg = Debug|x86
		{53D75B19-8205-43D9-988D-B1EACE8D3DF1}.Debug|x86.Build.0 = Debug|x86
		{53D75B19-8205-43D9-988D-B1EACE8D3DF1}.Release|x64.ActiveCfg = Release|x64
		{53D75B19-8205-43D9-988D-B1EACE8D3DF1}.Release|x64.Build.0 = Release|x64
		{53D75B19-8205-43D9-988D-B1EACE8D3DF1}.Release|x86.ActiveCfg = Release|x86
		{53D75B19-8205-43D9-988D-B1EACE8D3DF1}.Release|x86.Build.0 = Release|x86
		{D0BF86C2-BA9F-47B3-8F0A-19B78BB9242C}.Debug|x64.ActiveCfg = Debug|x64
		{D0BF86C2-BA9F-47B3-8F0A-19B78BB9242C}.Debug|x64.Build.0 = Debug|x64
		{D0BF86C2-BA9F-47B3-8F0A-19B78BB9242C}.Debug|x86.ActiveCfg = Debug|x86
		{D0BF86C2-BA9F-47B3-8F0A-19B78BB9242C}.Debug|x86.Build.0 = Debug|x86
		{D0BF86C2-BA9F-47B3-8F0A-19B78BB9242C}.Release|x64.ActiveCfg = Release|x64
		{D0BF86C2-BA9F-47B3-8F0A-19B78BB9242C}.Release|x64.Build.0 = Release|x64
		{D0BF86C2-BA9F-47B3-8F0A-19B78BB9242C}.Release|x86.ActiveCfg = Release|x86
		{D0BF86C2-BA9F-47B3-8F0A-19B78BB9242C}.Release|x86.Build.0 = Release|x86
		{15A2F177-A7AC-4C8D-90E1-222DDCDC8B41}.Debug|x64.ActiveCfg = Debug|x64
		{15A2F177-A7AC-4C8D-90E1-222DDCDC8B41}.Debug|x64.Build.0 = Debug|x64
		{15A2F177-A7AC-4C8D-90E1-222DDCDC8B41}.Debug|x86.ActiveCfg = Debug|x86
		{15A2F177-A7AC-4C8D-90E1-222DDCDC8B41}.Debug|x86.Build.0 = Debug|x86
		{15A2F177-A7AC-4C8D-90E1-222DDCDC8B41}.Release|x64.ActiveCfg = Release|x64
		{15A2F177-A7AC-4C8D-90E1-222DDCDC8B41}.Release|x64.Build.0 = Release|x64
		{15A2F177-A7AC-4C8D-90E1-222DDCDC8B41}.Release|x86.ActiveCfg = Release|x86
		{15A2F177-A7AC-4C8D-90E1-222DDCDC8B41}.Release|x86.Build.0 = Release|x86
		{01301CD1-A5AC-4E4C-A680-29F0DF8BE6E4}.Debug|x64.ActiveCfg = Debug|x64
		{01301CD1-A5AC-4E4C-A680-29F0DF8BE6E4}.Debug|x64.Build.0 = Debug|x64
		{01301CD1-A5AC-4E4C-A680-29F0DF8BE6E4}.Debug|x86.ActiveCfg = Debug|x86
		{01301CD1-A5AC-4E4C-A680-29F0DF8BE6E4}.Debug|x86.Build.0 = Debug|x86
		{01301CD1-A5AC-4E4C-A680-29F0DF8BE6E4}.Release|x64.ActiveCfg = Release|x64
		{01301CD1-A5AC-4E4C-A680-29F0DF8BE6E4}.Release|x64.Build.0 = Release|x64
		{01301CD1-A5AC-4E4C-A680-29F0DF8BE6E4}.Release|x86.ActiveCfg = Release|x86
		{01301CD1-A5AC-4E4C-A680-29F0DF8BE6E4}.Release|x86.Build.0 = Release|x86
		{B07E0BEB-2E30-4B39-947F-EB6D80B3777D}.Debug|x64.ActiveCfg = Debug|x64
		{B07E0BEB-2E30-4B39-947F-EB6D80B3777D}.Debug|x64.Build.0 = Debug|x64
		{B07E0BEB-2E30-4B39-947F-EB6D80B3777D}.Debug|x86.ActiveCfg = Debug|x86
		{B07E0BEB-2E30-4B39-947F-EB6D80B3777D}.Debug|x86.Build.0 = Debug|x86
		{B07E0BEB-2E30-4B39-947F-EB6D80B3777D}.Release|x64.ActiveCfg = Release|x64
		{B07E0BEB-2E30-4B39-947F-EB6D80B3777D}.Release|x64.Build.0 = Release|x64
		{B07E0BEB-2E30-4B39-947F-EB6D80B3777D}.Release|x86.ActiveCfg = Release|x86
		{B07E0BEB-2E30-4B39-947F-EB6D80B3777D}.Release|x86.Build.0 = Release|x86
		{4F5AAB41-50F9-4050-8C38-6519A989DAB9}.Debug|x64.ActiveCfg = Debug|x64
		{4F5AAB41-50F9-4050-8C38-6519A989DAB9}.Debug|x64.Build.0 = Debug|x64
		{4F5AAB41-50F9-4050-8C38-6519A989DAB9}.Debug|x86.ActiveCfg = Debug|x86
		{4F5AAB41-50F9-4050-8C38-6519A989DAB9}.Debug|x86.Build.0 = Debug|x86
		{4F5AAB41-50F9-4050-8C38-6519A989DAB9}.Release|x64.ActiveCfg = Release|x64
		{4F5AAB41-50F9-4050-8C38-6519A989DAB9}.Release|x64.Build.0 = Release|x64
		{4F5AAB41-50F9-4050-8C38-6519A989DAB9}.Release|x86.ActiveCfg = Release|x86
		{4F5AAB41-50F9-4050-8C38-6519A989DAB9}.Release|x86.Build.0 = Release|x86
		{4BE98381-62DE-40B4-919F-0B78A012CD4C}.Debug|x64.ActiveCfg = Debug|x64
		{4BE98381-62DE-40B4-919F-0B78A012CD4C}.Debug|x64.Build.0 = Debug|x64
		{4BE98381-62DE-40B4-919F-0B78A012CD4C}.Debug|x86.ActiveCfg = Debug|x86
		{4BE98381-62DE-40B4-919F-0B78A012CD4C}.Debug|x86.Build.0 = Debug|x86
		{4BE98381-62DE-40B4-919F-0B78A012CD4C}.Release|x64.ActiveCfg = Release|x64
		{4BE98381-62DE-40B4-919F-0B78A012CD4C}.Release|x64.Build.0 = Release|x64
		{4BE98381-62DE-40B4-919F-0B78A012CD4C}.Release|x86.ActiveCfg = Release|x86
		{4BE98381-62DE-40B4-919F-0B78A012CD4C}.Release|x86.Build.0 = Release|x86
		{F67A3247-93EF-4CDF-918C-35566B8D6695}.Debug|x64.ActiveCfg = Debug|x64
		{F67A3247-93EF-4CDF-918C-35566B8D6695}.Debug|x64.Build.0 = Debug|x64
		{F67A3247-93EF-4CDF-918C-35566B8D6695}.Debug|x86.ActiveCfg = Debug|x86
		{F67A3247-93EF-4CDF-918C-35566B8D6695}.Debug|x86.Build.0 = Debug|x86
		{F67A3247-93EF-4CDF-918C-35566B8D6695}.Release|x64.ActiveCfg = Release|x64
		{F67A3247-93EF-4CDF-918C-35566B8D6695}.Release|x64.Build.0 = Release|x64
		{F67A3247-93EF-4CDF-918C-35566B8D6695}.Release|x86.ActiveCfg = Release|x86
		{F67A3247-93EF-4CDF-918C-35566B8D6695}.Release|x86.Build.0 = Release|x86
		{CF6F1D69-8456-449D-B5ED-69551BEE7CE6}.Debug|x64.ActiveCfg = Debug|x64
		{CF6F1D69-8456-449D-B5ED-69551BEE7CE6}.Debug|x64.Build.0 = Debug|x64
		{CF6F1D69-8456-449D-B5ED-69551BEE7CE6}.Debug|x86.ActiveCfg = Debug|x86
		{CF6F1D69-8456-449D-B5ED-69551BEE7CE6}.Debug|x86.Build.0 = Debug|x86
		{CF6F1D69-8456-449D-B5ED-69551BEE7CE6}.Release|x64.ActiveCfg = Release|x64
		{CF6F1D69-8456-449D-B5ED-69551BEE7CE6}.Release|x64.Build.0 = Release|x64
		{CF6F1D69-8456-449D-B5ED-69551BEE7CE6}.Release|x86.ActiveCfg = Release|x86
		{CF6F1D69-8456-449D-B5ED-69551BEE7CE6}.Release|x86.Build.0 = Release|x86
		{895075F4-CFC6-4474-A60E-230768064E8A}.Debug|x64.ActiveCfg = Debug|x64
		{895075F4-CFC6-4474-A60E-230768064E8A}.Debug|x64.Build.0 = Debug|x64
		{895075F4-CFC6-4474-A60E-230768064E8A}.Debug|x86.ActiveCfg = Debug|x86
		{895075F4-CFC6-4474-A60E-230768064E8A}.Debug|x86.Build.0 = Debug|x86
		{895075F4-CFC6-4474-A60E-230768064E8A}.Release|x64.ActiveCfg = Release|x64
		{895075F4-CFC6-4474-A60E-230768064E8A}.Release|x64.Build.0 = Release|x64
		{895075F4-CFC6-4474-A60E-230768064E8A}.Release|x86.ActiveCfg = Release|x86
		{895075F4-CFC6-4474-A60E-230768064E8A}.Release|x86.Build.0 = Release|x86
		{662FE820-638E-48EA-8EBD-F2EC11AB82A1}.Debug|x64.ActiveCfg = Debug|x64
		{662FE820-638E-48EA-8EBD-F2EC11AB82A1}.Debug|x64.Build.0 = Debug|x64
		{662FE820-638E-48EA-8EBD-F2EC11AB82A1}.Debug|x86.ActiveCfg = Debug|x86
		{662FE820-638E-48EA-8EBD-F2EC11AB82A1}.Debug|x86.Build.0 = Debug|x86
		{662FE820-638E-48EA-8EBD-F2EC11AB82A1}.Release|x64.ActiveCfg = Release|x64
		{662FE820-638E-48EA-8EBD-F2EC11AB82A1}.Release|x64.Build.0 = Release|x64
		{662FE820-638E-48EA-8EBD-F2EC11AB82A1}.Release|x86.ActiveCfg = Release|x86
		{662FE820-638E-48EA-8EBD-F2EC11AB82A1}.Release|x86.Build.0 = Release|x86
		{376128F5-FCA6-4647-AD85-18FF0BAA16FA}.Debug|x64.ActiveCfg = Debug|x64
		{376128F5-FCA6-4647-AD85-18FF0BAA16FA}.Debug|x64.Build.0 = Debug|x64
		{376128F5-FCA6-4647-AD85-18FF0BAA16FA}.Debug|x86.ActiveCfg = Debug|x86
		{376128F5-FCA6-4647-AD85-18FF0BAA16FA}.Debug|x86.Build.0 = Debug|x86
		{376128F5-FCA6-4647-AD85-18FF0BAA16FA}.Release|x64.ActiveCfg = Release|x64
		{376128F5-FCA6-4647-AD85-18FF0BAA16FA}.Release|x64.Build.0 = Release|x64
		{376128F5-FCA6-4647-AD85-18FF0BAA16FA}.Release|x86.ActiveCfg = Release|x86
		{376128F5-FCA6-4647-AD85-18FF0BAA16FA}.Release|x86.Build.0 = Release|x86
		{9E483E12-9B23-40C8-A297-CBFB9E265400}.Debug|x64.ActiveCfg = Debug|x64
		{9E483E12-9B23-40C8-A297-CBFB9E265400}.Debug|x64.Build.0 = Debug|x64
		{9E483E12-9B23-40C8-A297-CBFB9E265400}.Debug|x86.ActiveCfg = Debug|x86
		{9E483E12-9B23-40C8-A297-CBFB9E265400}.Debug|x86.Build.0 = Debug|x86
		{9E483E12-9B23-40C8-A297-CBFB9E265400}.Release|x64.ActiveCfg = Release|x64
		{9E483E12-9B23-40C8-A297-CBFB9E265400}.Release|x64.Build.0 = Release|x64
		{9E483E12-9B23-40C8-A297-CBFB9E265400}.Release|x86.ActiveCfg = Release|x86
		{9E483E12-9B23-40C8-A297-CBFB9E265400}.Release|x86.Build.0 = Release|x86
		{F2ED985F-006C-4360-8D2B-7DF347D6A32A}.Debug|x64.ActiveCfg = Debug|x64
		{F2ED985F-006C-4360-8D2B-7DF347D6A32A}.Debug|x64.Build.0 = Debug|x64
		{F2ED985F-006C-4360-8D2B-7DF347D6A32A}.Debug|x86.ActiveCfg = Debug|x86
		{F2ED985F-006C-4360-8D2B-7DF347D6A32A}.Debug|x86.Build.0 = Debug|x86
		{F2ED985F-006C-4360-8D2B-7DF347D6A32A}.Release|x64.ActiveCfg = Release|x64
		{F2ED985F-006C-4360-8D2B-7DF347D6A32A}.Release|x64.Build.0 = Release|x64
		{F2ED985F-006C-4360-8D2B-7DF347D6A32A}.Release|x86.ActiveCfg = Release|x86
		{F2ED985F-006C-4360-8D2B-7DF347D6A32A}.Release|x86.Build.0 = Release|x86
		{1E1BAEF8-C5C3-4DC0-B2FF-728750398FD2}.Debug|x64.ActiveCfg = Debug|x64
		{1E1BAEF8-C5C3-4DC0-B2FF-728750398FD2}.Debug|x64.Build.0 = Debug|x64
		{1E1BAEF8-C5C3-4DC0-B2FF-728750398FD2}.Debug|x86.ActiveCfg = Debug|x86
		{1E1BAEF8-C5C3-4DC0-B2FF-728750398FD2}.Debug|x86.Build.0 = Debug|x86
		{1E1BAEF8-C5C3-4DC0-B2FF-728750398FD2}.Release|x64.ActiveCfg = Release|x64
		{1E1BAEF8-C5C3-4DC0-B2FF-728750398FD2}.Release|x64.Build.0 = Release|x64
		{1E1BAEF8-C5C3-4DC0-B2FF-728750398FD2}.Release|x86.ActiveCfg = Release|x86
		{1E1BAEF8-C5C3-4DC0-B2FF-728750398FD2}.Release|x86.Build.0 = Release|x86
		{FBC4FD63-4C97-45E3-BF78-79928CC32538}.Debug|x64.ActiveCfg = Debug|x64
		{FBC4FD63-4C97-45E3-BF78-79928CC32538}.Debug|x64.Build.0 = Debug|x64
		{FBC4FD63-4C97-45E3-BF78-79928CC32538}.Debug|x86.ActiveCfg = Debug|x86
		{FBC4FD63-4C97-45E3-BF78-79928CC32538}.Debug|x86.Build.0 = Debug|x86
		{FBC4FD63-4C97-45E3-BF78-79928CC32538}.Release|x64.ActiveCfg = Release|x64
		{FBC4FD63-4C97-45E3-BF78-79928CC32538}.Release|x64.Build.0 = Release|x64
		{FBC4FD63-4C97-45E3-BF78-79928CC32538}.Release|x86.ActiveCfg = Release|x86
		{FBC4FD63-4C97-45E3-BF78-79928CC32538}.Release|x86.Build.0 = Release|x86
		{B6307CA3-D10B-4249-B544-33C50E328E4E}.Debug|x64.ActiveCfg = Debug|x64
		{B6307CA3-D10B-4249-B544-33C50E328E4E}.Debug|x64.Build.0 = Debug|x64
		{B6307CA3-D10B-4249-B544-33C50E328E4E}.Debug|x86.ActiveCfg = Debug|x86
		{B6307CA3-D10B-4249-B544-33C50E328E4E}.Debug|x86.Build.0 = Debug|x86
		{B6307CA3-D10B-4249-B544-33C50E328E4E}.Release|x64.ActiveCfg = Release|x64
		{B6307CA3-D10B-4249-B544-33C50E328E4E}.Release|x64.Build.0 = Release|x64
		{B6307CA3-D10B-4249-B544-33C50E328E4E}.Release|x86.ActiveCfg = Release|x86
		{B6307CA3-D10B-4249-B544-33C50E328E4E}.Release|x86.Build.0 = Release|x86
		{A684C721-FA5B-4F1D-9AE2-52BD9A33EFED}.Debug|x64.ActiveCfg = Debug|x64
		{A684C721-FA5B-4F1D-9AE2-52BD9A33EFED}.Debug|x64.Build.0 = Debug|x64
		{A684C721-FA5B-4F1D-9AE2-52BD9A33EFED}.Debug|x86.ActiveCfg = Debug|x86
		{A684C721-FA5B-4F1D-9AE2-52BD9A33EFED}.Debug|x86.Build.0 = Debug|x86
		{A684C721-FA5B-4F1D-9AE2-52BD9A33EFED}.Release|x64.ActiveCfg = Release|x64
		{A684C721-FA5B-4F1D-9AE2-52BD9A33EFED}.Release|x64.Build.0 = Release|x64
		{A684C721-FA5B-4F1D-9AE2-52BD9A33EFED}.Release|x86.ActiveCfg = Release|x86
		{A684C721-FA5B-4F1D-9AE2-52BD9A33EFED}.Release|x86.Build.0 = Release|x86
		{51EED40A-778F-4E59-80FF-26E2BEA3446D}.Debug|x64.ActiveCfg = Debug|x64
		{51EED40A-778F-4E59-80FF-26E2BEA3446D}.Debug|x64.Build.0 = Debug|x64
		{51EED40A-778F-4E59-80FF-26E2BEA3446D}.Debug|x86.ActiveCfg = Debug|x86
		{51EED40A-778F-4E59-80FF-26E2BEA3446D}.Debug|x86.Build.0 = Debug|x86
		{51EED40A-778F-4E59-80FF-26E2BEA3446D}.Release|x64.ActiveCfg = Release|x64
		{51EED40A-778F-4E59-80FF-26E2BEA3446D}.Release|x64.Build.0 = Release|x64
		{51EED40A-778F-4E59-80FF-26E2BEA3446D}.Release|x86.ActiveCfg = Release|x86
		{51EED40A-778F-4E59-80FF-26E2BEA3446D}.Release|x86.Build.0 = Release|x86
		{02CA9F76-5ABE-466D-8019-B3D2899EDCF9}.Debug|x64.ActiveCfg = Debug|x64
		{02CA9F76-5ABE-466D-8019-B3D2899EDCF9}.Debug|x64.Build.0 = Debug|x64
		{02CA9F76-5ABE-466D-8019-B3D2899EDCF9}.Debug|x86.ActiveCfg = Debug|x86
		{02CA9F76-5ABE-466D-8019-B3D2899EDCF9}.Debug|x86.Build.0 = Debug|x86
		{02CA9F76-5ABE-466D-8019-B3D2899EDCF9}.Release|x64.ActiveCfg = Release|x64
		{02CA9F76-5ABE-466D-8019-B3D2899EDCF9}.Release|x64.Build.0 = Release|x64
		{02CA9F76-5ABE-466D-8019-B3D2899EDCF9}.Release|x86.ActiveCfg = Release|x86
		{02CA9F76-5ABE-466D-8019-B3D2899EDCF9}.Release|x86.Build.0 = Release|x86
		{136F1B0B-E666-4726-983E-29EF0A79C870}.Debug|x64.ActiveCfg = Debug|x64
		{136F1B0B-E666-4726-983E-29EF0A79C870}.Debug|x64.Build.0 = Debug|x64
		{136F1B0B-E666-4726-983E-29EF0A79C870}.Debug|x86.ActiveCfg = Debug|x86
		{136F1B0B-E666-4726-983E-29EF0A79C870}.Debug|x86.Build.0 = Debug|x86
		{136F1B0B-E666-4726-983E-29EF0A79C870}.Release|x64.ActiveCfg = Release|x64
		{136F1B0B-E666-4726-983E-29EF0A79C870}.Release|x64.Build.0 = Release|x64
		{136F1B0B-E666-4726-983E-29EF0A79C870}.Release|x86.ActiveCfg = Release|x86
		{136F1B0B-E666-4726-983E-29EF0A79C870}.Release|x86.Build.0 = Release|x86
		{A578CCA7-A2C9-4445-8F6A-4051D43BF453}.Debug|x64.ActiveCfg = Debug|x64
		{A578CCA7-A2C9-4445-8F6A-4051D43BF453}.Debug|x64.Build.0 = Debug|x64
		{A578CCA7-A2C9-4445-8F6A-4051D43BF453}.Debug|x86.ActiveCfg = Debug|x86
		{A578CCA7-A2C9-4445-8F6A-4051D43BF453}.Debug|x86.Build.0 = Debug|x86
		{A578CCA7-A2C9-4445-8F6A-4051D43BF453}.Release|x64.ActiveCfg = Release|x64
		{A578CCA7-A2C9-4445-8F6A-4051D43BF453}.Release|x64.Build.0 = Release|x64
		{A578CCA7-A2C9-4445-8F6A-4051D43BF453}.Release|x86.ActiveCfg = Release|x86
		{A578CCA7-A2C9-4445-8F6A-4051D43BF453}.Release|x86.Build.0 = Release|x86
		{49938653-CCAE-4AF8-BACA-E168D62C9AA4}.Debug|x64.ActiveCfg = Debug|x64
		{49938653-CCAE-4AF8-BACA-E168D62C9AA4}.Debug|x64.Build.0 = Debug|x64
		{49938653-CCAE-4AF8-BACA-E168D62C9AA4}.Debug|x86.ActiveCfg = Debug|x86
		{49938653-CCAE-4AF8-BACA-E168D62C9AA4}.Debug|x86.Build.0 = Debug|x86
		{49938653-CCAE-4AF8-BACA-E168D62C9AA4}.Release|x64.ActiveCfg = Release|x64
		{49938653-CCAE-4AF8-BACA-E168D62C9AA4}.Release|x64.Build.0 = Release|x64
		{49938653-CCAE-4AF8-BACA-E168D62C9AA4}.Release|x86.ActiveCfg = Release|x86
		{49938653-CCAE-4AF8-BACA-E168D62C9AA4}.Release|x86.Build.0 = Release|x86
		{114DFECF-D404-48E3-B3DE-66BB0652099B}.Debug|x64.ActiveCfg = Debug|x64
		{114DFECF-D404-48E3-B3DE-66BB0652099B}.Debug|x64.Build.0 = Debug|x64
		{114DFECF-D404-48E3-B3DE-66BB0652099B}.Debug|x86.ActiveCfg = Debug|x86
		{114DFECF-D404-48E3-B3DE-66BB0652099B}.Debug|x86.Build.0 = Debug|x86
		{114DFECF-D404-48E3-B3DE-66BB0652099B}.Release|x64.ActiveCfg = Release|x64
		{114DFECF-D404-48E3-B3DE-66BB0652099B}.Release|x64.Build.0 = Release|x64
		{114DFECF-D404-48E3-B3DE-66BB0652099B}.Release|x86.ActiveCfg = Release|x86
		{114DFECF-D404-48E3-B3DE-66BB0652099B}.Release|x86.Build.0 = Release|x86
		{D297A5B1-8388-4949-B1AB-711ED7BE26BB}.Debug|x64.ActiveCfg = Debug|x64
		{D297A5B1-8388-4949-B1AB-711ED7BE26BB}.Debug|x64.Build.0 = Debug|x64
		{D297A5B1-8388-4949-B1AB-711ED7BE26BB}.Debug|x86.ActiveCfg = Debug|x86
		{D297A5B1-8388-4949-B1AB-711ED7BE26BB}.Debug|x86.Build.0 = Debug|x86
		{D297A5B1-8388-4949-B1AB-711ED7BE26BB}.Release|x64.ActiveCfg = Release|x64
		{D297A5B1-8388-4949-B1AB-711ED7BE26BB}.Release|x64.Build.0 = Release|x64
		{D297A5B1-8388-4949-B1AB-711ED7BE26BB}.Release|x86.ActiveCfg = Release|x86
		{D297A5B1-8388-4949-B1AB-711ED7BE26BB}.Release|x86.Build.0 = Release|x86
		{9294DD0E-1C5D-4AD0-9EAC-B379B443841E}.Debug|x64.ActiveCfg = Debug|x64
		{9294DD0E-1C5D-4AD0-9EAC-B379B443841E}.Debug|x64.Build.0 = Debug|x64
		{9294DD0E-1C5D-4AD0-9EAC-B379B443841E}.Debug|x86.ActiveCfg = Debug|x86
		{9294DD0E-1C5D-4AD0-9EAC-B379B443841E}.Debug|x86.Build.0 = Debug|x86
		{9294DD0E-1C5D-4AD0-9EAC-B379B443841E}.Release|x64.ActiveCfg = Release|x64
		{9294DD0E-1C5D-4AD0-9EAC-B379B443841E}.Release|x64.Build.0 = Release|x64
		{9294DD0E-1C5D-4AD0-9EAC-B379B443841E}.Release|x86.ActiveCfg = Release|x86
		{9294DD0E-1C5D-4AD0-9EAC-B379B443841E}.Release|x86.Build.0 = Release|x86
		{B4A48E50-07CD-44D9-ABDD-850BC770818C}.Debug|x64.ActiveCfg = Debug|x64
		{B4A48E50-07CD-44D9-ABDD-850BC770818C}.Debug|x64.Build.0 = Debug|x64
		{B4A48E50-07CD-44D9-ABDD-850BC770818C}.Debug|x86.ActiveCfg = Debug|x86
		{B4A48E50-07CD-44D9-ABDD-850BC770818C}.Debug|x86.Build.0 = Debug|x86
		{B4A48E50-07CD-44D9-ABDD-850BC770818C}.Release|x64.ActiveCfg = Release|x64
		{B4A48E50-07CD-44D9-ABDD-850BC770818C}.Release|x64.Build.0 = Release|x64
		{B4A48E50-07CD-44D9-ABDD-850BC770818C}.Release|x86.ActiveCfg = Release|x86
		{B4A48E50-07CD-44D9-ABDD-850BC770818C}.Release|x86.Build.0 = Release|x86
		{0EE0493F-10B5-47E1-901D-9F96A9291DC9}.Debug|x64.ActiveCfg = Debug|x64
		{0EE0493F-10B5-47E1-901D-9F96A9291DC9}.Debug|x64.Build.0 = Debug|x64
		{0EE0493F-10B5-47E1-901D-9F96A9291DC9}.Debug|x86.ActiveCfg = Debug|x86
		{0EE0493F-10B5-47E1-901D-9F96A9291DC9}.Debug|x86.Build.0 = Debug|x86
		{0EE0493F-10B5-47E1-901D-9F96A9291DC9}.Release|x64.ActiveCfg = Release|x64
		{0EE0493F-10B5-47E1-901D-9F96A9291DC9}.Release|x64.Build.0 = Release|x64
		{0EE0493F-10B5-47E1-901D-9F96A9291DC9}.Release|x86.ActiveCfg = Release|x86
		{0EE0493F-10B5-47E1-901D-9F96A9291DC9}.Release|x86.Build.0 = Release|x86
		{2D005E0F-9892-43B0-88F9-CF54A0C8F1F8}.Debug|x64.ActiveCfg = Debug|x64
		{2D005E0F-9892-43B0-88F9-CF54A0C8F1F8}.Debug|x64.Build.0 = Debug|x64
		{2D005E0F-9892-43B0-88F9-CF54A0C8F1F8}.Debug|x86.ActiveCfg = Debug|x86
		{2D005E0F-9892-43B0-88F9-CF54A0C8F1F8}.Debug|x86.Build.0 = Debug|x86
		{2D005E0F-9892-43B0-88F9-CF54A0C8F1F8}.Release|x64.ActiveCfg = Release|x64
		{2D005E0F-9892-43B0-88F9-CF54A0C8F1F8}.Release|x64.Build.0 = Release|x64
		{2D005E0F-9892-43B0-88F9-CF54A0C8F1F8}.Release|x86.ActiveCfg = Release|x86
		{2D005E0F-9892-43B0-88F9-CF54A0C8F1F8}.Release|x86.Build.0 = Release|x86
		{4D0055E1-675B-47CD-A19B-46A64AB3AB09}.Debug|x64.ActiveCfg = Debug|x64
		{4D0055E1-675B-47CD-A19B-46A64AB3AB09}.Debug|x64.Build.0 = Debug|x64
		{4D0055E1-675B-47CD-A19B-46A64AB3AB09}.Debug|x86.ActiveCfg = Debug|x86
		{4D0055E1-675B-47CD-A19B-46A64AB3AB09}.Debug|x86.Build.0 = Debug|x86
		{4D0055E1-675B-47CD-A19B-46A64AB3AB09}.Release|x64.ActiveCfg = Release|x64
		{4D0055E1-675B-47CD-A19B-46A64AB3AB09}.Release|x64.Build.0 = Release|x64
		{4D0055E1-675B-47CD-A19B-46A64AB3AB09}.Release|x86.ActiveCfg = Release|x86
		{4D0055E1-675B-47CD-A19B-46A64AB3AB09}.Release|x86.Build.0 = Release|x86
		{BD24BC12-8901-4912-B0DC-7DB479F34868}.Debug|x64.ActiveCfg = Debug|x64
		{BD24BC12-8901-4912-B0DC-7DB479F34868}.Debug|x64.Build.0 = Debug|x64
		{BD24BC12-8901-4912-B0DC-7DB479F34868}.Debug|x86.ActiveCfg = Debug|x86
		{BD24BC12-8901-4912-B0DC-7DB479F34868}.Debug|x86.Build.0 = Debug|x86
		{BD24BC12-8901-4912-B0DC-7DB479F34868}.Release|x64.ActiveCfg = Release|x64
		{BD24BC12-8901-4912-B0DC-7DB479F34868}.Release|x64.Build.0 = Release|x64
		{BD24BC12-8901-4912-B0DC-7DB479F34868}.Release|x86.ActiveCfg = Release|x86
		{BD24BC12-8901-4912-B0DC-7DB479F34868}.Release|x86.Build.0 = Release|x86
		{13B07CEC-A237-4A7E-A401-F221328070AD}.Debug|x64.ActiveCfg = Debug|x64
		{13B07CEC-A237-4A7E-A401-F221328070AD}.Debug|x64.Build.0 = Debug|x64
		{13B07CEC-A237-4A7E-A401-F221328070AD}.Debug|x86.ActiveCfg = Debug|x86
		{13B07CEC-A237-4A7E-A401-F221328070AD}.Debug|x86.Build.0 = Debug|x86
		{13B07CEC-A237-4A7E-A401-F221328070AD}.Release|x64.ActiveCfg = Release|x64
		{13B07CEC-A237-4A7E-A401-F221328070AD}.Release|x64.Build.0 = Release|x64
		{13B07CEC-A237-4A7E-A401-F221328070AD}.Release|x86.ActiveCfg = Release|x86
		{13B07CEC-A237-4A7E-A401-F221328070AD}.Release|x86.Build.0 = Release|x86
		{3915FF4A-FDF7-425F-9F8A-8456BBC00027}.Debug|x64.ActiveCfg = Debug|x64
		{3915FF4A-FDF7-425F-9F8A-8456BBC00027}.Debug|x64.Build.0 = Debug|x64
		{3915FF4A-FDF7-425F-9F8A-8456BBC00027}.Debug|x86.ActiveCfg = Debug|x86
		{3915FF4A-FDF7-425F-9F8A-8456BBC00027}.Debug|x86.Build.0 = Debug|x86
		{3915FF4A-FDF7-425F-9F8A-8456BBC00027}.Release|x64.ActiveCfg = Release|x64
		{3915FF4A-FDF7-425F-9F8A-8456BBC00027}.Release|x64.Build.0 = Release|x64
		{3915FF4A-FDF7-425F-9F8A-8456BBC00027}.Release|x86.ActiveCfg = Release|x86
		{3915FF4A-FDF7-425F-9F8A-8456BBC00027}.Release|x86.Build.0 = Release|x86
		{A724906F-D4E4-4C12-911B-853FFF419708}.Debug|x64.ActiveCfg = Debug|x64
		{A724906F-D4E4-4C12-911B-853FFF419708}.Debug|x64.Build.0 = Debug|x64
		{A724906F-D4E4-4C12-911B-853FFF419708}.Debug|x86.ActiveCfg = Debug|x86
		{A724906F-D4E4-4C12-911B-853FFF419708}.Debug|x86.Build.0 = Debug|x86
		{A724906F-D4E4-4C12-911B-853FFF419708}.Release|x64.ActiveCfg = Release|x64
		{A724906F-D4E4-4C12-911B-853FFF419708}.Release|x64.Build.0 = Release|x64
		{A724906F-D4E4-4C12-911B-853FFF419708}.Release|x86.ActiveCfg = Release|x86
		{A724906F-D4E4-4C12-911B-853FFF419708}.Release|x86.Build.0 = Release|x86
		{B46C8233-48B6-40D7-9C45-2EDE333F7959}.Debug|x64.ActiveCfg = Debug|x64
		{B46C8233-48B6-40D7-9C45-2EDE333F7959}.Debug|x64.Build.0 = Debug|x64
		{B46C8233-48B6-40D7-9C45-2EDE333F7959}.Debug|x86.ActiveCfg = Debug|x86
		{B46C8233-48B6-40D7-9C45-2EDE333F7959}.Debug|x86.Build.0 = Debug|x86
		{B46C8233-48B6-40D7-9C45-2EDE333F7959}.Release|x64.ActiveCfg = Release|x64
		{B46C8233-48B6-40D7-9C45-2EDE333F7959}.Release|x64.Build.0 = Release|x64
		{B46C8233-48B6-40D7-9C45-2EDE333F7959}.Release|x86.ActiveCfg = Release|x86
		{B46C8233-48B6-40D7-9C45-2EDE333F7959}.Release|x86.Build.0 = Release|x86
		{271F3733-48E2-461D-99FB-EA8F93928748}.Debug|x64.ActiveCfg = Debug|x64
		{271F3733-48E2-461D-99FB-EA8F93928748}.Debug|x64.Build.0 = Debug|x64
		{271F3733-48E2-461D-99FB-EA8F93928748}.Debug|x86.ActiveCfg = Debug|x86
		{271F3733-48E2-461D-99FB-EA8F93928748}.Debug|x86.Build.0 = Debug|x86
		{271F3733-48E2-461D-99FB-EA8F93928748}.Release|x64.ActiveCfg = Release|x64
		{271F3733-48E2-461D-99FB-EA8F93928748}.Release|x64.Build.0 = Release|x64
		{271F3733-48E2-461D-99FB-EA8F93928748}.Release|x86.ActiveCfg = Release|x86
		{271F3733-48E2-461D-99FB-EA8F93928748}.Release|x86.Build.0 = Release|x86
		{4B7E0C8F-E189-440C-9A75-F2CA629F9DC9}.Debug|x64.ActiveCfg = Debug|x64
		{4B7E0C8F-E189-440C-9A75-F2CA629F9DC9}.Debug|x64.Build.0 = Debug|x64
		{4B7E0C8F-E189-440C-9A75-F2CA629F9DC9}.Debug|x86.ActiveCfg = Debug|x86
		{4B7E0C8F-E189-440C-9A75-F2CA629F9DC9}.Debug|x86.Build.0 = Debug|x86
		{4B7E0C8F-E189-440C-9A75-F2CA629F9DC9}.Release|x64.ActiveCfg = Release|x64
		{4B7E0C8F-E189-440C-9A75-F2CA629F9DC9}.Release|x64.Build.0 = Release|x64
		{4B7E0C8F-E189-440C-9A75-F2CA629F9DC9}.Release|x86.ActiveCfg = Release|x86
		{4B7E0C8F-E189-440C-9A75-F2CA629F9DC9}.Release|x86.Build.0 = Release|x86
		{CAA2F5A0-BE54-4867-84EC-30902ABB774D}.Debug|x64.ActiveCfg = Debug|x64
		{CAA2F5A0-BE54-4867-84EC-30902ABB774D}.Debug|x64.Build.0 = Debug|x64
		{CAA2F5A0-BE54-4867-84EC-30902ABB774D}.Debug|x86.ActiveCfg = Debug|x86
		{CAA2F5A0-BE54-4867-84EC-30902ABB774D}.Debug|x86.Build.0 = Debug|x86
		{CAA2F5A0-BE54-4867-84EC-30902ABB774D}.Release|x64.ActiveCfg = Release|x64
		{CAA2F5A0-BE54-4867-84EC-30902ABB774D}.Release|x64.Build.0 = Release|x64
		{CAA2F5A0-BE54-4867-84EC-30902ABB774D}.Release|x86.ActiveCfg = Release|x86
		{CAA2F5A0-BE54-4867-84EC-30902ABB774D}.Release|x86.Build.0 = Release|x86
		{434E444C-CCC0-4D8D-A293-BACA8BBAE032}.Debug|x64.ActiveCfg = Debug|x64
		{434E444C-CCC0-4D8D-A293-BACA8BBAE032}.Debug|x64.Build.0 = Debug|x64
		{434E444C-CCC0-4D8D-A293-BACA8BBAE032}.Debug|x86.ActiveCfg = Debug|x86
		{434E444C-CCC0-4D8D-A293-BACA8BBAE032}.Debug|x86.Build.0 = Debug|x86
		{434E444C-CCC0-4D8D-A293-BACA8BBAE032}.Release|x64.ActiveCfg = Release|x64
		{434E444C-CCC0-4D8D-A293-BACA8BBAE032}.Release|x64.Build.0 = Release|x64
		{434E444C-CCC0-4D8D-A293-BACA8BBAE032}.Release|x86.ActiveCfg = Release|x86
		{434E444C-CCC0-4D8D-A293-BACA8BBAE032}.Release|x86.Build.0 = Release|x86
		{01AB88B5-2A70-4F87-8DA8-41A79378A0E7}.Debug|x64.ActiveCfg = Debug|x64
		{01AB88B5-2A70-4F87-8DA8-41A79378A0E7}.Debug|x64.Build.0 = Debug|x64
		{01AB88B5-2A70-4F87-8DA8-41A79378A0E7}.Debug|x86.ActiveCfg = Debug|x86
		{01AB88B5-2A70-4F87-8DA8-41A79378A0E7}.Debug|x86.Build.0 = Debug|x86
		{01AB88B5-2A70-4F87-8DA8-41A79378A0E7}.Release|x64.ActiveCfg = Release|x64
		{01AB88B5-2A70-4F87-8DA8-41A79378A0E7}.Release|x64.Build.0 = Release|x64
		{01AB88B5-2A70-4F87-8DA8-41A79378A0E7}.Release|x86.ActiveCfg = Release|x86
		{01AB88B5-2A70-4F87-8DA8-41A79378A0E7}.Release|x86.Build.0 = Release|x86
		{CFB70A6F-2827-425F-9157-38CD7AF4E843}.Debug|x64.ActiveCfg = Debug|x64
		{CFB70A6F-2827-425F-9157-38CD7AF4E843}.Debug|x64.Build.0 = Debug|x64
		{CFB70A6F-2827-425F-9157-38CD7AF4E843}.Debug|x86.ActiveCfg = Debug|x86
		{CFB70A6F-2827-425F-9157-38CD7AF4E843}.Debug|x86.Build.0 = Debug|x86
		{CFB70A6F-2827-425F-9157-38CD7AF4E843}.Release|x64.ActiveCfg = Release|x64
		{CFB70A6F-2827-425F-9157-38CD7AF4E843}.Release|x64.Build.0 = Release|x64
		{CFB70A6F-2827-425F-9157-38CD7AF4E843}.Release|x86.ActiveCfg = Release|x86
		{CFB70A6F-2827-425F-9157-38CD7AF4E843}.Release|x86.Build.0 = Release|x86
		{4D177981-CA9E-4B6B-A17F-B87DC38FE6DB}.Debug|x64.ActiveCfg = Debug|x64
		{4D177981-CA9E-4B6B-A17F-B87DC38FE6DB}.Debug|x64.Build.0 = Debug|x64
		{4D177981-CA9E-4B6B-A17F-B87DC38FE6DB}.Debug|x86.ActiveCfg = Debug|x86
		{4D177981-CA9E-4B6B-A17F-B87DC38FE6DB}.Debug|x86.Build.0 = Debug|x86
		{4D177981-CA9E-4B6B-A17F-B87DC38FE6DB}.Release|x64.ActiveCfg = Release|x64
		{4D177981-CA9E-4B6B-A17F-B87DC38FE6DB}.Release|x64.Build.0 = Release|x64
		{4D177981-CA9E-4B6B-A17F-B87DC38FE6DB}.Release|x86.ActiveCfg = Release|x86
		{4D177981-CA9E-4B6B-A17F-B87DC38FE6DB}.Release|x86.Build.0 = Release|x86
		{537B907F-FED5-459A-81BA-58302E713B05}.Debug|x64.ActiveCfg = Debug|x64
		{537B907F-FED5-459A-81BA-58302E713B05}.Debug|x64.Build.0 = Debug|x64
		{537B907F-FED5-459A-81BA-58302E713B05}.Debug|x86.ActiveCfg = Debug|x86
		{537B907F-FED5-459A-81BA-58302E713B05}.Debug|x86.Build.0 = Debug|x86
		{537B907F-FED5-459A-81BA-58302E713B05}.Release|x64.ActiveCfg = Release|x64
		{537B907F-FED5-459A-81BA-58302E713B05}.Release|x64.Build.0 = Release|x64
		{537B907F-FED5-459A-81BA-58302E713B05}.Release|x86.ActiveCfg = Release|x86
		{537B907F-FED5-459A-81BA-58302E713B05}.Release|x86.Build.0 = Release|x86
		{C5968E45-F39B-4D5E-B2A5-E44F7F9C5B60}.Debug|x64.ActiveCfg = Debug|x64
		{C5968E45-F39B-4D5E-B2A5-E44F7F9C5B60}.Debug|x64.Build.0 = Debug|x64
		{C5968E45-F39B-4D5E-B2A5-E44F7F9C5B60}.Debug|x86.ActiveCfg = Debug|x86
		{C5968E45-F39B-4D5E-B2A5-E44F7F9C5B60}.Debug|x86.Build.0 = Debug|x86
		{C5968E45-F39B-4D5E-B2A5-E44F7F9C5B60}.Release|x64.ActiveCfg = Release|x64
		{C5968E45-F39B-4D5E-B2A5-E44F7F9C5B60}.Release|x64.Build.0 = Release|x64
		{C5968E45-F39B-4D5E-B2A5-E44F7F9C5B60}.Release|x86.ActiveCfg = Release|x86
		{C5968E45-F39B-4D5E-B2A5-E44F7F9C5B60}.Release|x86.Build.0 = Release|x86
		{79CE5A57-397B-467B-A75E-EA9ABF588066}.Debug|x64.ActiveCfg = Debug|x64
		{79CE5A57-397B-467B-A75E-EA9ABF588066}.Debug|x64.Build.0 = Debug|x64
		{79CE5A57-397B-467B-A75E-EA9ABF588066}.Debug|x86.ActiveCfg = Debug|x86
		{79CE5A57-397B-467B-A75E-EA9ABF588066}.Debug|x86.Build.0 = Debug|x86
		{79CE5A57-397B-467B-A75E-EA9ABF588066}.Release|x64.ActiveCfg = Release|x64
		{79CE5A57-397B-467B-A75E-EA9ABF588066}.Release|x64.Build.0 = Release|x64
		{79CE5A57-397B-467B-A75E-EA9ABF588066}.Release|x86.ActiveCfg = Release|x86
		{79CE5A57-397B-467B-A75E-EA9ABF588066}.Release|x86.Build.0 = Release|x86
		{9AAA44A6-4771-4AF2-AF55-A1CF499107BB}.Debug|x64.ActiveCfg = Debug|x64
		{9AAA44A6-4771-4AF2-AF55-A1CF499107BB}.Debug|x64.Build.0 = Debug|x64
		{9AAA44A6-4771-4AF2-AF55-A1CF499107BB}.Debug|x86.ActiveCfg = Debug|x86
		{9AAA44A6-4771-4AF2-AF55-A1CF499107BB}.Debug|x86.Build.0 = Debug|x86
		{9AAA44A6-4771-4AF2-AF55-A1CF499107BB}.Release|x64.ActiveCfg = Release|x64
		{9AAA44A6-4771-4AF2-AF55-A1CF499107BB}.Release|x64.Build.0 = Release|x64
		{9AAA44A6-4771-4AF2-AF55-A1CF499107BB}.Release|x86.ActiveCfg = Release|x86
		{9AAA44A6-4771-4AF2-AF55-A1CF499107BB}.Release|x86.Build.0 = Release|x86
		{207078A3-FDB2-4CF0-8396-04CB05FAE1BB}.Debug|x64.ActiveCfg = Debug|x64
		{207078A3-FDB2-4CF0-8396-04CB05FAE1BB}.Debug|x64.Build.0 = Debug|x64
		{207078A3-FDB2-4CF0-8396-04CB05FAE1BB}.Debug|x86.ActiveCfg = Debug|x86
		{207078A3-FDB2-4CF0-8396-04CB05FAE1BB}.Debug|x86.Build.0 = Debug|x86
		{207078A3-FDB2-4CF0-8396-04CB05FAE1BB}.Release|x64.ActiveCfg = Release|x64
		{207078A3-FDB2-4CF0-8396-04CB05FAE1BB}.Release|x64.Build.0 = Release|x64
		{207078A3-FDB2-4CF0-8396-04CB05FAE1BB}.Release|x86.ActiveCfg = Release|x86
		{207078A3-FDB2-4CF0-8396-04CB05FAE1BB}.Release|x86.Build.0 = Release|x86
		{2D2A3757-2C6E-4C2B-9009-DC0902ECF9E0}.Debug|x64.ActiveCfg = Debug|x64
		{2D2A3757-2C6E-4C2B-9009-DC0902ECF9E0}.Debug|x64.Build.0 = Debug|x64
		{2D2A3757-2C6E-4C2B-9009-DC0902ECF9E0}.Debug|x86.ActiveCfg = Debug|x86
		{2D2A3757-2C6E-4C2B-9009-DC0902ECF9E0}.Debug|x86.Build.0 = Debug|x86
		{2D2A3757-2C6E-4C2B-9009-DC0902ECF9E0}.Release|x64.ActiveCfg = Release|x64
		{2D2A3757-2C6E-4C2B-9009-DC0902ECF9E0}.Release|x64.Build.0 = Release|x64
		{2D2A3757-2C6E-4C2B-9009-DC0902ECF9E0}.Release|x86.ActiveCfg = Release|x86
		{2D2A3757-2C6E-4C2B-9009-DC0902ECF9E0}.Release|x86.Build.0 = Release|x86
		{9B53B33F-3236-4FE7-829E-79115DA1DA7B}.Debug|x64.ActiveCfg = Debug|x64
		{9B53B33F-3236-4FE7-829E-79115DA1DA7B}.Debug|x64.Build.0 = Debug|x64
		{9B53B33F-3236-4FE7-829E-79115DA1DA7B}.Debug|x86.ActiveCfg = Debug|x86
		{9B53B33F-3236-4FE7-829E-79115DA1DA7B}.Debug|x86.Build.0 = Debug|x86
		{9B53B33F-3236-4FE7-829E-79115DA1DA7B}.Release|x64.ActiveCfg = Release|x64
		{9B53B33F-3236-4FE7-829E-79115DA1DA7B}.Release|x64.Build.0 = Release|x64
		{9B53B33F-3236-4FE7-829E-79115DA1DA7B}.Release|x86.ActiveCfg = Release|x86
		{9B53B33F-3236-4FE7-829E-79115DA1DA7B}.Release|x86.Build.0 = Release|x86
		{00686F11-177E-402F-9571-C71E4C675791}.Debug|x64.ActiveCfg = Debug|x64
		{00686F11-177E-402F-9571-C71E4C675791}.Debug|x64.Build.0 = Debug|x64
		{00686F11-177E-402F-9571-C71E4C675791}.Debug|x86.ActiveCfg = Debug|x86
		{00686F11-177E-402F-9571-C71E4C675791}.Debug|x86.Build.0 = Debug|x86
		{00686F11-177E-402F-9571-C71E4C675791}.Release|x64.ActiveCfg = Release|x64
		{00686F11-177E-402F-9571-C71E4C675791}.Release|x64.Build.0 = Release|x64
		{00686F11-177E-402F-9571-C71E4C675791}.Release|x86.ActiveCfg = Release|x86
		{00686F11-177E-402F-9571-C71E4C675791}.Release|x86.Build.0 = Release|x86
		{35056BAD-41F3-4B8F-987B-91102FAA61E5}.Debug|x64.ActiveCfg = Debug|x64
		{35056BAD-41F3-4B8F-987B-91102FAA61E5}.Debug|x64.Build.0 = Debug|x64
		{35056BAD-41F3-4B8F-987B-91102FAA61E5}.Debug|x86.ActiveCfg = Debug|x86
		{35056BAD-41F3-4B8F-987B-91102FAA61E5}.Debug|x86.Build.0 = Debug|x86
		{35056BAD-41F3-4B8F-987B-91102FAA61E5}.Release|x64.ActiveCfg = Release|x64
		{35056BAD-41F3-4B8F-987B-91102FAA61E5}.Release|x64.Build.0 = Release|x64
		{35056BAD-41F3-4B8F-987B-91102FAA61E5}.Release|x86.ActiveCfg = Release|x86
		{35056BAD-41F3-4B8F-987B-91102FAA61E5}.Release|x86.Build.0 = Release|x86
		{49190987-2DB8-44B2-B6C7-F394083B515A}.Debug|x64.ActiveCfg = Debug|x64
		{49190987-2DB8-44B2-B6C7-F394083B515A}.Debug|x64.Build.0 = Debug|x64
		{49190987-2DB8-44B2-B6C7-F394083B515A}.Debug|x86.ActiveCfg = Debug|x86
		{49190987-2DB8-44B2-B6C7-F394083B515A}.Debug|x86.Build.0 = Debug|x86
		{49190987-2DB8-44B2-B6C7-F394083B515A}.Release|x64.ActiveCfg = Release|x64
		{49190987-2DB8-44B2-B6C7-F394083B515A}.Release|x64.Build.0 = Release|x64
		{49190987-2DB8-44B2-B6C7-F394083B515A}.Release|x86.ActiveCfg = Release|x86
		{49190987-2DB8-44B2-B6C7-F394083B515A}.Release|x86.Build.0 = Release|x86
		{D0E44789-A184-4665-90C0-EAE737065070}.Debug|x64.ActiveCfg = Debug|x64
		{D0E44789-A184-4665-90C0-EAE737065070}.Debug|x64.Build.0 = Debug|x64
		{D0E44789-A184-4665-90C0-EAE737065070}.Debug|x86.ActiveCfg = Debug|x86
		{D0E44789-A184-4665-90C0-EAE737065070}.Debug|x86.Build.0 = Debug|x86
		{D0E44789-A184-4665-90C0-EAE737065070}.Release|x64.ActiveCfg = Release|x64
		{D0E44789-A184-4665-90C0-EAE737065070}.Release|x64.Build.0 = Release|x64
		{D0E44789-A184-4665-90C0-EAE737065070}.Release|x86.ActiveCfg = Release|x86
		{D0E44789-A184-4665-90C0-EAE737065070}.Release|x86.Build.0 = Release|x86
		{36C5143F-40D6-4C46-A444-4B21AA2CE1B6}.Debug|x64.ActiveCfg = Debug|x64
		{36C5143F-40D6-4C46-A444-4B21AA2CE1B6}.Debug|x64.Build.0 = Debug|x64
		{36C5143F-40D6-4C46-A444-4B21AA2CE1B6}.Debug|x86.ActiveCfg = Debug|x86
		{36C5143F-40D6-4C46-A444-4B21AA2CE1B6}.Debug|x86.Build.0 = Debug|x86
		{36C5143F-40D6-4C46-A444-4B21AA2CE1B6}.Release|x64.ActiveCfg = Release|x64
		{36C5143F-40D6-4C46-A444-4B21AA2CE1B6}.Release|x64.Build.0 = Release|x64
		{36C5143F-40D6-4C46-A444-4B21AA2CE1B6}.Release|x86.ActiveCfg = Release|x86
		{36C5143F-40D6-4C46-A444-4B21AA2CE1B6}.Release|x86.Build.0 = Release|x86
		{67ACD427-F0C7-4A1D-A7EE-F5E81176EC87}.Debug|x64.ActiveCfg = Debug|x64
		{67ACD427-F0C7-4A1D-A7EE-F5E81176EC87}.Debug|x64.Build.0 = Debug|x64
		{67ACD427-F0C7-4A1D-A7EE-F5E81176EC87}.Debug|x86.ActiveCfg = Debug|x86
		{67ACD427-F0C7-4A1D-A7EE-F5E81176EC87}.Debug|x86.Build.0 = Debug|x86
		{67ACD427-F0C7-4A1D-A7EE-F5E81176EC87}.Release|x64.ActiveCfg = Release|x64
		{67ACD427-F0C7-4A1D-A7EE-F5E81176EC87}.Release|x64.Build.0 = Release|x64
		{67ACD427-F0C7-4A1D-A7EE-F5E81176EC87}.Release|x86.ActiveCfg = Release|x86
		{67ACD427-F0C7-4A1D-A7EE-F5E81176EC87}.Release|x86.Build.0 = Release|x86
		{E1F3366C-29DA-4872-85DD-C0BE31035E30}.Debug|x64.ActiveCfg = Debug|x64
		{E1F3366C-29DA-4872-85DD-C0BE31035E30}.Debug|x64.Build.0 = Debug|x64
		{E1F3366C-29DA-4872-85DD-C0BE31035E30}.Debug|x86.ActiveCfg = Debug|x86
		{E1F3366C-29DA-4872-85DD-C0BE31035E30}.Debug|x86.Build.0 = Debug|x86
		{E1F3366C-29DA-4872-85DD-C0BE31035E30}.Release|x64.ActiveCfg = Release|x64
		{E1F3366C-29DA-4872-85DD-C0BE31035E30}.Release|x64.Build.0 = Release|x64
		{E1F3366C-29DA-4872-85DD-C0BE31035E30}.Release|x86.ActiveCfg = Release|x86
		{E1F3366C-29DA-4872-85DD-C0BE31035E30}.Release|x86.Build.0 = Release|x86
		{6AA760BF-2C8F-4A0A-B0D7-C6220681E3D9}.Debug|x64.ActiveCfg = Debug|x64
		{6AA760BF-2C8F-4A0A-B0D7-C6220681E3D9}.Debug|x64.Build.0 = Debug|x64
		{6AA760BF-2C8F-4A0A-B0D7-C6220681E3D9}.Debug|x86.ActiveCfg = Debug|x86
		{6AA760BF-2C8F-4A0A-B0D7-C6220681E3D9}.Debug|x86.Build.0 = Debug|x86
		{6AA760BF-2C8F-4A0A-B0D7-C6220681E3D9}.Release|x64.ActiveCfg = Release|x64
		{6AA760BF-2C8F-4A0A-B0D7-C6220681E3D9}.Release|x64.Build.0 = Release|x64
		{6AA760BF-2C8F-4A0A-B0D7-C6220681E3D9}.Release|x86.ActiveCfg = Release|x86
		{6AA760BF-2C8F-4A0A-B0D7-C6220681E3D9}.Release|x86.Build.0 = Release|x86
		{814B2865-2F67-4406-9A0C-59A0493C5AFB}.Debug|x64.ActiveCfg = Debug|x64
		{814B2865-2F67-4406-9A0C-59A0493C5AFB}.Debug|x64.Build.0 = Debug|x64
		{814B2865-2F67-4406-9A0C-59A0493C5AFB}.Debug|x86.ActiveCfg = Debug|x86
		{814B2865-2F67-4406-9A0C-59A0493C5AFB}.Debug|x86.Build.0 = Debug|x86
		{814B2865-2F67-4406-9A0C-59A0493C5AFB}.Release|x64.ActiveCfg = Release|x64
		{814B2865-2F67-4406-9A0C-59A0493C5AFB}.Release|x64.Build.0 = Release|x64
		{814B2865-2F67-4406-9A0C-59A0493C5AFB}.Release|x86.ActiveCfg = Release|x86
		{814B2865-2F67-4406-9A0C-59A0493C5AFB}.Release|x86.Build.0 = Release|x86
		{EF943C22-AC16-4EF2-B42C-A42181BA0757}.Debug|x64.ActiveCfg = Debug|x64
		{EF943C22-AC16-4EF2-B42C-A42181BA0757}.Debug|x64.Build.0 = Debug|x64
		{EF943C22-AC16-4EF2-B42C-A42181BA0757}.Debug|x86.ActiveCfg = Debug|x86
		{EF943C22-AC16-4EF2-B42C-A42181BA0757}.Debug|x86.Build.0 = Debug|x86
		{EF943C22-AC16-4EF2-B42C-A42181BA0757}.Release|x64.ActiveCfg = Release|x64
		{EF943C22-AC16-4EF2-B42C-A42181BA0757}.Release|x64.Build.0 = Release|x64
		{EF943C22-AC16-4EF2-B42C-A42181BA0757}.Release|x86.ActiveCfg = Release|x86
		{EF943C22-AC16-4EF2-B42C-A42181BA0757}.Release|x86.Build.0 = Release|x86
		{5B61A0FE-A31C-4294-8638-90D982E67666}.Debug|x64.ActiveCfg = Debug|x64
		{5B61A0FE-A31C-4294-8638-90D982E67666}.Debug|x64.Build.0 = Debug|x64
		{5B61A0FE-A31C-4294-8638-90D982E67666}.Debug|x86.ActiveCfg = Debug|x86
		{5B61A0FE-A31C-4294-8638-90D982E67666}.Debug|x86.Build.0 = Debug|x86
		{5B61A0FE-A31C-4294-8638-90D982E67666}.Release|x64.ActiveCfg = Release|x64
		{5B61A0FE-A31C-4294-8638-90D982E67666}.Release|x64.Build.0 = Release|x64
		{5B61A0FE-A31C-4294-8638-90D982E67666}.Release|x86.ActiveCfg = Release|x86
		{5B61A0FE-A31C-4294-8638-90D982E67666}.Release|x86.Build.0 = Release|x86
		{FCBF9983-2DC8-4C77-A839-A38C35D64AB0}.Debug|x64.ActiveCfg = Debug|x64
		{FCBF9983-2DC8-4C77-A839-A38C35D64AB0}.Debug|x64.Build.0 = Debug|x64
		{FCBF9983-2DC8-4C77-A839-A38C35D64AB0}.Debug|x86.ActiveCfg = Debug|x86
		{FCBF9983-2DC8-4C77-A839-A38C35D64AB0}.Debug|x86.Build.0 = Debug|x86
		{FCBF9983-2DC8-4C77-A839-A38C35D64AB0}.Release|x64.ActiveCfg = Release|x64
		{FCBF9983-2DC8-4C77-A839-A38C35D64AB0}.Release|x64.Build.0 = Release|x64
		{FCBF9983-2DC8-4C77-A839-A38C35D64AB0}.Release|x86.ActiveCfg = Release|x86
		{FCBF9983-2DC8-4C77-A839-A38C35D64AB0}.Release|x86.Build.0 = Release|x86
		{E65BA518-A953-4062-A64D-7CF17C045DCD}.Debug|x64.ActiveCfg = Debug|x64
		{E65BA518-A953-4062-A64D-7CF17C045DCD}.Debug|x64.Build.0 = Debug|x64
		{E65BA518-A953-4062-A64D-7CF17C045DCD}.Debug|x86.ActiveCfg = Debug|x86
		{E65BA518-A953-4062-A64D-7CF17C045DCD}.Debug|x86.Build.0 = Debug|x86
		{E65BA518-A953-4062-A64D-7CF17C045DCD}.Release|x64.ActiveCfg = Release|x64
		{E65BA518-A953-4062-A64D-7CF17C045DCD}.Release|x64.Build.0 = Release|x64
		{E65BA518-A953-4062-A64D-7CF17C045DCD}.Release|x86.ActiveCfg = Release|x86
		{E65BA518-A953-4062-A64D-7CF17C045DCD}.Release|x86.Build.0 = Release|x86
		{601BC17C-F2AE-4BB4-ACE7-4A5665451C58}.Debug|x64.ActiveCfg = Debug|x64
		{601BC17C-F2AE-4BB4-ACE7-4A5665451C58}.Debug|x64.Build.0 = Debug|x64
		{601BC17C-F2AE-4BB4-ACE7-4A5665451C58}.Debug|x86.ActiveCfg = Debug|x86
		{601BC17C-F2AE-4BB4-ACE7-4A5665451C58}.Debug|x86.Build.0 = Debug|x86
		{601BC17C-F2AE-4BB4-ACE7-4A5665451C58}.Release|x64.ActiveCfg = Release|x64
		{601BC17C-F2AE-4BB4-ACE7-4A5665451C58}.Release|x64.Build.0 = Release|x64
		{601BC17C-F2AE-4BB4-ACE7-4A5665451C58}.Release|x86.ActiveCfg = Release|x86
		{601BC17C-F2AE-4BB4-ACE7-4A5665451C58}.Release|x86.Build.0 = Release|x86
		{821AF337-5DA3-40AF-A415-5ECD06964CDF}.Debug|x64.ActiveCfg = Debug|x64
		{821AF337-5DA3-40AF-A415-5ECD06964CDF}.Debug|x64.Build.0 = Debug|x64
		{821AF337-5DA3-40AF-A415-5ECD06964CDF}.Debug|x86.ActiveCfg = Debug|x86
		{821AF337-5DA3-40AF-A415-5ECD06964CDF}.Debug|x86.Build.0 = Debug|x86
		{821AF337-5DA3-40AF-A415-5ECD06964CDF}.Release|x64.ActiveCfg = Release|x64
		{821AF337-5DA3-40AF-A415-5ECD06964CDF}.Release|x64.Build.0 = Release|x64
		{821AF337-5DA3-40AF-A415-5ECD06964CDF}.Release|x86.ActiveCfg = Release|x86
		{821AF337-5DA3-40AF-A415-5ECD06964CDF}.Release|x86.Build.0 = Release|x86
		{B5B38AA2-C39F-4A19-80F3-AFED3E843449}.Debug|x64.ActiveCfg = Debug|x64
		{B5B38AA2-C39F-4A19-80F3-AFED3E843449}.Debug|x64.Build.0 = Debug|x64
		{B5B38AA2-C39F-4A19-80F3-AFED3E843449}.Debug|x86.ActiveCfg = Debug|x86
		{B5B38AA2-C39F-4A19-80F3-AFED3E843449}.Debug|x86.Build.0 = Debug|x86
		{B5B38AA2-C39F-4A19-80F3-AFED3E843449}.Release|x64.ActiveCfg = Release|x64
		{B5B38AA2-C39F-4A19-80F3-AFED3E843449}.Release|x64.Build.0 = Release|x64
		{B5B38AA2-C39F-4A19-80F3-AFED3E843449}.Release|x86.ActiveCfg = Release|x86
		{B5B38AA2-C39F-4A19-80F3-AFED3E843449}.Release|x86.Build.0 = Release|x86
		{235B2BCC-9B4F-498D-801F-C1D4715743D1}.Debug|x64.ActiveCfg = Debug|x64
		{235B2BCC-9B4F-498D-801F-C1D4715743D1}.Debug|x64.Build.0 = Debug|x64
		{235B2BCC-9B4F-498D-801F-C1D4715743D1}.Debug|x86.ActiveCfg = Debug|x86
		{235B2BCC-9B4F-498D-801F-C1D4715743D1}.Debug|x86.Build.0 = Debug|x86
		{235B2BCC-9B4F-498D-801F-C1D4715743D1}.Release|x64.ActiveCfg = Release|x64
		{235B2BCC-9B4F-498D-801F-C1D4715743D1}.Release|x64.Build.0 = Release|x64
		{235B2BCC-9B4F-498D-801F-C1D4715743D1}.Release|x86.ActiveCfg = Release|x86
		{235B2BCC-9B4F-498D-801F-C1D4715743D1}.Release|x86.Build.0 = Release|x86
		{1BFCF1DC-7264-40BB-A1C2-AEE77CF465BD}.Debug|x64.ActiveCfg = Debug|x64
		{1BFCF1DC-7264-40BB-A1C2-AEE77CF465BD}.Debug|x64.Build.0 = Debug|x64
		{1BFCF1DC-7264-40BB-A1C2-AEE77CF465BD}.Debug|x86.ActiveCfg = Debug|x86
		{1BFCF1DC-7264-40BB-A1C2-AEE77CF465BD}.Debug|x86.Build.0 = Debug|x86
		{1BFCF1DC-7264-40BB-A1C2-AEE77CF465BD}.Release|x64.ActiveCfg = Release|x64
		{1BFCF1DC-7264-40BB-A1C2-AEE77CF465BD}.Release|x64.Build.0 = Release|x64
		{1BFCF1DC-7264-40BB-A1C2-AEE77CF465BD}.Release|x86.ActiveCfg = Release|x86
		{1BFCF1DC-7264-40BB-A1C2-AEE77CF465BD}.Release|x86.Build.0 = Release|x86
		{44812443-9228-4697-915B-4B3A94F2C120}.Debug|x64.ActiveCfg = Debug|x64
		{44812443-9228-4697-915B-4B3A94F2C120}.Debug|x64.Build.0 = Debug|x64
		{44812443-9228-4697-915B-4B3A94F2C120}.Debug|x86.ActiveCfg = Debug|x86
		{44812443-9228-4697-915B-4B3A94F2C120}.Debug|x86.Build.0 = Debug|x86
		{44812443-9228-4697-915B-4B3A94F2C120}.Release|x64.ActiveCfg = Release|x64
		{44812443-9228-4697-915B-4B3A94F2C120}.Release|x64.Build.0 = Release|x64
		{44812443-9228-4697-915B-4B3A94F2C120}.Release|x86.ActiveCfg = Release|x86
		{44812443-9228-4697-915B-4B3A94F2C120}.Release|x86.Build.0 = Release|x86
		{02913524-ABD5-40ED-9CBE-E547B70B7821}.Debug|x64.ActiveCfg = Debug|x64
		{02913524-ABD5-40ED-9CBE-E547B70B7821}.Debug|x64.Build.0 = Debug|x64
		{02913524-ABD5-40ED-9CBE-E547B70B7821}.Debug|x86.ActiveCfg = Debug|x86
		{02913524-ABD5-40ED-9CBE-E547B70B7821}.Debug|x86.Build.0 = Debug|x86
		{02913524-ABD5-40ED-9CBE-E547B70B7821}.Release|x64.ActiveCfg = Release|x64
		{02913524-ABD5-40ED-9CBE-E547B70B7821}.Release|x64.Build.0 = Release|x64
		{02913524-ABD5-40ED-9CBE-E547B70B7821}.Release|x86.ActiveCfg = Release|x86
		{02913524-ABD5-40ED-9CBE-E547B70B7821}.Release|x86.Build.0 = Release|x86
		{D7D80767-3540-4018-AF7D-5CF2F436D205}.Debug|x64.ActiveCfg = Debug|x64
		{D7D80767-3540-4018-AF7D-5CF2F436D205}.Debug|x64.Build.0 = Debug|x64
		{D7D80767-3540-4018-AF7D-5CF2F436D205}.Debug|x86.ActiveCfg = Debug|x86
		{D7D80767-3540-4018-AF7D-5CF2F436D205}.Debug|x86.Build.0 = Debug|x86
		{D7D80767-3540-4018-AF7D-5CF2F436D205}.Release|x64.ActiveCfg = Release|x64
		{D7D80767-3540-4018-AF7D-5CF2F436D205}.Release|x64.Build.0 = Release|x64
		{D7D80767-3540-4018-AF7D-5CF2F436D205}.Release|x86.ActiveCfg = Release|x86
		{D7D80767-3540-4018-AF7D-5CF2F436D205}.Release|x86.Build.0 = Release|x86
		{729FD856-C0D1-46DA-80EC-E40A87740250}.Debug|x64.ActiveCfg = Debug|x64
		{729FD856-C0D1-46DA-80EC-E40A87740250}.Debug|x64.Build.0 = Debug|x64
		{729FD856-C0D1-46DA-80EC-E40A87740250}.Debug|x86.ActiveCfg = Debug|x86
		{729FD856-C0D1-46DA-80EC-E40A87740250}.Debug|x86.Build.0 = Debug|x86
		{729FD856-C0D1-46DA-80EC-E40A87740250}.Release|x64.ActiveCfg = Release|x64
		{729FD856-C0D1-46DA-80EC-E40A87740250}.Release|x64.Build.0 = Release|x64
		{729FD856-C0D1-46DA-80EC-E40A87740250}.Release|x86.ActiveCfg = Release|x86
		{729FD856-C0D1-46DA-80EC-E40A87740250}.Release|x86.Build.0 = Release|x86
		{F2D9C75F-9BD0-4202-9064-8B08762D72CD}.Debug|x64.ActiveCfg = Debug|x64
		{F2D9C75F-9BD0-4202-9064-8B08762D72CD}.Debug|x64.Build.0 = Debug|x64
		{F2D9C75F-9BD0-4202-9064-8B08762D72CD}.Debug|x86.ActiveCfg = Debug|x86
		{F2D9C75F-9BD0-4202-9064-8B08762D72CD}.Debug|x86.Build.0 = Debug|x86
		{F2D9C75F-9BD0-4202-9064-8B08762D72CD}.Release|x64.ActiveCfg = Release|x64
		{F2D9C75F-9BD0-4202-9064-8B08762D72CD}.Release|x64.Build.0 = Release|x64
		{F2D9C75F-9BD0-4202-9064-8B08762D72CD}.Release|x86.ActiveCfg = Release|x86
		{F2D9C75F-9BD0-4202-9064-8B08762D72CD}.Release|x86.Build.0 = Release|x86
		{DC643CDD-9075-48D1-A8E6-0C79BE6A4108}.Debug|x64.ActiveCfg = Debug|x64
		{DC643CDD-9075-48D1-A8E6-0C79BE6A4108}.Debug|x64.Build.0 = Debug|x64
		{DC643CDD-9075-48D1-A8E6-0C79BE6A4108}.Debug|x86.ActiveCfg = Debug|x86
		{DC643CDD-9075-48D1-A8E6-0C79BE6A4108}.Debug|x86.Build.0 = Debug|x86
		{DC643CDD-9075-48D1-A8E6-0C79BE6A4108}.Release|x64.ActiveCfg = Release|x64
		{DC643CDD-9075-48D1-A8E6-0C79BE6A4108}.Release|x64.Build.0 = Release|x64
		{DC643CDD-9075-48D1-A8E6-0C79BE6A4108}.Release|x86.ActiveCfg = Release|x86
		{DC643CDD-9075-48D1-A8E6-0C79BE6A4108}.Release|x86.Build.0 = Release|x86
		{B96ECD20-0E83-424B-A31D-391BDBB2F3E8}.Debug|x64.ActiveCfg = Debug|x64
		{B96ECD20-0E83-424B-A31D-391BDBB2F3E8}.Debug|x64.Build.0 = Debug|x64
		{B96ECD20-0E83-424B-A31D-391BDBB2F3E8}.Debug|x86.ActiveCfg = Debug|x86
		{B96ECD20-0E83-424B-A31D-391BDBB2F3E8}.Debug|x86.Build.0 = Debug|x86
		{B96ECD20-0E83-424B-A31D-391BDBB2F3E8}.Release|x64.ActiveCfg = Release|x64
		{B96ECD20-0E83-424B-A31D-391BDBB2F3E8}.Release|x64.Build.0 = Release|x64
		{B96ECD20-0E83-424B-A31D-391BDBB2F3E8}.Release|x86.ActiveCfg = Release|x86
		{B96ECD20-0E83-424B-A31D-391BDBB2F3E8}.Release|x86.Build.0 = Release|x86
		{BC17251F-FC57-4C7A-9653-3613F4C28E3E}.Debug|x64.ActiveCfg = Debug|x64
		{BC17251F-FC57-4C7A-9653-3613F4C28E3E}.Debug|x64.Build.0 = Debug|x64
		{BC17251F-FC57-4C7A-9653-3613F4C28E3E}.Debug|x86.ActiveCfg = Debug|x86
		{BC17251F-FC57-4C7A-9653-3613F4C28E3E}.Debug|x86.Build.0 = Debug|x86
		{BC17251F-FC57-4C7A-9653-3613F4C28E3E}.Release|x64.ActiveCfg = Release|x64
		{BC17251F-FC57-4C7A-9653-3613F4C28E3E}.Release|x64.Build.0 = Release|x64
		{BC17251F-FC57-4C7A-9653-3613F4C28E3E}.Release|x86.ActiveCfg = Release|x86
		{BC17251F-FC57-4C7A-9653-3613F4C28E3E}.Release|x86.Build.0 = Release|x86
		{6752A951-E023-42CC-A11D-160159E1620B}.Debug|x64.ActiveCfg = Debug|x64
		{6752A951-E023-42CC-A11D-160159E1620B}.Debug|x64.Build.0 = Debug|x64
		{6752A951-E023-42CC-A11D-160159E1620B}.Debug|x86.ActiveCfg = Debug|x86
		{6752A951-E023-42CC-A11D-160159E1620B}.Debug|x86.Build.0 = Debug|x86
		{6752A951-E023-42CC-A11D-160159E1620B}.Release|x64.ActiveCfg = Release|x64
		{6752A951-E023-42CC-A11D-160159E1620B}.Release|x64.Build.0 = Release|x64
		{6752A951-E023-42CC-A11D-160159E1620B}.Release|x86.ActiveCfg = Release|x86
		{6752A951-E023-42CC-A11D-160159E1620B}.Release|x86.Build.0 = Release|x86
		{A305860D-A2C7-494C-BBFA-C9A8FCBAF3AD}.Debug|x64.ActiveCfg = Debug|x64
		{A305860D-A2C7-494C-BBFA-C9A8FCBAF3AD}.Debug|x64.Build.0 = Debug|x64
		{A305860D-A2C7-494C-BBFA-C9A8FCBAF3AD}.Debug|x86.ActiveCfg = Debug|x86
		{A305860D-A2C7-494C-BBFA-C9A8FCBAF3AD}.Debug|x86.Build.0 = Debug|x86
		{A305860D-A2C7-494C-BBFA-C9A8FCBAF3AD}.Release|x64.ActiveCfg = Release|x64
		{A305860D-A2C7-494C-BBFA-C9A8FCBAF3AD}.Release|x64.Build.0 = Release|x64
		{A305860D-A2C7-494C-BBFA-C9A8FCBAF3AD}.Release|x86.ActiveCfg = Release|x86
		{A305860D-A2C7-494C-BBFA-C9A8FCBAF3AD}.Release|x86.Build.0 = Release|x86
		{7639D66C-E8EC-4CA3-94EF-BABEE70D7EB5}.Debug|x64.ActiveCfg = Debug|x64
		{7639D66C-E8EC-4CA3-94EF-BABEE70D7EB5}.Debug|x64.Build.0 = Debug|x64
		{7639D66C-E8EC-4CA3-94EF-BABEE70D7EB5}.Debug|x86.ActiveCfg = Debug|x86
		{7639D66C-E8EC-4CA3-94EF-BABEE70D7EB5}.Debug|x86.Build.0 = Debug|x86
		{7639D66C-E8EC-4CA3-94EF-BABEE70D7EB5}.Release|x64.ActiveCfg = Release|x64
		{7639D66C-E8EC-4CA3-94EF-BABEE70D7EB5}.Release|x64.Build.0 = Release|x64
		{7639D66C-E8EC-4CA3-94EF-BABEE70D7EB5}.Release|x86.ActiveCfg = Release|x86
		{7639D66C-E8EC-4CA3-94EF-BABEE70D7EB5}.Release|x86.Build.0 = Release|x86
		{B138AE38-5883-459C-B621-D164183E1A7B}.Debug|x64.ActiveCfg = Debug|x64
		{B138AE38-5883-459C-B621-D164183E1A7B}.Debug|x64.Build.0 = Debug|x64
		{B138AE38-5883-459C-B621-D164183E1A7B}.Debug|x86.ActiveCfg = Debug|x86
		{B138AE38-5883-459C-B621-D164183E1A7B}.Debug|x86.Build.0 = Debug|x86
		{B138AE38-5883-459C-B621-D164183E1A7B}.Release|x64.ActiveCfg = Release|x64
		{B138AE38-5883-459C-B621-D164183E1A7B}.Release|x64.Build.0 = Release|x64
		{B138AE38-5883-459C-B621-D164183E1A7B}.Release|x86.ActiveCfg = Release|x86
		{B138AE38-5883-459C-B621-D164183E1A7B}.Release|x86.Build.0 = Release|x86
		{3AF3ED2F-44AE-4E78-9DEC-415E51B14DFA}.Debug|x64.ActiveCfg = Debug|x64
		{3AF3ED2F-44AE-4E78-9DEC-415E51B14DFA}.Debug|x64.Build.0 = Debug|x64
		{3AF3ED2F-44AE-4E78-9DEC-415E51B14DFA}.Debug|x86.ActiveCfg = Debug|x86
		{3AF3ED2F-44AE-4E78-9DEC-415E51B14DFA}.Debug|x86.Build.0 = Debug|x86
		{3AF3ED2F-44AE-4E78-9DEC-415E51B14DFA}.Release|x64.ActiveCfg = Release|x64
		{3AF3ED2F-44AE-4E78-9DEC-415E51B14DFA}.Release|x64.Build.0 = Release|x64
		{3AF3ED2F-44AE-4E78-9DEC-415E51B14DFA}.Release|x86.ActiveCfg = Release|x86
		{3AF3ED2F-44AE-4E78-9DEC-415E51B14DFA}.Release|x86.Build.0 = Release|x86
		{39DF7C80-D924-41E3-8AB3-ED4D3EEE5932}.Debug|x64.ActiveCfg = Debug|x64
		{39DF7C80-D924-41E3-8AB3-ED4D3EEE5932}.Debug|x64.Build.0 = Debug|x64
		{39DF7C80-D924-41E3-8AB3-ED4D3EEE5932}.Debug|x86.ActiveCfg = Debug|x86
		{39DF7C80-D924-41E3-8AB3-ED4D3EEE5932}.Debug|x86.Build.0 = Debug|x86
		{39DF7C80-D924-41E3-8AB3-ED4D3EEE5932}.Release|x64.ActiveCfg = Release|x64
		{39DF7C80-D924-41E3-8AB3-ED4D3EEE5932}.Release|x64.Build.0 = Release|x64
		{39DF7C80-D924-41E3-8AB3-ED4D3EEE5932}.Release|x86.ActiveCfg = Release|x86
		{39DF7C80-D924-41E3-8AB3-ED4D3EEE5932}.Release|x86.Build.0 = Release|x86
		{DB405C80-26D4-4501-AB02-4E64770D4B60}.Debug|x64.ActiveCfg = Debug|x64
		{DB405C80-26D4-4501-AB02-4E64770D4B60}.Debug|x64.Build.0 = Debug|x64
		{DB405C80-26D4-4501-AB02-4E64770D4B60}.Debug|x86.ActiveCfg = Debug|x86
		{DB405C80-26D4-4501-AB02-4E64770D4B60}.Debug|x86.Build.0 = Debug|x86
		{DB405C80-26D4-4501-AB02-4E64770D4B60}.Release|x64.ActiveCfg = Release|x64
		{DB405C80-26D4-4501-AB02-4E64770D4B60}.Release|x64.Build.0 = Release|x64
		{DB405C80-26D4-4501-AB02-4E64770D4B60}.Release|x86.ActiveCfg = Release|x86
		{DB405C80-26D4-4501-AB02-4E64770D4B60}.Release|x86.Build.0 = Release|x86
		{5345DD61-6174-4220-BCC8-A564556031CC}.Debug|x64.ActiveCfg = Debug|x64
		{5345DD61-6174-4220-BCC8-A564556031CC}.Debug|x64.Build.0 = Debug|x64
		{5345DD61-6174-4220-BCC8-A564556031CC}.Debug|x86.ActiveCfg = Debug|x86
		{5345DD61-6174-4220-BCC8-A564556031CC}.Debug|x86.Build.0 = Debug|x86
		{5345DD61-6174-4220-BCC8-A564556031CC}.Release|x64.ActiveCfg = Release|x64
		{5345DD61-6174-4220-BCC8-A564556031CC}.Release|x64.Build.0 = Release|x64
		{5345DD61-6174-4220-BCC8-A564556031CC}.Release|x86.ActiveCfg = Release|x86
		{5345DD61-6174-4220-BCC8-A564556031CC}.Release|x86.Build.0 = Release|x86
		{594F1EF3-5452-4F51-BF54-AF79E2FB572B}.Debug|x64.ActiveCfg = Debug|x64
		{594F1EF3-5452-4F51-BF54-AF79E2FB572B}.Debug|x64.Build.0 = Debug|x64
		{594F1EF3-5452-4F51-BF54-AF79E2FB572B}.Debug|x86.ActiveCfg = Debug|x86
		{594F1EF3-5452-4F51-BF54-AF79E2FB572B}.Debug|x86.Build.0 = Debug|x86
		{594F1EF3-5452-4F51-BF54-AF79E2FB572B}.Release|x64.ActiveCfg = Release|x64
		{594F1EF3-5452-4F51-BF54-AF79E2FB572B}.Release|x64.Build.0 = Release|x64
		{594F1EF3-5452-4F51-BF54-AF79E2FB572B}.Release|x86.ActiveCfg = Release|x86
		{594F1EF3-5452-4F51-BF54-AF79E2FB572B}.Release|x86.Build.0 = Release|x86
		{0D1A2EE6-7508-4506-96BF-2CF8573D5A84}.Debug|x64.ActiveCfg = Debug|x64
		{0D1A2EE6-7508-4506-96BF-2CF8573D5A84}.Debug|x64.Build.0 = Debug|x64
		{0D1A2EE6-7508-4506-96BF-2CF8573D5A84}.Debug|x86.ActiveCfg = Debug|x86
		{0D1A2EE6-7508-4506-96BF-2CF8573D5A84}.Debug|x86.Build.0 = Debug|x86
		{0D1A2EE6-7508-4506-96BF-2CF8573D5A84}.Release|x64.ActiveCfg = Release|x64
		{0D1A2EE6-7508-4506-96BF-2CF8573D5A84}.Release|x64.Build.0 = Release|x64
		{0D1A2EE6-7508-4506-96BF-2CF8573D5A84}.Release|x86.ActiveCfg = Release|x86
		{0D1A2EE6-7508-4506-96BF-2CF8573D5A84}.Release|x86.Build.0 = Release|x86
		{0118E090-4D7A-4396-859C-2F50C1CDE801}.Debug|x64.ActiveCfg = Debug|x64
		{0118E090-4D7A-4396-859C-2F50C1CDE801}.Debug|x64.Build.0 = Debug|x64
		{0118E090-4D7A-4396-859C-2F50C1CDE801}.Debug|x86.ActiveCfg = Debug|x86
		{0118E090-4D7A-4396-859C-2F50C1CDE801}.Debug|x86.Build.0 = Debug|x86
		{0118E090-4D7A-4396-859C-2F50C1CDE801}.Release|x64.ActiveCfg = Release|x64
		{0118E090-4D7A-4396-859C-2F50C1CDE801}.Release|x64.Build.0 = Release|x64
		{0118E090-4D7A-4396-859C-2F50C1CDE801}.Release|x86.ActiveCfg = Release|x86
		{0118E090-4D7A-4396-859C-2F50C1CDE801}.Release|x86.Build.0 = Release|x86
		{CF42B0F6-6E03-43C8-9263-0BE6BB4B8A51}.Debug|x64.ActiveCfg = Debug|x64
		{CF42B0F6-6E03-43C8-9263-0BE6BB4B8A51}.Debug|x64.Build.0 = Debug|x64
		{CF42B0F6-6E03-43C8-9263-0BE6BB4B8A51}.Debug|x86.ActiveCfg = Debug|x86
		{CF42B0F6-6E03-43C8-9263-0BE6BB4B8A51}.Debug|x86.Build.0 = Debug|x86
		{CF42B0F6-6E03-43C8-9263-0BE6BB4B8A51}.Release|x64.ActiveCfg = Release|x64
		{CF42B0F6-6E03-43C8-9263-0BE6BB4B8A51}.Release|x64.Build.0 = Release|x64
		{CF42B0F6-6E03-43C8-9263-0BE6BB4B8A51}.Release|x86.ActiveCfg = Release|x86
		{CF42B0F6-6E03-43C8-9263-0BE6BB4B8A51}.Release|x86.Build.0 = Release|x86
		{F3D6BA03-F180-41DE-831F-086B2610CE97}.Debug|x64.ActiveCfg = Debug|x64
		{F3D6BA03-F180-41DE-831F-086B2610CE97}.Debug|x64.Build.0 = Debug|x64
		{F3D6BA03-F180-41DE-831F-086B2610CE97}.Debug|x86.ActiveCfg = Debug|x86
		{F3D6BA03-F180-41DE-831F-086B2610CE97}.Debug|x86.Build.0 = Debug|x86
		{F3D6BA03-F180-41DE-831F-086B2610CE97}.Release|x64.ActiveCfg = Release|x64
		{F3D6BA03-F180-41DE-831F-086B2610CE97}.Release|x64.Build.0 = Release|x64
		{F3D6BA03-F180-41DE-831F-086B2610CE97}.Release|x86.ActiveCfg = Release|x86
		{F3D6BA03-F180-41DE-831F-086B2610CE97}.Release|x86.Build.0 = Release|x86
		{B17FFDD7-6ED3-4674-A1DF-FB194183F610}.Debug|x64.ActiveCfg = Debug|x64
		{B17FFDD7-6ED3-4674-A1DF-FB194183F610}.Debug|x64.Build.0 = Debug|x64
		{B17FFDD7-6ED3-4674-A1DF-FB194183F610}.Debug|x86.ActiveCfg = Debug|x86
		{B17FFDD7-6ED3-4674-A1DF-FB194183F610}.Debug|x86.Build.0 = Debug|x86
		{B17FFDD7-6ED3-4674-A1DF-FB194183F610}.Release|x64.ActiveCfg = Release|x64
		{B17FFDD7-6ED3-4674-A1DF-FB194183F610}.Release|x64.Build.0 = Release|x64
		{B17FFDD7-6ED3-4674-A1DF-FB194183F610}.Release|x86.ActiveCfg = Release|x86
		{B17FFDD7-6ED3-4674-A1DF-FB194183F610}.Release|x86.Build.0 = Release|x86
		{CADE7875-AC71-4D47-8F4D-42F81BDD7F9D}.Debug|x64.ActiveCfg = Debug|x64
		{CADE7875-AC71-4D47-8F4D-42F81BDD7F9D}.Debug|x64.Build.0 = Debug|x64
		{CADE7875-AC71-4D47-8F4D-42F81BDD7F9D}.Debug|x86.ActiveCfg = Debug|x86
		{CADE7875-AC71-4D47-8F4D-42F81BDD7F9D}.Debug|x86.Build.0 = Debug|x86
		{CADE7875-AC71-4D47-8F4D-42F81BDD7F9D}.Release|x64.ActiveCfg = Release|x64
		{CADE7875-AC71-4D47-8F4D-42F81BDD7F9D}.Release|x64.Build.0 = Release|x64
		{CADE7875-AC71-4D47-8F4D-42F81BDD7F9D}.Release|x86.ActiveCfg = Release|x86
		{CADE7875-AC71-4D47-8F4D-42F81BDD7F9D}.Release|x86.Build.0 = Release|x86
		{CF0F1DE2-044A-4E3E-8D49-875B801CB180}.Debug|x64.ActiveCfg = Debug|x64
		{CF0F1DE2-044A-4E3E-8D49-875B801CB180}.Debug|x64.Build.0 = Debug|x64
		{CF0F1DE2-044A-4E3E-8D49-875B801CB180}.Debug|x86.ActiveCfg = Debug|x86
		{CF0F1DE2-044A-4E3E-8D49-875B801CB180}.Debug|x86.Build.0 = Debug|x86
		{CF0F1DE2-044A-4E3E-8D49-875B801CB180}.Release|x64.ActiveCfg = Release|x64
		{CF0F1DE2-044A-4E3E-8D49-875B801CB180}.Release|x64.Build.0 = Release|x64
		{CF0F1DE2-044A-4E3E-8D49-875B801CB180}.Release|x86.ActiveCfg = Release|x86
		{CF0F1DE2-044A-4E3E-8D49-875B801CB180}.Release|x86.Build.0 = Release|x86
		{022F36AF-5BE7-4FFD-875E-17704FC04DED}.Debug|x64.ActiveCfg = Debug|x64
		{022F36AF-5BE7-4FFD-875E-17704FC04DED}.Debug|x64.Build.0 = Debug|x64
		{022F36AF-5BE7-4FFD-875E-17704FC04DED}.Debug|x86.ActiveCfg = Debug|x86
		{022F36AF-5BE7-4FFD-875E-17704FC04DED}.Debug|x86.Build.0 = Debug|x86
		{022F36AF-5BE7-4FFD-875E-17704FC04DED}.Release|x64.ActiveCfg = Release|x64
		{022F36AF-5BE7-4FFD-875E-17704FC04DED}.Release|x64.Build.0 = Release|x64
		{022F36AF-5BE7-4FFD-875E-17704FC04DED}.Release|x86.ActiveCfg = Release|x86
		{022F36AF-5BE7-4FFD-875E-17704FC04DED}.Release|x86.Build.0 = Release|x86
		{8BE4A191-12E1-4119-8C77-94118AE96C8E}.Debug|x64.ActiveCfg = Debug|x64
		{8BE4A191-12E1-4119-8C77-94118AE96C8E}.Debug|x64.Build.0 = Debug|x64
		{8BE4A191-12E1-4119-8C77-94118AE96C8E}.Debug|x86.ActiveCfg = Debug|x86
		{8BE4A191-12E1-4119-8C77-94118AE96C8E}.Debug|x86.Build.0 = Debug|x86
		{8BE4A191-12E1-4119-8C77-94118AE96C8E}.Release|x64.ActiveCfg = Release|x64
		{8BE4A191-12E1-4119-8C77-94118AE96C8E}.Release|x64.Build.0 = Release|x64
		{8BE4A191-12E1-4119-8C77-94118AE96C8E}.Release|x86.ActiveCfg = Release|x86
		{8BE4A191-12E1-4119-8C77-94118AE96C8E}.Release|x86.Build.0 = Release|x86
		{460EE29E-F432-453B-8C91-A69B6FBAB49C}.Debug|x64.ActiveCfg = Debug|x64
		{460EE29E-F432-453B-8C91-A69B6FBAB49C}.Debug|x64.Build.0 = Debug|x64
		{460EE29E-F432-453B-8C91-A69B6FBAB49C}.Debug|x86.ActiveCfg = Debug|x86
		{460EE29E-F432-453B-8C91-A69B6FBAB49C}.Debug|x86.Build.0 = Debug|x86
		{460EE29E-F432-453B-8C91-A69B6FBAB49C}.Release|x64.ActiveCfg = Release|x64
		{460EE29E-F432-453B-8C91-A69B6FBAB49C}.Release|x64.Build.0 = Release|x64
		{460EE29E-F432-453B-8C91-A69B6FBAB49C}.Release|x86.ActiveCfg = Release|x86
		{460EE29E-F432-453B-8C91-A69B6FBAB49C}.Release|x86.Build.0 = Release|x86
		{1B379AF1-00A0-4A80-88AD-F205B4DA1CC9}.Debug|x64.ActiveCfg = Debug|x64
		{1B379AF1-00A0-4A80-88AD-F205B4DA1CC9}.Debug|x64.Build.0 = Debug|x64
		{1B379AF1-00A0-4A80-88AD-F205B4DA1CC9}.Debug|x86.ActiveCfg = Debug|x86
		{1B379AF1-00A0-4A80-88AD-F205B4DA1CC9}.Debug|x86.Build.0 = Debug|x86
		{1B379AF1-00A0-4A80-88AD-F205B4DA1CC9}.Release|x64.ActiveCfg = Release|x64
		{1B379AF1-00A0-4A80-88AD-F205B4DA1CC9}.Release|x64.Build.0 = Release|x64
		{1B379AF1-00A0-4A80-88AD-F205B4DA1CC9}.Release|x86.ActiveCfg = Release|x86
		{1B379AF1-00A0-4A80-88AD-F205B4DA1CC9}.Release|x86.Build.0 = Release|x86
		{AAE85C1A-539C-436A-82D4-44C612D6AD1A}.Debug|x64.ActiveCfg = Debug|x64
		{AAE85C1A-539C-436A-82D4-44C612D6AD1A}.Debug|x64.Build.0 = Debug|x64
		{AAE85C1A-539C-436A-82D4-44C612D6AD1A}.Debug|x86.ActiveCfg = Debug|x86
		{AAE85C1A-539C-436A-82D4-44C612D6AD1A}.Debug|x86.Build.0 = Debug|x86
		{AAE85C1A-539C-436A-82D4-44C612D6AD1A}.Release|x64.ActiveCfg = Release|x64
		{AAE85C1A-539C-436A-82D4-44C612D6AD1A}.Release|x64.Build.0 = Release|x64
		{AAE85C1A-539C-436A-82D4-44C612D6AD1A}.Release|x86.ActiveCfg = Release|x86
		{AAE85C1A-539C-436A-82D4-44C612D6AD1A}.Release|x86.Build.0 = Release|x86
		{BA78F31C-2455-4B18-A326-22A6EDC38854}.Debug|x64.ActiveCfg = Debug|x64
		{BA78F31C-2455-4B18-A326-22A6EDC38854}.Debug|x64.Build.0 = Debug|x64
		{BA78F31C-2455-4B18-A326-22A6EDC38854}.Debug|x86.ActiveCfg = Debug|x86
		{BA78F31C-2455-4B18-A326-22A6EDC38854}.Debug|x86.Build.0 = Debug|x86
		{BA78F31C-2455-4B18-A326-22A6EDC38854}.Release|x64.ActiveCfg = Release|x64
		{BA78F31C-2455-4B18-A326-22A6EDC38854}.Release|x64.Build.0 = Release|x64
		{BA78F31C-2455-4B18-A326-22A6EDC38854}.Release|x86.ActiveCfg = Release|x86
		{BA78F31C-2455-4B18-A326-22A6EDC38854}.Release|x86.Build.0 = Release|x86
		{D75BFEF8-3FBD-4AD7-9740-34A089EBC296}.Debug|x64.ActiveCfg = Debug|x64
		{D75BFEF8-3FBD-4AD7-9740-34A089EBC296}.Debug|x64.Build.0 = Debug|x64
		{D75BFEF8-3FBD-4AD7-9740-34A089EBC296}.Debug|x86.ActiveCfg = Debug|x86
		{D75BFEF8-3FBD-4AD7-9740-34A089EBC296}.Debug|x86.Build.0 = Debug|x86
		{D75BFEF8-3FBD-4AD7-9740-34A089EBC296}.Release|x64.ActiveCfg = Release|x64
		{D75BFEF8-3FBD-4AD7-9740-34A089EBC296}.Release|x64.Build.0 = Release|x64
		{D75BFEF8-3FBD-4AD7-9740-34A089EBC296}.Release|x86.ActiveCfg = Release|x86
		{D75BFEF8-3FBD-4AD7-9740-34A089EBC296}.Release|x86.Build.0 = Release|x86
		{2AA7BA95-971A-43AC-B40F-4969BDA65854}.Debug|x64.ActiveCfg = Debug|x64
		{2AA7BA95-971A-43AC-B40F-4969BDA65854}.Debug|x64.Build.0 = Debug|x64
		{2AA7BA95-971A-43AC-B40F-4969BDA65854}.Debug|x86.ActiveCfg = Debug|x86
		{2AA7BA95-971A-43AC-B40F-4969BDA65854}.Debug|x86.Build.0 = Debug|x86
		{2AA7BA95-971A-43AC-B40F-4969BDA65854}.Release|x64.ActiveCfg = Release|x64
		{2AA7BA95-971A-43AC-B40F-4969BDA65854}.Release|x64.Build.0 = Release|x64
		{2AA7BA95-971A-43AC-B40F-4969BDA65854}.Release|x86.ActiveCfg = Release|x86
		{2AA7BA95-971A-43AC-B40F-4969BDA65854}.Release|x86.Build.0 = Release|x86
		{56D84642-25AD-42EC-90D4-5AC674714067}.Debug|x64.ActiveCfg = Debug|x64
		{56D84642-25AD-42EC-90D4-5AC674714067}.Debug|x64.Build.0 = Debug|x64
		{56D84642-25AD-42EC-90D4-5AC674714067}.Debug|x86.ActiveCfg = Debug|x86
		{56D84642-25AD-42EC-90D4-5AC674714067}.Debug|x86.Build.0 = Debug|x86
		{56D84642-25AD-42EC-90D4-5AC674714067}.Release|x64.ActiveCfg = Release|x64
		{56D84642-25AD-42EC-90D4-5AC674714067}.Release|x64.Build.0 = Release|x64
		{56D84642-25AD-42EC-90D4-5AC674714067}.Release|x86.ActiveCfg = Release|x86
		{56D84642-25AD-42EC-90D4-5AC674714067}.Release|x86.Build.0 = Release|x86
		{FB033809-6F6C-4167-86B3-ED3BBC8819EE}.Debug|x64.ActiveCfg = Debug|x64
		{FB033809-6F6C-4167-86B3-ED3BBC8819EE}.Debug|x64.Build.0 = Debug|x64
		{FB033809-6F6C-4167-86B3-ED3BBC8819EE}.Debug|x86.ActiveCfg = Debug|x86
		{FB033809-6F6C-4167-86B3-ED3BBC8819EE}.Debug|x86.Build.0 = Debug|x86
		{FB033809-6F6C-4167-86B3-ED3BBC8819EE}.Release|x64.ActiveCfg = Release|x64
		{FB033809-6F6C-4167-86B3-ED3BBC8819EE}.Release|x64.Build.0 = Release|x64
		{FB033809-6F6C-4167-86B3-ED3BBC8819EE}.Release|x86.ActiveCfg = Release|x86
		{FB033809-6F6C-4167-86B3-ED3BBC8819EE}.Release|x86.Build.0 = Release|x86
		{3162A9B2-6388-4661-8B83-D7ABFEFB486C}.Debug|x64.ActiveCfg = Debug|x64
		{3162A9B2-6388-4661-8B83-D7ABFEFB486C}.Debug|x64.Build.0 = Debug|x64
		{3162A9B2-6388-4661-8B83-D7ABFEFB486C}.Debug|x86.ActiveCfg = Debug|x86
		{3162A9B2-6388-4661-8B83-D7ABFEFB486C}.Debug|x86.Build.0 = Debug|x86
		{3162A9B2-6388-4661-8B83-D7ABFEFB486C}.Release|x64.ActiveCfg = Release|x64
		{3162A9B2-6388-4661-8B83-D7ABFEFB486C}.Release|x64.Build.0 = Release|x64
		{3162A9B2-6388-4661-8B83-D7ABFEFB486C}.Release|x86.ActiveCfg = Release|x86
		{3162A9B2-6388-4661-8B83-D7ABFEFB486C}.Release|x86.Build.0 = Release|x86
		{B3A68331-90C8-4998-B173-9C6F3D76EFBD}.Debug|x64.ActiveCfg = Debug|x64
		{B3A68331-90C8-4998-B173-9C6F3D76EFBD}.Debug|x64.Build.0 = Debug|x64
		{B3A68331-90C8-4998-B173-9C6F3D76EFBD}.Debug|x86.ActiveCfg = Debug|x86
		{B3A68331-90C8-4998-B173-9C6F3D76EFBD}.Debug|x86.Build.0 = Debug|x86
		{B3A68331-90C8-4998-B173-9C6F3D76EFBD}.Release|x64.ActiveCfg = Release|x64
		{B3A68331-90C8-4998-B173-9C6F3D76EFBD}.Release|x64.Build.0 = Release|x64
		{B3A68331-90C8-4998-B173-9C6F3D76EFBD}.Release|x86.ActiveCfg = Release|x86
		{B3A68331-90C8-4998-B173-9C6F3D76EFBD}.Release|x86.Build.0 = Release|x86
		{CB0114E8-6458-4D32-AC20-BAC7FDFAB8AB}.Debug|x64.ActiveCfg = Debug|x64
		{CB0114E8-6458-4D32-AC20-BAC7FDFAB8AB}.Debug|x64.Build.0 = Debug|x64
		{CB0114E8-6458-4D32-AC20-BAC7FDFAB8AB}.Debug|x86.ActiveCfg = Debug|x86
		{CB0114E8-6458-4D32-AC20-BAC7FDFAB8AB}.Debug|x86.Build.0 = Debug|x86
		{CB0114E8-6458-4D32-AC20-BAC7FDFAB8AB}.Release|x64.ActiveCfg = Release|x64
		{CB0114E8-6458-4D32-AC20-BAC7FDFAB8AB}.Release|x64.Build.0 = Release|x64
		{CB0114E8-6458-4D32-AC20-BAC7FDFAB8AB}.Release|x86.ActiveCfg = Release|x86
		{CB0114E8-6458-4D32-AC20-BAC7FDFAB8AB}.Release|x86.Build.0 = Release|x86
		{10ED6486-4555-4534-A450-C3FA6623F90B}.Debug|x64.ActiveCfg = Debug|x64
		{10ED6486-4555-4534-A450-C3FA6623F90B}.Debug|x64.Build.0 = Debug|x64
		{10ED6486-4555-4534-A450-C3FA6623F90B}.Debug|x86.ActiveCfg = Debug|x86
		{10ED6486-4555-4534-A450-C3FA6623F90B}.Debug|x86.Build.0 = Debug|x86
		{10ED6486-4555-4534-A450-C3FA6623F90B}.Release|x64.ActiveCfg = Release|x64
		{10ED6486-4555-4534-A450-C3FA6623F90B}.Release|x64.Build.0 = Release|x64
		{10ED6486-4555-4534-A450-C3FA6623F90B}.Release|x86.ActiveCfg = Release|x86
		{10ED6486-4555-4534-A450-C3FA6623F90B}.Release|x86.Build.0 = Release|x86
		{C9B6FFD8-DEC1-47EE-BD48-9CEFA311FC6D}.Debug|x64.ActiveCfg = Debug|x64
		{C9B6FFD8-DEC1-47EE-BD48-9CEFA311FC6D}.Debug|x64.Build.0 = Debug|x64
		{C9B6FFD8-DEC1-47EE-BD48-9CEFA311FC6D}.Debug|x86.ActiveCfg = Debug|x86
		{C9B6FFD8-DEC1-47EE-BD48-9CEFA311FC6D}.Debug|x86.Build.0 = Debug|x86
		{C9B6FFD8-DEC1-47EE-BD48-9CEFA311FC6D}.Release|x64.ActiveCfg = Release|x64
		{C9B6FFD8-DEC1-47EE-BD48-9CEFA311FC6D}.Release|x64.Build.0 = Release|x64
		{C9B6FFD8-DEC1-47EE-BD48-9CEFA311FC6D}.Release|x86.ActiveCfg = Release|x86
		{C9B6FFD8-DEC1-47EE-BD48-9CEFA311FC6D}.Release|x86.Build.0 = Release|x86
		{2ADE0A22-9E08-4B39-A21A-1446EF7A015B}.Debug|x64.ActiveCfg = Debug|x64
		{2ADE0A22-9E08-4B39-A21A-1446EF7A015B}.Debug|x64.Build.0 = Debug|x64
		{2ADE0A22-9E08-4B39-A21A-1446EF7A015B}.Debug|x86.ActiveCfg = Debug|x86
		{2ADE0A22-9E08-4B39-A21A-1446EF7A015B}.Debug|x86.Build.0 = Debug|x86
		{2ADE0A22-9E08-4B39-A21A-1446EF7A015B}.Release|x64.ActiveCfg = Release|x64
		{2ADE0A22-9E08-4B39-A21A-1446EF7A015B}.Release|x64.Build.0 = Release|x64
		{2ADE0A22-9E08-4B39-A21A-1446EF7A015B}.Release|x86.ActiveCfg = Release|x86
		{2ADE0A22-9E08-4B39-A21A-1446EF7A015B}.Release|x86.Build.0 = Release|x86
		{DAEA4251-4036-48DD-B8CE-BDE2B08D489F}.Debug|x64.ActiveCfg = Debug|x64
		{DAEA4251-4036-48DD-B8CE-BDE2B08D489F}.Debug|x64.Build.0 = Debug|x64
		{DAEA4251-4036-48DD-B8CE-BDE2B08D489F}.Debug|x86.ActiveCfg = Debug|x86
		{DAEA4251-4036-48DD-B8CE-BDE2B08D489F}.Debug|x86.Build.0 = Debug|x86
		{DAEA4251-4036-48DD-B8CE-BDE2B08D489F}.Release|x64.ActiveCfg = Release|x64
		{DAEA4251-4036-48DD-B8CE-BDE2B08D489F}.Release|x64.Build.0 = Release|x64
		{DAEA4251-4036-48DD-B8CE-BDE2B08D489F}.Release|x86.ActiveCfg = Release|x86
		{DAEA4251-4036-48DD-B8CE-BDE2B08D489F}.Release|x86.Build.0 = Release|x86
		{7D28C0E6-88B5-470A-B76D-3B86E0F211BE}.Debug|x64.ActiveCfg = Debug|x64
		{7D28C0E6-88B5-470A-B76D-3B86E0F211BE}.Debug|x64.Build.0 = Debug|x64
		{7D28C0E6-88B5-470A-B76D-3B86E0F211BE}.Debug|x86.ActiveCfg = Debug|x86
		{7D28C0E6-88B5-470A-B76D-3B86E0F211BE}.Debug|x86.Build.0 = Debug|x86
		{7D28C0E6-88B5-470A-B76D-3B86E0F211BE}.Release|x64.ActiveCfg = Release|x64
		{7D28C0E6-88B5-470A-B76D-3B86E0F211BE}.Release|x64.Build.0 = Release|x64
		{7D28C0E6-88B5-470A-B76D-3B86E0F211BE}.Release|x86.ActiveCfg = Release|x86
		{7D28C0E6-88B5-470A-B76D-3B86E0F211BE}.Release|x86.Build.0 = Release|x86
		{7F53D299-FC30-43CC-9C8B-521A14724A64}.Debug|x64.ActiveCfg = Debug|x64
		{7F53D299-FC30-43CC-9C8B-521A14724A64}.Debug|x64.Build.0 = Debug|x64
		{7F53D299-FC30-43CC-9C8B-521A14724A64}.Debug|x86.ActiveCfg = Debug|x86
		{7F53D299-FC30-43CC-9C8B-521A14724A64}.Debug|x86.Build.0 = Debug|x86
		{7F53D299-FC30-43CC-9C8B-521A14724A64}.Release|x64.ActiveCfg = Release|x64
		{7F53D299-FC30-43CC-9C8B-521A14724A64}.Release|x64.Build.0 = Release|x64
		{7F53D299-FC30-43CC-9C8B-521A14724A64}.Release|x86.ActiveCfg = Release|x86
		{7F53D299-FC30-43CC-9C8B-521A14724A64}.Release|x86.Build.0 = Release|x86
		{59B1FC47-BA78-427E-9BA0-21AC8D975521}.Debug|x64.ActiveCfg = Debug|x64
		{59B1FC47-BA78-427E-9BA0-21AC8D975521}.Debug|x64.Build.0 = Debug|x64
		{59B1FC47-BA78-427E-9BA0-21AC8D975521}.Debug|x86.ActiveCfg = Debug|x86
		{59B1FC47-BA78-427E-9BA0-21AC8D975521}.Debug|x86.Build.0 = Debug|x86
		{59B1FC47-BA78-427E-9BA0-21AC8D975521}.Release|x64.ActiveCfg = Release|x64
		{59B1FC47-BA78-427E-9BA0-21AC8D975521}.Release|x64.Build.0 = Release|x64
		{59B1FC47-BA78-427E-9BA0-21AC8D975521}.Release|x86.ActiveCfg = Release|x86
		{59B1FC47-BA78-427E-9BA0-21AC8D975521}.Release|x86.Build.0 = Release|x86
		{901E4EE7-468B-4641-89BC-3C2325175917}.Debug|x64.ActiveCfg = Debug|x64
		{901E4EE7-468B-4641-89BC-3C2325175917}.Debug|x64.Build.0 = Debug|x64
		{901E4EE7-468B-4641-89BC-3C2325175917}.Debug|x86.ActiveCfg = Debug|x86
		{901E4EE7-468B-4641-89BC-3C2325175917}.Debug|x86.Build.0 = Debug|x86
		{901E4EE7-468B-4641-89BC-3C2325175917}.Release|x64.ActiveCfg = Release|x64
		{901E4EE7-468B-4641-89BC-3C2325175917}.Release|x64.Build.0 = Release|x64
		{901E4EE7-468B-4641-89BC-3C2325175917}.Release|x86.ActiveCfg = Release|x86
		{901E4EE7-468B-4641-89BC-3C2325175917}.Release|x86.Build.0 = Release|x86
		{1756CDB0-14CB-4AFC-AD93-6B6B6C20E6F1}.Debug|x64.ActiveCfg = Debug|x64
		{1756CDB0-14CB-4AFC-AD93-6B6B6C20E6F1}.Debug|x64.Build.0 = Debug|x64
		{1756CDB0-14CB-4AFC-AD93-6B6B6C20E6F1}.Debug|x86.ActiveCfg = Debug|x86
		{1756CDB0-14CB-4AFC-AD93-6B6B6C20E6F1}.Debug|x86.Build.0 = Debug|x86
		{1756CDB0-14CB-4AFC-AD93-6B6B6C20E6F1}.Release|x64.ActiveCfg = Release|x64
		{1756CDB0-14CB-4AFC-AD93-6B6B6C20E6F1}.Release|x64.Build.0 = Release|x64
		{1756CDB0-14CB-4AFC-AD93-6B6B6C20E6F1}.Release|x86.ActiveCfg = Release|x86
		{1756CDB0-14CB-4AFC-AD93-6B6B6C20E6F1}.Release|x86.Build.0 = Release|x86
		{95C30588-2D25-4105-96E4-AA14CA36B1FF}.Debug|x64.ActiveCfg = Debug|x64
		{95C30588-2D25-4105-96E4-AA14CA36B1FF}.Debug|x64.Build.0 = Debug|x64
		{95C30588-2D25-4105-96E4-AA14CA36B1FF}.Debug|x86.ActiveCfg = Debug|x86
		{95C30588-2D25-4105-96E4-AA14CA36B1FF}.Debug|x86.Build.0 = Debug|x86
		{95C30588-2D25-4105-96E4-AA14CA36B1FF}.Release|x64.ActiveCfg = Release|x64
		{95C30588-2D25-4105-96E4-AA14CA36B1FF}.Release|x64.Build.0 = Release|x64
		{95C30588-2D25-4105-96E4-AA14CA36B1FF}.Release|x86.ActiveCfg = Release|x86
		{95C30588-2D25-4105-96E4-AA14CA36B1FF}.Release|x86.Build.0 = Release|x86
	EndGlobalSection
	GlobalSection(SolutionProperties) = preSolution
		HideSolutionNode = FALSE
	EndGlobalSection
	GlobalSection(ExtensibilityGlobals) = postSolution
		SolutionGuid = {B6DC34BB-3AC3-4F22-A4E1-4A5FDDAFBA71}
	EndGlobalSection
EndGlobal
