
Microsoft Visual Studio Solution File, Format Version 12.00
# Visual Studio Version 17
VisualStudioVersion = 17.11.35327.3
MinimumVisualStudioVersion = 10.0.40219.1
Project("{FAE04EC0-301F-11D3-BF4B-00C04F79EFBC}") = "Problem_100", "..\Problem_100\Problem_100.csproj", "{B17FFDD7-6ED3-4674-A1DF-FB194183F610}"
EndProject
Project("{FAE04EC0-301F-11D3-BF4B-00C04F79EFBC}") = "Problem_938", "..\Problem_938\Problem_938.csproj", "{C5BBC043-0B42-4565-A74E-F856A67E1EC4}"
EndProject
Project("{FAE04EC0-301F-11D3-BF4B-00C04F79EFBC}") = "Problem_652", "..\Problem_652\Problem_652.csproj", "{7D28C0E6-88B5-470A-B76D-3B86E0F211BE}"
EndProject
Project("{FAE04EC0-301F-11D3-BF4B-00C04F79EFBC}") = "Problem_515", "..\Problem_515\Problem_515.csproj", "{5CAB6B92-3F40-4D9E-800C-5F6383D4EBDC}"
EndProject
Project("{FAE04EC0-301F-11D3-BF4B-00C04F79EFBC}") = "Problem_297", "..\Problem_297\Problem_297.csproj", "{6C2CEF17-4E00-41D0-B350-DB9825138C6D}"
EndProject
Project("{FAE04EC0-301F-11D3-BF4B-00C04F79EFBC}") = "Problem_257", "..\Problem_257\Problem_257.csproj", "{96F74C73-031B-466E-AD1D-86A3C6C3F046}"
EndProject
Project("{FAE04EC0-301F-11D3-BF4B-00C04F79EFBC}") = "Problem_236", "..\Problem_236\Problem_236.csproj", "{120AB6DB-B8AF-405A-AE05-BC0C15353866}"
EndProject
Project("{FAE04EC0-301F-11D3-BF4B-00C04F79EFBC}") = "Problem_2331", "..\Problem_2331\Problem_2331.csproj", "{D95C400E-18DB-4247-8747-9C35843E1EB9}"
EndProject
Project("{FAE04EC0-301F-11D3-BF4B-00C04F79EFBC}") = "Problem_226", "..\Problem_226\Problem_226.csproj", "{FCBF9983-2DC8-4C77-A839-A38C35D64AB0}"
EndProject
Project("{FAE04EC0-301F-11D3-BF4B-00C04F79EFBC}") = "Problem_222", "..\Problem_222\Problem_222.csproj", "{074B0477-6B4F-4F23-92C0-121F8C9C76AE}"
EndProject
Project("{FAE04EC0-301F-11D3-BF4B-00C04F79EFBC}") = "Problem_144", "..\Problem_144\Problem_144.csproj", "{DC643CDD-9075-48D1-A8E6-0C79BE6A4108}"
EndProject
Project("{FAE04EC0-301F-11D3-BF4B-00C04F79EFBC}") = "Problem_1379", "..\Problem_1379\Problem_1379.csproj", "{1B379AF1-00A0-4A80-88AD-F205B4DA1CC9}"
EndProject
Project("{FAE04EC0-301F-11D3-BF4B-00C04F79EFBC}") = "Problem_1367", "..\Problem_1367\Problem_1367.csproj", "{30997621-7D19-4FBC-8E0C-D088E64A127B}"
EndProject
Project("{FAE04EC0-301F-11D3-BF4B-00C04F79EFBC}") = "Problem_1302", "..\Problem_1302\Problem_1302.csproj", "{59174C6A-1D19-4747-951B-C8C1B1D51C04}"
EndProject
Project("{FAE04EC0-301F-11D3-BF4B-00C04F79EFBC}") = "Problem_112", "..\Problem_112\Problem_112.csproj", "{39DF7C80-D924-41E3-8AB3-ED4D3EEE5932}"
EndProject
Project("{FAE04EC0-301F-11D3-BF4B-00C04F79EFBC}") = "Problem_110", "..\Problem_110\Problem_110.csproj", "{59B1FC47-BA78-427E-9BA0-21AC8D975521}"
EndProject
Project("{FAE04EC0-301F-11D3-BF4B-00C04F79EFBC}") = "Problem_108", "..\Problem_108\Problem_108.csproj", "{022F36AF-5BE7-4FFD-875E-17704FC04DED}"
EndProject
Project("{FAE04EC0-301F-11D3-BF4B-00C04F79EFBC}") = "Problem_106", "..\Problem_106\Problem_106.csproj", "{0D1A2EE6-7508-4506-96BF-2CF8573D5A84}"
EndProject
Project("{FAE04EC0-301F-11D3-BF4B-00C04F79EFBC}") = "Problem_105", "..\Problem_105\Problem_105.csproj", "{D63E10EF-4FB7-453E-9AA6-2E1F54132254}"
EndProject
Project("{FAE04EC0-301F-11D3-BF4B-00C04F79EFBC}") = "Problem_104", "..\Problem_104\Problem_104.csproj", "{BC17251F-FC57-4C7A-9653-3613F4C28E3E}"
EndProject
Project("{FAE04EC0-301F-11D3-BF4B-00C04F79EFBC}") = "Problem_1038", "..\Problem_1038\Problem_1038.csproj", "{CF6AF4BE-AA4F-47C7-80D3-2A5B91270E69}"
EndProject
Project("{FAE04EC0-301F-11D3-BF4B-00C04F79EFBC}") = "Problem_102", "..\Problem_102\Problem_102.csproj", "{B96ECD20-0E83-424B-A31D-391BDBB2F3E8}"
EndProject
Project("{FAE04EC0-301F-11D3-BF4B-00C04F79EFBC}") = "Problem_101", "..\Problem_101\Problem_101.csproj", "{6752A951-E023-42CC-A11D-160159E1620B}"
EndProject
Global
	GlobalSection(SolutionConfigurationPlatforms) = preSolution
		Debug|x64 = Debug|x64
		Debug|x86 = Debug|x86
		Release|x64 = Release|x64
		Release|x86 = Release|x86
	EndGlobalSection
	GlobalSection(ProjectConfigurationPlatforms) = postSolution
		{B17FFDD7-6ED3-4674-A1DF-FB194183F610}.Debug|x64.ActiveCfg = Debug|x64
		{B17FFDD7-6ED3-4674-A1DF-FB194183F610}.Debug|x64.Build.0 = Debug|x64
		{B17FFDD7-6ED3-4674-A1DF-FB194183F610}.Debug|x86.ActiveCfg = Debug|x86
		{B17FFDD7-6ED3-4674-A1DF-FB194183F610}.Debug|x86.Build.0 = Debug|x86
		{B17FFDD7-6ED3-4674-A1DF-FB194183F610}.Release|x64.ActiveCfg = Release|x64
		{B17FFDD7-6ED3-4674-A1DF-FB194183F610}.Release|x64.Build.0 = Release|x64
		{B17FFDD7-6ED3-4674-A1DF-FB194183F610}.Release|x86.ActiveCfg = Release|x86
		{B17FFDD7-6ED3-4674-A1DF-FB194183F610}.Release|x86.Build.0 = Release|x86
		{C5BBC043-0B42-4565-A74E-F856A67E1EC4}.Debug|x64.ActiveCfg = Debug|x64
		{C5BBC043-0B42-4565-A74E-F856A67E1EC4}.Debug|x64.Build.0 = Debug|x64
		{C5BBC043-0B42-4565-A74E-F856A67E1EC4}.Debug|x86.ActiveCfg = Debug|x86
		{C5BBC043-0B42-4565-A74E-F856A67E1EC4}.Debug|x86.Build.0 = Debug|x86
		{C5BBC043-0B42-4565-A74E-F856A67E1EC4}.Release|x64.ActiveCfg = Release|x64
		{C5BBC043-0B42-4565-A74E-F856A67E1EC4}.Release|x64.Build.0 = Release|x64
		{C5BBC043-0B42-4565-A74E-F856A67E1EC4}.Release|x86.ActiveCfg = Release|x86
		{C5BBC043-0B42-4565-A74E-F856A67E1EC4}.Release|x86.Build.0 = Release|x86
		{7D28C0E6-88B5-470A-B76D-3B86E0F211BE}.Debug|x64.ActiveCfg = Debug|x64
		{7D28C0E6-88B5-470A-B76D-3B86E0F211BE}.Debug|x64.Build.0 = Debug|x64
		{7D28C0E6-88B5-470A-B76D-3B86E0F211BE}.Debug|x86.ActiveCfg = Debug|x86
		{7D28C0E6-88B5-470A-B76D-3B86E0F211BE}.Debug|x86.Build.0 = Debug|x86
		{7D28C0E6-88B5-470A-B76D-3B86E0F211BE}.Release|x64.ActiveCfg = Release|x64
		{7D28C0E6-88B5-470A-B76D-3B86E0F211BE}.Release|x64.Build.0 = Release|x64
		{7D28C0E6-88B5-470A-B76D-3B86E0F211BE}.Release|x86.ActiveCfg = Release|x86
		{7D28C0E6-88B5-470A-B76D-3B86E0F211BE}.Release|x86.Build.0 = Release|x86
		{5CAB6B92-3F40-4D9E-800C-5F6383D4EBDC}.Debug|x64.ActiveCfg = Debug|x64
		{5CAB6B92-3F40-4D9E-800C-5F6383D4EBDC}.Debug|x64.Build.0 = Debug|x64
		{5CAB6B92-3F40-4D9E-800C-5F6383D4EBDC}.Debug|x86.ActiveCfg = Debug|x86
		{5CAB6B92-3F40-4D9E-800C-5F6383D4EBDC}.Debug|x86.Build.0 = Debug|x86
		{5CAB6B92-3F40-4D9E-800C-5F6383D4EBDC}.Release|x64.ActiveCfg = Release|x64
		{5CAB6B92-3F40-4D9E-800C-5F6383D4EBDC}.Release|x64.Build.0 = Release|x64
		{5CAB6B92-3F40-4D9E-800C-5F6383D4EBDC}.Release|x86.ActiveCfg = Release|x86
		{5CAB6B92-3F40-4D9E-800C-5F6383D4EBDC}.Release|x86.Build.0 = Release|x86
		{6C2CEF17-4E00-41D0-B350-DB9825138C6D}.Debug|x64.ActiveCfg = Debug|x64
		{6C2CEF17-4E00-41D0-B350-DB9825138C6D}.Debug|x64.Build.0 = Debug|x64
		{6C2CEF17-4E00-41D0-B350-DB9825138C6D}.Debug|x86.ActiveCfg = Debug|x86
		{6C2CEF17-4E00-41D0-B350-DB9825138C6D}.Debug|x86.Build.0 = Debug|x86
		{6C2CEF17-4E00-41D0-B350-DB9825138C6D}.Release|x64.ActiveCfg = Release|x64
		{6C2CEF17-4E00-41D0-B350-DB9825138C6D}.Release|x64.Build.0 = Release|x64
		{6C2CEF17-4E00-41D0-B350-DB9825138C6D}.Release|x86.ActiveCfg = Release|x86
		{6C2CEF17-4E00-41D0-B350-DB9825138C6D}.Release|x86.Build.0 = Release|x86
		{96F74C73-031B-466E-AD1D-86A3C6C3F046}.Debug|x64.ActiveCfg = Debug|x64
		{96F74C73-031B-466E-AD1D-86A3C6C3F046}.Debug|x64.Build.0 = Debug|x64
		{96F74C73-031B-466E-AD1D-86A3C6C3F046}.Debug|x86.ActiveCfg = Debug|x86
		{96F74C73-031B-466E-AD1D-86A3C6C3F046}.Debug|x86.Build.0 = Debug|x86
		{96F74C73-031B-466E-AD1D-86A3C6C3F046}.Release|x64.ActiveCfg = Release|x64
		{96F74C73-031B-466E-AD1D-86A3C6C3F046}.Release|x64.Build.0 = Release|x64
		{96F74C73-031B-466E-AD1D-86A3C6C3F046}.Release|x86.ActiveCfg = Release|x86
		{96F74C73-031B-466E-AD1D-86A3C6C3F046}.Release|x86.Build.0 = Release|x86
		{120AB6DB-B8AF-405A-AE05-BC0C15353866}.Debug|x64.ActiveCfg = Debug|x64
		{120AB6DB-B8AF-405A-AE05-BC0C15353866}.Debug|x64.Build.0 = Debug|x64
		{120AB6DB-B8AF-405A-AE05-BC0C15353866}.Debug|x86.ActiveCfg = Debug|x86
		{120AB6DB-B8AF-405A-AE05-BC0C15353866}.Debug|x86.Build.0 = Debug|x86
		{120AB6DB-B8AF-405A-AE05-BC0C15353866}.Release|x64.ActiveCfg = Release|x64
		{120AB6DB-B8AF-405A-AE05-BC0C15353866}.Release|x64.Build.0 = Release|x64
		{120AB6DB-B8AF-405A-AE05-BC0C15353866}.Release|x86.ActiveCfg = Release|x86
		{120AB6DB-B8AF-405A-AE05-BC0C15353866}.Release|x86.Build.0 = Release|x86
		{D95C400E-18DB-4247-8747-9C35843E1EB9}.Debug|x64.ActiveCfg = Debug|x64
		{D95C400E-18DB-4247-8747-9C35843E1EB9}.Debug|x64.Build.0 = Debug|x64
		{D95C400E-18DB-4247-8747-9C35843E1EB9}.Debug|x86.ActiveCfg = Debug|x86
		{D95C400E-18DB-4247-8747-9C35843E1EB9}.Debug|x86.Build.0 = Debug|x86
		{D95C400E-18DB-4247-8747-9C35843E1EB9}.Release|x64.ActiveCfg = Release|x64
		{D95C400E-18DB-4247-8747-9C35843E1EB9}.Release|x64.Build.0 = Release|x64
		{D95C400E-18DB-4247-8747-9C35843E1EB9}.Release|x86.ActiveCfg = Release|x86
		{D95C400E-18DB-4247-8747-9C35843E1EB9}.Release|x86.Build.0 = Release|x86
		{FCBF9983-2DC8-4C77-A839-A38C35D64AB0}.Debug|x64.ActiveCfg = Debug|x64
		{FCBF9983-2DC8-4C77-A839-A38C35D64AB0}.Debug|x64.Build.0 = Debug|x64
		{FCBF9983-2DC8-4C77-A839-A38C35D64AB0}.Debug|x86.ActiveCfg = Debug|x86
		{FCBF9983-2DC8-4C77-A839-A38C35D64AB0}.Debug|x86.Build.0 = Debug|x86
		{FCBF9983-2DC8-4C77-A839-A38C35D64AB0}.Release|x64.ActiveCfg = Release|x64
		{FCBF9983-2DC8-4C77-A839-A38C35D64AB0}.Release|x64.Build.0 = Release|x64
		{FCBF9983-2DC8-4C77-A839-A38C35D64AB0}.Release|x86.ActiveCfg = Release|x86
		{FCBF9983-2DC8-4C77-A839-A38C35D64AB0}.Release|x86.Build.0 = Release|x86
		{074B0477-6B4F-4F23-92C0-121F8C9C76AE}.Debug|x64.ActiveCfg = Debug|x64
		{074B0477-6B4F-4F23-92C0-121F8C9C76AE}.Debug|x64.Build.0 = Debug|x64
		{074B0477-6B4F-4F23-92C0-121F8C9C76AE}.Debug|x86.ActiveCfg = Debug|x86
		{074B0477-6B4F-4F23-92C0-121F8C9C76AE}.Debug|x86.Build.0 = Debug|x86
		{074B0477-6B4F-4F23-92C0-121F8C9C76AE}.Release|x64.ActiveCfg = Release|x64
		{074B0477-6B4F-4F23-92C0-121F8C9C76AE}.Release|x64.Build.0 = Release|x64
		{074B0477-6B4F-4F23-92C0-121F8C9C76AE}.Release|x86.ActiveCfg = Release|x86
		{074B0477-6B4F-4F23-92C0-121F8C9C76AE}.Release|x86.Build.0 = Release|x86
		{DC643CDD-9075-48D1-A8E6-0C79BE6A4108}.Debug|x64.ActiveCfg = Debug|x64
		{DC643CDD-9075-48D1-A8E6-0C79BE6A4108}.Debug|x64.Build.0 = Debug|x64
		{DC643CDD-9075-48D1-A8E6-0C79BE6A4108}.Debug|x86.ActiveCfg = Debug|x86
		{DC643CDD-9075-48D1-A8E6-0C79BE6A4108}.Debug|x86.Build.0 = Debug|x86
		{DC643CDD-9075-48D1-A8E6-0C79BE6A4108}.Release|x64.ActiveCfg = Release|x64
		{DC643CDD-9075-48D1-A8E6-0C79BE6A4108}.Release|x64.Build.0 = Release|x64
		{DC643CDD-9075-48D1-A8E6-0C79BE6A4108}.Release|x86.ActiveCfg = Release|x86
		{DC643CDD-9075-48D1-A8E6-0C79BE6A4108}.Release|x86.Build.0 = Release|x86
		{1B379AF1-00A0-4A80-88AD-F205B4DA1CC9}.Debug|x64.ActiveCfg = Debug|x64
		{1B379AF1-00A0-4A80-88AD-F205B4DA1CC9}.Debug|x64.Build.0 = Debug|x64
		{1B379AF1-00A0-4A80-88AD-F205B4DA1CC9}.Debug|x86.ActiveCfg = Debug|x86
		{1B379AF1-00A0-4A80-88AD-F205B4DA1CC9}.Debug|x86.Build.0 = Debug|x86
		{1B379AF1-00A0-4A80-88AD-F205B4DA1CC9}.Release|x64.ActiveCfg = Release|x64
		{1B379AF1-00A0-4A80-88AD-F205B4DA1CC9}.Release|x64.Build.0 = Release|x64
		{1B379AF1-00A0-4A80-88AD-F205B4DA1CC9}.Release|x86.ActiveCfg = Release|x86
		{1B379AF1-00A0-4A80-88AD-F205B4DA1CC9}.Release|x86.Build.0 = Release|x86
		{30997621-7D19-4FBC-8E0C-D088E64A127B}.Debug|x64.ActiveCfg = Debug|x64
		{30997621-7D19-4FBC-8E0C-D088E64A127B}.Debug|x64.Build.0 = Debug|x64
		{30997621-7D19-4FBC-8E0C-D088E64A127B}.Debug|x86.ActiveCfg = Debug|x86
		{30997621-7D19-4FBC-8E0C-D088E64A127B}.Debug|x86.Build.0 = Debug|x86
		{30997621-7D19-4FBC-8E0C-D088E64A127B}.Release|x64.ActiveCfg = Release|x64
		{30997621-7D19-4FBC-8E0C-D088E64A127B}.Release|x64.Build.0 = Release|x64
		{30997621-7D19-4FBC-8E0C-D088E64A127B}.Release|x86.ActiveCfg = Release|x86
		{30997621-7D19-4FBC-8E0C-D088E64A127B}.Release|x86.Build.0 = Release|x86
		{59174C6A-1D19-4747-951B-C8C1B1D51C04}.Debug|x64.ActiveCfg = Debug|x64
		{59174C6A-1D19-4747-951B-C8C1B1D51C04}.Debug|x64.Build.0 = Debug|x64
		{59174C6A-1D19-4747-951B-C8C1B1D51C04}.Debug|x86.ActiveCfg = Debug|x86
		{59174C6A-1D19-4747-951B-C8C1B1D51C04}.Debug|x86.Build.0 = Debug|x86
		{59174C6A-1D19-4747-951B-C8C1B1D51C04}.Release|x64.ActiveCfg = Release|x64
		{59174C6A-1D19-4747-951B-C8C1B1D51C04}.Release|x64.Build.0 = Release|x64
		{59174C6A-1D19-4747-951B-C8C1B1D51C04}.Release|x86.ActiveCfg = Release|x86
		{59174C6A-1D19-4747-951B-C8C1B1D51C04}.Release|x86.Build.0 = Release|x86
		{39DF7C80-D924-41E3-8AB3-ED4D3EEE5932}.Debug|x64.ActiveCfg = Debug|x64
		{39DF7C80-D924-41E3-8AB3-ED4D3EEE5932}.Debug|x64.Build.0 = Debug|x64
		{39DF7C80-D924-41E3-8AB3-ED4D3EEE5932}.Debug|x86.ActiveCfg = Debug|x86
		{39DF7C80-D924-41E3-8AB3-ED4D3EEE5932}.Debug|x86.Build.0 = Debug|x86
		{39DF7C80-D924-41E3-8AB3-ED4D3EEE5932}.Release|x64.ActiveCfg = Release|x64
		{39DF7C80-D924-41E3-8AB3-ED4D3EEE5932}.Release|x64.Build.0 = Release|x64
		{39DF7C80-D924-41E3-8AB3-ED4D3EEE5932}.Release|x86.ActiveCfg = Release|x86
		{39DF7C80-D924-41E3-8AB3-ED4D3EEE5932}.Release|x86.Build.0 = Release|x86
		{59B1FC47-BA78-427E-9BA0-21AC8D975521}.Debug|x64.ActiveCfg = Debug|x64
		{59B1FC47-BA78-427E-9BA0-21AC8D975521}.Debug|x64.Build.0 = Debug|x64
		{59B1FC47-BA78-427E-9BA0-21AC8D975521}.Debug|x86.ActiveCfg = Debug|x86
		{59B1FC47-BA78-427E-9BA0-21AC8D975521}.Debug|x86.Build.0 = Debug|x86
		{59B1FC47-BA78-427E-9BA0-21AC8D975521}.Release|x64.ActiveCfg = Release|x64
		{59B1FC47-BA78-427E-9BA0-21AC8D975521}.Release|x64.Build.0 = Release|x64
		{59B1FC47-BA78-427E-9BA0-21AC8D975521}.Release|x86.ActiveCfg = Release|x86
		{59B1FC47-BA78-427E-9BA0-21AC8D975521}.Release|x86.Build.0 = Release|x86
		{022F36AF-5BE7-4FFD-875E-17704FC04DED}.Debug|x64.ActiveCfg = Debug|x64
		{022F36AF-5BE7-4FFD-875E-17704FC04DED}.Debug|x64.Build.0 = Debug|x64
		{022F36AF-5BE7-4FFD-875E-17704FC04DED}.Debug|x86.ActiveCfg = Debug|x86
		{022F36AF-5BE7-4FFD-875E-17704FC04DED}.Debug|x86.Build.0 = Debug|x86
		{022F36AF-5BE7-4FFD-875E-17704FC04DED}.Release|x64.ActiveCfg = Release|x64
		{022F36AF-5BE7-4FFD-875E-17704FC04DED}.Release|x64.Build.0 = Release|x64
		{022F36AF-5BE7-4FFD-875E-17704FC04DED}.Release|x86.ActiveCfg = Release|x86
		{022F36AF-5BE7-4FFD-875E-17704FC04DED}.Release|x86.Build.0 = Release|x86
		{0D1A2EE6-7508-4506-96BF-2CF8573D5A84}.Debug|x64.ActiveCfg = Debug|x64
		{0D1A2EE6-7508-4506-96BF-2CF8573D5A84}.Debug|x64.Build.0 = Debug|x64
		{0D1A2EE6-7508-4506-96BF-2CF8573D5A84}.Debug|x86.ActiveCfg = Debug|x86
		{0D1A2EE6-7508-4506-96BF-2CF8573D5A84}.Debug|x86.Build.0 = Debug|x86
		{0D1A2EE6-7508-4506-96BF-2CF8573D5A84}.Release|x64.ActiveCfg = Release|x64
		{0D1A2EE6-7508-4506-96BF-2CF8573D5A84}.Release|x64.Build.0 = Release|x64
		{0D1A2EE6-7508-4506-96BF-2CF8573D5A84}.Release|x86.ActiveCfg = Release|x86
		{0D1A2EE6-7508-4506-96BF-2CF8573D5A84}.Release|x86.Build.0 = Release|x86
		{D63E10EF-4FB7-453E-9AA6-2E1F54132254}.Debug|x64.ActiveCfg = Debug|x64
		{D63E10EF-4FB7-453E-9AA6-2E1F54132254}.Debug|x64.Build.0 = Debug|x64
		{D63E10EF-4FB7-453E-9AA6-2E1F54132254}.Debug|x86.ActiveCfg = Debug|x86
		{D63E10EF-4FB7-453E-9AA6-2E1F54132254}.Debug|x86.Build.0 = Debug|x86
		{D63E10EF-4FB7-453E-9AA6-2E1F54132254}.Release|x64.ActiveCfg = Release|x64
		{D63E10EF-4FB7-453E-9AA6-2E1F54132254}.Release|x64.Build.0 = Release|x64
		{D63E10EF-4FB7-453E-9AA6-2E1F54132254}.Release|x86.ActiveCfg = Release|x86
		{D63E10EF-4FB7-453E-9AA6-2E1F54132254}.Release|x86.Build.0 = Release|x86
		{BC17251F-FC57-4C7A-9653-3613F4C28E3E}.Debug|x64.ActiveCfg = Debug|x64
		{BC17251F-FC57-4C7A-9653-3613F4C28E3E}.Debug|x64.Build.0 = Debug|x64
		{BC17251F-FC57-4C7A-9653-3613F4C28E3E}.Debug|x86.ActiveCfg = Debug|x86
		{BC17251F-FC57-4C7A-9653-3613F4C28E3E}.Debug|x86.Build.0 = Debug|x86
		{BC17251F-FC57-4C7A-9653-3613F4C28E3E}.Release|x64.ActiveCfg = Release|x64
		{BC17251F-FC57-4C7A-9653-3613F4C28E3E}.Release|x64.Build.0 = Release|x64
		{BC17251F-FC57-4C7A-9653-3613F4C28E3E}.Release|x86.ActiveCfg = Release|x86
		{BC17251F-FC57-4C7A-9653-3613F4C28E3E}.Release|x86.Build.0 = Release|x86
		{CF6AF4BE-AA4F-47C7-80D3-2A5B91270E69}.Debug|x64.ActiveCfg = Debug|x64
		{CF6AF4BE-AA4F-47C7-80D3-2A5B91270E69}.Debug|x64.Build.0 = Debug|x64
		{CF6AF4BE-AA4F-47C7-80D3-2A5B91270E69}.Debug|x86.ActiveCfg = Debug|x86
		{CF6AF4BE-AA4F-47C7-80D3-2A5B91270E69}.Debug|x86.Build.0 = Debug|x86
		{CF6AF4BE-AA4F-47C7-80D3-2A5B91270E69}.Release|x64.ActiveCfg = Release|x64
		{CF6AF4BE-AA4F-47C7-80D3-2A5B91270E69}.Release|x64.Build.0 = Release|x64
		{CF6AF4BE-AA4F-47C7-80D3-2A5B91270E69}.Release|x86.ActiveCfg = Release|x86
		{CF6AF4BE-AA4F-47C7-80D3-2A5B91270E69}.Release|x86.Build.0 = Release|x86
		{B96ECD20-0E83-424B-A31D-391BDBB2F3E8}.Debug|x64.ActiveCfg = Debug|x64
		{B96ECD20-0E83-424B-A31D-391BDBB2F3E8}.Debug|x64.Build.0 = Debug|x64
		{B96ECD20-0E83-424B-A31D-391BDBB2F3E8}.Debug|x86.ActiveCfg = Debug|x86
		{B96ECD20-0E83-424B-A31D-391BDBB2F3E8}.Debug|x86.Build.0 = Debug|x86
		{B96ECD20-0E83-424B-A31D-391BDBB2F3E8}.Release|x64.ActiveCfg = Release|x64
		{B96ECD20-0E83-424B-A31D-391BDBB2F3E8}.Release|x64.Build.0 = Release|x64
		{B96ECD20-0E83-424B-A31D-391BDBB2F3E8}.Release|x86.ActiveCfg = Release|x86
		{B96ECD20-0E83-424B-A31D-391BDBB2F3E8}.Release|x86.Build.0 = Release|x86
		{6752A951-E023-42CC-A11D-160159E1620B}.Debug|x64.ActiveCfg = Debug|x64
		{6752A951-E023-42CC-A11D-160159E1620B}.Debug|x64.Build.0 = Debug|x64
		{6752A951-E023-42CC-A11D-160159E1620B}.Debug|x86.ActiveCfg = Debug|x86
		{6752A951-E023-42CC-A11D-160159E1620B}.Debug|x86.Build.0 = Debug|x86
		{6752A951-E023-42CC-A11D-160159E1620B}.Release|x64.ActiveCfg = Release|x64
		{6752A951-E023-42CC-A11D-160159E1620B}.Release|x64.Build.0 = Release|x64
		{6752A951-E023-42CC-A11D-160159E1620B}.Release|x86.ActiveCfg = Release|x86
		{6752A951-E023-42CC-A11D-160159E1620B}.Release|x86.Build.0 = Release|x86
	EndGlobalSection
	GlobalSection(SolutionProperties) = preSolution
		HideSolutionNode = FALSE
	EndGlobalSection
	GlobalSection(ExtensibilityGlobals) = postSolution
		SolutionGuid = {BE3FBE23-17F6-434E-9850-C313560F07D4}
	EndGlobalSection
EndGlobal
