
Microsoft Visual Studio Solution File, Format Version 12.00
# Visual Studio Version 17
VisualStudioVersion = 17.11.35327.3
MinimumVisualStudioVersion = 10.0.40219.1
Project("{FAE04EC0-301F-11D3-BF4B-00C04F79EFBC}") = "Problem_92", "..\Problem_92\Problem_92.csproj", "{E95C402A-CAB1-446B-895F-EB2E621CF44C}"
EndProject
Project("{FAE04EC0-301F-11D3-BF4B-00C04F79EFBC}") = "Problem_876", "..\Problem_876\Problem_876.csproj", "{B5B38AA2-C39F-4A19-80F3-AFED3E843449}"
EndProject
Project("{FAE04EC0-301F-11D3-BF4B-00C04F79EFBC}") = "Problem_86", "..\Problem_86\Problem_86.csproj", "{F00226C1-0930-4FE0-A805-E0E6A2C28B34}"
EndProject
Project("{FAE04EC0-301F-11D3-BF4B-00C04F79EFBC}") = "Problem_83", "..\Problem_83\Problem_83.csproj", "{7F53D299-FC30-43CC-9C8B-521A14724A64}"
EndProject
Project("{FAE04EC0-301F-11D3-BF4B-00C04F79EFBC}") = "Problem_725", "..\Problem_725\Problem_725.csproj", "{0EF171C4-741F-43F9-B8F6-2F3C8B26FCDE}"
EndProject
Project("{FAE04EC0-301F-11D3-BF4B-00C04F79EFBC}") = "Problem_707", "..\Problem_707\Problem_707.csproj", "{1BFCF1DC-7264-40BB-A1C2-AEE77CF465BD}"
EndProject
Project("{FAE04EC0-301F-11D3-BF4B-00C04F79EFBC}") = "Problem_6914", "..\Problem_6914\Problem_6914.csproj", "{8897D523-B899-4208-B644-2A6C0643E9DB}"
EndProject
Project("{FAE04EC0-301F-11D3-BF4B-00C04F79EFBC}") = "Problem_61", "..\Problem_61\Problem_61.csproj", "{2ADE0A22-9E08-4B39-A21A-1446EF7A015B}"
EndProject
Project("{FAE04EC0-301F-11D3-BF4B-00C04F79EFBC}") = "Problem_328", "..\Problem_328\Problem_328.csproj", "{F2D9C75F-9BD0-4202-9064-8B08762D72CD}"
EndProject
Project("{FAE04EC0-301F-11D3-BF4B-00C04F79EFBC}") = "Problem_3217", "..\Problem_3217\Problem_3217.csproj", "{EE09CB0B-18B8-4348-848E-318D4199FF40}"
EndProject
Project("{FAE04EC0-301F-11D3-BF4B-00C04F79EFBC}") = "Problem_2807", "..\Problem_2807\Problem_2807.csproj", "{063BDEFD-A860-49D5-9845-AB7B8DF56AAA}"
EndProject
Project("{FAE04EC0-301F-11D3-BF4B-00C04F79EFBC}") = "Problem_24", "..\Problem_24\Problem_24.csproj", "{AAE85C1A-539C-436A-82D4-44C612D6AD1A}"
EndProject
Project("{FAE04EC0-301F-11D3-BF4B-00C04F79EFBC}") = "Problem_234", "..\Problem_234\Problem_234.csproj", "{D75BFEF8-3FBD-4AD7-9740-34A089EBC296}"
EndProject
Project("{FAE04EC0-301F-11D3-BF4B-00C04F79EFBC}") = "Problem_2326", "..\Problem_2326\Problem_2326.csproj", "{A40FA29C-BF57-4BDF-AC3E-D5AE3B53AE8B}"
EndProject
Project("{FAE04EC0-301F-11D3-BF4B-00C04F79EFBC}") = "Problem_2181", "..\Problem_2181\Problem_2181.csproj", "{0CAE8A31-9900-4FB4-AE34-693F6ACE7E02}"
EndProject
Project("{FAE04EC0-301F-11D3-BF4B-00C04F79EFBC}") = "Problem_2130", "..\Problem_2130\Problem_2130.csproj", "{AB0DA0CC-734D-40B7-8369-6EC9DB4794A8}"
EndProject
Project("{FAE04EC0-301F-11D3-BF4B-00C04F79EFBC}") = "Problem_21", "..\Problem_21\Problem_21.csproj", "{67ACD427-F0C7-4A1D-A7EE-F5E81176EC87}"
EndProject
Project("{FAE04EC0-301F-11D3-BF4B-00C04F79EFBC}") = "Problem_206", "..\Problem_206\Problem_206.csproj", "{36C5143F-40D6-4C46-A444-4B21AA2CE1B6}"
EndProject
Project("{FAE04EC0-301F-11D3-BF4B-00C04F79EFBC}") = "Problem_203", "..\Problem_203\Problem_203.csproj", "{729FD856-C0D1-46DA-80EC-E40A87740250}"
EndProject
Project("{FAE04EC0-301F-11D3-BF4B-00C04F79EFBC}") = "Problem_19", "..\Problem_19\Problem_19.csproj", "{D7D80767-3540-4018-AF7D-5CF2F436D205}"
EndProject
Project("{FAE04EC0-301F-11D3-BF4B-00C04F79EFBC}") = "Problem_1721", "..\Problem_1721\Problem_1721.csproj", "{50A1FA70-9581-4B3C-97C5-27E0793536A0}"
EndProject
Project("{FAE04EC0-301F-11D3-BF4B-00C04F79EFBC}") = "Problem_1669", "..\Problem_1669\Problem_1669.csproj", "{A7D4FEFE-870D-48D0-BC3C-B15D3124C76B}"
EndProject
Project("{FAE04EC0-301F-11D3-BF4B-00C04F79EFBC}") = "Problem_160", "..\Problem_160\Problem_160.csproj", "{02913524-ABD5-40ED-9CBE-E547B70B7821}"
EndProject
Project("{FAE04EC0-301F-11D3-BF4B-00C04F79EFBC}") = "Problem_148", "..\Problem_148\Problem_148.csproj", "{906045D6-03F0-46B7-AF39-6A62C4474D9E}"
EndProject
Project("{FAE04EC0-301F-11D3-BF4B-00C04F79EFBC}") = "Problem_142", "..\Problem_142\Problem_142.csproj", "{44812443-9228-4697-915B-4B3A94F2C120}"
EndProject
Project("{FAE04EC0-301F-11D3-BF4B-00C04F79EFBC}") = "Problem_141", "..\Problem_141\Problem_141.csproj", "{EF943C22-AC16-4EF2-B42C-A42181BA0757}"
EndProject
Project("{FAE04EC0-301F-11D3-BF4B-00C04F79EFBC}") = "Problem_1367", "..\Problem_1367\Problem_1367.csproj", "{30997621-7D19-4FBC-8E0C-D088E64A127B}"
EndProject
Project("{FAE04EC0-301F-11D3-BF4B-00C04F79EFBC}") = "Problem_1290", "..\Problem_1290\Problem_1290.csproj", "{7CBB09ED-D881-49D8-AE2C-D1B10BFF9D77}"
EndProject
Global
	GlobalSection(SolutionConfigurationPlatforms) = preSolution
		Debug|x64 = Debug|x64
		Debug|x86 = Debug|x86
		Release|x64 = Release|x64
		Release|x86 = Release|x86
	EndGlobalSection
	GlobalSection(ProjectConfigurationPlatforms) = postSolution
		{E95C402A-CAB1-446B-895F-EB2E621CF44C}.Debug|x64.ActiveCfg = Debug|x64
		{E95C402A-CAB1-446B-895F-EB2E621CF44C}.Debug|x64.Build.0 = Debug|x64
		{E95C402A-CAB1-446B-895F-EB2E621CF44C}.Debug|x86.ActiveCfg = Debug|x86
		{E95C402A-CAB1-446B-895F-EB2E621CF44C}.Debug|x86.Build.0 = Debug|x86
		{E95C402A-CAB1-446B-895F-EB2E621CF44C}.Release|x64.ActiveCfg = Release|x64
		{E95C402A-CAB1-446B-895F-EB2E621CF44C}.Release|x64.Build.0 = Release|x64
		{E95C402A-CAB1-446B-895F-EB2E621CF44C}.Release|x86.ActiveCfg = Release|x86
		{E95C402A-CAB1-446B-895F-EB2E621CF44C}.Release|x86.Build.0 = Release|x86
		{B5B38AA2-C39F-4A19-80F3-AFED3E843449}.Debug|x64.ActiveCfg = Debug|x64
		{B5B38AA2-C39F-4A19-80F3-AFED3E843449}.Debug|x64.Build.0 = Debug|x64
		{B5B38AA2-C39F-4A19-80F3-AFED3E843449}.Debug|x86.ActiveCfg = Debug|x86
		{B5B38AA2-C39F-4A19-80F3-AFED3E843449}.Debug|x86.Build.0 = Debug|x86
		{B5B38AA2-C39F-4A19-80F3-AFED3E843449}.Release|x64.ActiveCfg = Release|x64
		{B5B38AA2-C39F-4A19-80F3-AFED3E843449}.Release|x64.Build.0 = Release|x64
		{B5B38AA2-C39F-4A19-80F3-AFED3E843449}.Release|x86.ActiveCfg = Release|x86
		{B5B38AA2-C39F-4A19-80F3-AFED3E843449}.Release|x86.Build.0 = Release|x86
		{F00226C1-0930-4FE0-A805-E0E6A2C28B34}.Debug|x64.ActiveCfg = Debug|x64
		{F00226C1-0930-4FE0-A805-E0E6A2C28B34}.Debug|x64.Build.0 = Debug|x64
		{F00226C1-0930-4FE0-A805-E0E6A2C28B34}.Debug|x86.ActiveCfg = Debug|x86
		{F00226C1-0930-4FE0-A805-E0E6A2C28B34}.Debug|x86.Build.0 = Debug|x86
		{F00226C1-0930-4FE0-A805-E0E6A2C28B34}.Release|x64.ActiveCfg = Release|x64
		{F00226C1-0930-4FE0-A805-E0E6A2C28B34}.Release|x64.Build.0 = Release|x64
		{F00226C1-0930-4FE0-A805-E0E6A2C28B34}.Release|x86.ActiveCfg = Release|x86
		{F00226C1-0930-4FE0-A805-E0E6A2C28B34}.Release|x86.Build.0 = Release|x86
		{7F53D299-FC30-43CC-9C8B-521A14724A64}.Debug|x64.ActiveCfg = Debug|x64
		{7F53D299-FC30-43CC-9C8B-521A14724A64}.Debug|x64.Build.0 = Debug|x64
		{7F53D299-FC30-43CC-9C8B-521A14724A64}.Debug|x86.ActiveCfg = Debug|x86
		{7F53D299-FC30-43CC-9C8B-521A14724A64}.Debug|x86.Build.0 = Debug|x86
		{7F53D299-FC30-43CC-9C8B-521A14724A64}.Release|x64.ActiveCfg = Release|x64
		{7F53D299-FC30-43CC-9C8B-521A14724A64}.Release|x64.Build.0 = Release|x64
		{7F53D299-FC30-43CC-9C8B-521A14724A64}.Release|x86.ActiveCfg = Release|x86
		{7F53D299-FC30-43CC-9C8B-521A14724A64}.Release|x86.Build.0 = Release|x86
		{0EF171C4-741F-43F9-B8F6-2F3C8B26FCDE}.Debug|x64.ActiveCfg = Debug|x64
		{0EF171C4-741F-43F9-B8F6-2F3C8B26FCDE}.Debug|x64.Build.0 = Debug|x64
		{0EF171C4-741F-43F9-B8F6-2F3C8B26FCDE}.Debug|x86.ActiveCfg = Debug|x86
		{0EF171C4-741F-43F9-B8F6-2F3C8B26FCDE}.Debug|x86.Build.0 = Debug|x86
		{0EF171C4-741F-43F9-B8F6-2F3C8B26FCDE}.Release|x64.ActiveCfg = Release|x64
		{0EF171C4-741F-43F9-B8F6-2F3C8B26FCDE}.Release|x64.Build.0 = Release|x64
		{0EF171C4-741F-43F9-B8F6-2F3C8B26FCDE}.Release|x86.ActiveCfg = Release|x86
		{0EF171C4-741F-43F9-B8F6-2F3C8B26FCDE}.Release|x86.Build.0 = Release|x86
		{1BFCF1DC-7264-40BB-A1C2-AEE77CF465BD}.Debug|x64.ActiveCfg = Debug|x64
		{1BFCF1DC-7264-40BB-A1C2-AEE77CF465BD}.Debug|x64.Build.0 = Debug|x64
		{1BFCF1DC-7264-40BB-A1C2-AEE77CF465BD}.Debug|x86.ActiveCfg = Debug|x86
		{1BFCF1DC-7264-40BB-A1C2-AEE77CF465BD}.Debug|x86.Build.0 = Debug|x86
		{1BFCF1DC-7264-40BB-A1C2-AEE77CF465BD}.Release|x64.ActiveCfg = Release|x64
		{1BFCF1DC-7264-40BB-A1C2-AEE77CF465BD}.Release|x64.Build.0 = Release|x64
		{1BFCF1DC-7264-40BB-A1C2-AEE77CF465BD}.Release|x86.ActiveCfg = Release|x86
		{1BFCF1DC-7264-40BB-A1C2-AEE77CF465BD}.Release|x86.Build.0 = Release|x86
		{8897D523-B899-4208-B644-2A6C0643E9DB}.Debug|x64.ActiveCfg = Debug|x64
		{8897D523-B899-4208-B644-2A6C0643E9DB}.Debug|x64.Build.0 = Debug|x64
		{8897D523-B899-4208-B644-2A6C0643E9DB}.Debug|x86.ActiveCfg = Debug|x86
		{8897D523-B899-4208-B644-2A6C0643E9DB}.Debug|x86.Build.0 = Debug|x86
		{8897D523-B899-4208-B644-2A6C0643E9DB}.Release|x64.ActiveCfg = Release|x64
		{8897D523-B899-4208-B644-2A6C0643E9DB}.Release|x64.Build.0 = Release|x64
		{8897D523-B899-4208-B644-2A6C0643E9DB}.Release|x86.ActiveCfg = Release|x86
		{8897D523-B899-4208-B644-2A6C0643E9DB}.Release|x86.Build.0 = Release|x86
		{2ADE0A22-9E08-4B39-A21A-1446EF7A015B}.Debug|x64.ActiveCfg = Debug|x64
		{2ADE0A22-9E08-4B39-A21A-1446EF7A015B}.Debug|x64.Build.0 = Debug|x64
		{2ADE0A22-9E08-4B39-A21A-1446EF7A015B}.Debug|x86.ActiveCfg = Debug|x86
		{2ADE0A22-9E08-4B39-A21A-1446EF7A015B}.Debug|x86.Build.0 = Debug|x86
		{2ADE0A22-9E08-4B39-A21A-1446EF7A015B}.Release|x64.ActiveCfg = Release|x64
		{2ADE0A22-9E08-4B39-A21A-1446EF7A015B}.Release|x64.Build.0 = Release|x64
		{2ADE0A22-9E08-4B39-A21A-1446EF7A015B}.Release|x86.ActiveCfg = Release|x86
		{2ADE0A22-9E08-4B39-A21A-1446EF7A015B}.Release|x86.Build.0 = Release|x86
		{F2D9C75F-9BD0-4202-9064-8B08762D72CD}.Debug|x64.ActiveCfg = Debug|x64
		{F2D9C75F-9BD0-4202-9064-8B08762D72CD}.Debug|x64.Build.0 = Debug|x64
		{F2D9C75F-9BD0-4202-9064-8B08762D72CD}.Debug|x86.ActiveCfg = Debug|x86
		{F2D9C75F-9BD0-4202-9064-8B08762D72CD}.Debug|x86.Build.0 = Debug|x86
		{F2D9C75F-9BD0-4202-9064-8B08762D72CD}.Release|x64.ActiveCfg = Release|x64
		{F2D9C75F-9BD0-4202-9064-8B08762D72CD}.Release|x64.Build.0 = Release|x64
		{F2D9C75F-9BD0-4202-9064-8B08762D72CD}.Release|x86.ActiveCfg = Release|x86
		{F2D9C75F-9BD0-4202-9064-8B08762D72CD}.Release|x86.Build.0 = Release|x86
		{EE09CB0B-18B8-4348-848E-318D4199FF40}.Debug|x64.ActiveCfg = Debug|x64
		{EE09CB0B-18B8-4348-848E-318D4199FF40}.Debug|x64.Build.0 = Debug|x64
		{EE09CB0B-18B8-4348-848E-318D4199FF40}.Debug|x86.ActiveCfg = Debug|x86
		{EE09CB0B-18B8-4348-848E-318D4199FF40}.Debug|x86.Build.0 = Debug|x86
		{EE09CB0B-18B8-4348-848E-318D4199FF40}.Release|x64.ActiveCfg = Release|x64
		{EE09CB0B-18B8-4348-848E-318D4199FF40}.Release|x64.Build.0 = Release|x64
		{EE09CB0B-18B8-4348-848E-318D4199FF40}.Release|x86.ActiveCfg = Release|x86
		{EE09CB0B-18B8-4348-848E-318D4199FF40}.Release|x86.Build.0 = Release|x86
		{063BDEFD-A860-49D5-9845-AB7B8DF56AAA}.Debug|x64.ActiveCfg = Debug|x64
		{063BDEFD-A860-49D5-9845-AB7B8DF56AAA}.Debug|x64.Build.0 = Debug|x64
		{063BDEFD-A860-49D5-9845-AB7B8DF56AAA}.Debug|x86.ActiveCfg = Debug|x86
		{063BDEFD-A860-49D5-9845-AB7B8DF56AAA}.Debug|x86.Build.0 = Debug|x86
		{063BDEFD-A860-49D5-9845-AB7B8DF56AAA}.Release|x64.ActiveCfg = Release|x64
		{063BDEFD-A860-49D5-9845-AB7B8DF56AAA}.Release|x64.Build.0 = Release|x64
		{063BDEFD-A860-49D5-9845-AB7B8DF56AAA}.Release|x86.ActiveCfg = Release|x86
		{063BDEFD-A860-49D5-9845-AB7B8DF56AAA}.Release|x86.Build.0 = Release|x86
		{AAE85C1A-539C-436A-82D4-44C612D6AD1A}.Debug|x64.ActiveCfg = Debug|x64
		{AAE85C1A-539C-436A-82D4-44C612D6AD1A}.Debug|x64.Build.0 = Debug|x64
		{AAE85C1A-539C-436A-82D4-44C612D6AD1A}.Debug|x86.ActiveCfg = Debug|x86
		{AAE85C1A-539C-436A-82D4-44C612D6AD1A}.Debug|x86.Build.0 = Debug|x86
		{AAE85C1A-539C-436A-82D4-44C612D6AD1A}.Release|x64.ActiveCfg = Release|x64
		{AAE85C1A-539C-436A-82D4-44C612D6AD1A}.Release|x64.Build.0 = Release|x64
		{AAE85C1A-539C-436A-82D4-44C612D6AD1A}.Release|x86.ActiveCfg = Release|x86
		{AAE85C1A-539C-436A-82D4-44C612D6AD1A}.Release|x86.Build.0 = Release|x86
		{D75BFEF8-3FBD-4AD7-9740-34A089EBC296}.Debug|x64.ActiveCfg = Debug|x64
		{D75BFEF8-3FBD-4AD7-9740-34A089EBC296}.Debug|x64.Build.0 = Debug|x64
		{D75BFEF8-3FBD-4AD7-9740-34A089EBC296}.Debug|x86.ActiveCfg = Debug|x86
		{D75BFEF8-3FBD-4AD7-9740-34A089EBC296}.Debug|x86.Build.0 = Debug|x86
		{D75BFEF8-3FBD-4AD7-9740-34A089EBC296}.Release|x64.ActiveCfg = Release|x64
		{D75BFEF8-3FBD-4AD7-9740-34A089EBC296}.Release|x64.Build.0 = Release|x64
		{D75BFEF8-3FBD-4AD7-9740-34A089EBC296}.Release|x86.ActiveCfg = Release|x86
		{D75BFEF8-3FBD-4AD7-9740-34A089EBC296}.Release|x86.Build.0 = Release|x86
		{A40FA29C-BF57-4BDF-AC3E-D5AE3B53AE8B}.Debug|x64.ActiveCfg = Debug|x64
		{A40FA29C-BF57-4BDF-AC3E-D5AE3B53AE8B}.Debug|x64.Build.0 = Debug|x64
		{A40FA29C-BF57-4BDF-AC3E-D5AE3B53AE8B}.Debug|x86.ActiveCfg = Debug|x86
		{A40FA29C-BF57-4BDF-AC3E-D5AE3B53AE8B}.Debug|x86.Build.0 = Debug|x86
		{A40FA29C-BF57-4BDF-AC3E-D5AE3B53AE8B}.Release|x64.ActiveCfg = Release|x64
		{A40FA29C-BF57-4BDF-AC3E-D5AE3B53AE8B}.Release|x64.Build.0 = Release|x64
		{A40FA29C-BF57-4BDF-AC3E-D5AE3B53AE8B}.Release|x86.ActiveCfg = Release|x86
		{A40FA29C-BF57-4BDF-AC3E-D5AE3B53AE8B}.Release|x86.Build.0 = Release|x86
		{0CAE8A31-9900-4FB4-AE34-693F6ACE7E02}.Debug|x64.ActiveCfg = Debug|x64
		{0CAE8A31-9900-4FB4-AE34-693F6ACE7E02}.Debug|x64.Build.0 = Debug|x64
		{0CAE8A31-9900-4FB4-AE34-693F6ACE7E02}.Debug|x86.ActiveCfg = Debug|x86
		{0CAE8A31-9900-4FB4-AE34-693F6ACE7E02}.Debug|x86.Build.0 = Debug|x86
		{0CAE8A31-9900-4FB4-AE34-693F6ACE7E02}.Release|x64.ActiveCfg = Release|x64
		{0CAE8A31-9900-4FB4-AE34-693F6ACE7E02}.Release|x64.Build.0 = Release|x64
		{0CAE8A31-9900-4FB4-AE34-693F6ACE7E02}.Release|x86.ActiveCfg = Release|x86
		{0CAE8A31-9900-4FB4-AE34-693F6ACE7E02}.Release|x86.Build.0 = Release|x86
		{AB0DA0CC-734D-40B7-8369-6EC9DB4794A8}.Debug|x64.ActiveCfg = Debug|x64
		{AB0DA0CC-734D-40B7-8369-6EC9DB4794A8}.Debug|x64.Build.0 = Debug|x64
		{AB0DA0CC-734D-40B7-8369-6EC9DB4794A8}.Debug|x86.ActiveCfg = Debug|x86
		{AB0DA0CC-734D-40B7-8369-6EC9DB4794A8}.Debug|x86.Build.0 = Debug|x86
		{AB0DA0CC-734D-40B7-8369-6EC9DB4794A8}.Release|x64.ActiveCfg = Release|x64
		{AB0DA0CC-734D-40B7-8369-6EC9DB4794A8}.Release|x64.Build.0 = Release|x64
		{AB0DA0CC-734D-40B7-8369-6EC9DB4794A8}.Release|x86.ActiveCfg = Release|x86
		{AB0DA0CC-734D-40B7-8369-6EC9DB4794A8}.Release|x86.Build.0 = Release|x86
		{67ACD427-F0C7-4A1D-A7EE-F5E81176EC87}.Debug|x64.ActiveCfg = Debug|x64
		{67ACD427-F0C7-4A1D-A7EE-F5E81176EC87}.Debug|x64.Build.0 = Debug|x64
		{67ACD427-F0C7-4A1D-A7EE-F5E81176EC87}.Debug|x86.ActiveCfg = Debug|x86
		{67ACD427-F0C7-4A1D-A7EE-F5E81176EC87}.Debug|x86.Build.0 = Debug|x86
		{67ACD427-F0C7-4A1D-A7EE-F5E81176EC87}.Release|x64.ActiveCfg = Release|x64
		{67ACD427-F0C7-4A1D-A7EE-F5E81176EC87}.Release|x64.Build.0 = Release|x64
		{67ACD427-F0C7-4A1D-A7EE-F5E81176EC87}.Release|x86.ActiveCfg = Release|x86
		{67ACD427-F0C7-4A1D-A7EE-F5E81176EC87}.Release|x86.Build.0 = Release|x86
		{36C5143F-40D6-4C46-A444-4B21AA2CE1B6}.Debug|x64.ActiveCfg = Debug|x64
		{36C5143F-40D6-4C46-A444-4B21AA2CE1B6}.Debug|x64.Build.0 = Debug|x64
		{36C5143F-40D6-4C46-A444-4B21AA2CE1B6}.Debug|x86.ActiveCfg = Debug|x86
		{36C5143F-40D6-4C46-A444-4B21AA2CE1B6}.Debug|x86.Build.0 = Debug|x86
		{36C5143F-40D6-4C46-A444-4B21AA2CE1B6}.Release|x64.ActiveCfg = Release|x64
		{36C5143F-40D6-4C46-A444-4B21AA2CE1B6}.Release|x64.Build.0 = Release|x64
		{36C5143F-40D6-4C46-A444-4B21AA2CE1B6}.Release|x86.ActiveCfg = Release|x86
		{36C5143F-40D6-4C46-A444-4B21AA2CE1B6}.Release|x86.Build.0 = Release|x86
		{729FD856-C0D1-46DA-80EC-E40A87740250}.Debug|x64.ActiveCfg = Debug|x64
		{729FD856-C0D1-46DA-80EC-E40A87740250}.Debug|x64.Build.0 = Debug|x64
		{729FD856-C0D1-46DA-80EC-E40A87740250}.Debug|x86.ActiveCfg = Debug|x86
		{729FD856-C0D1-46DA-80EC-E40A87740250}.Debug|x86.Build.0 = Debug|x86
		{729FD856-C0D1-46DA-80EC-E40A87740250}.Release|x64.ActiveCfg = Release|x64
		{729FD856-C0D1-46DA-80EC-E40A87740250}.Release|x64.Build.0 = Release|x64
		{729FD856-C0D1-46DA-80EC-E40A87740250}.Release|x86.ActiveCfg = Release|x86
		{729FD856-C0D1-46DA-80EC-E40A87740250}.Release|x86.Build.0 = Release|x86
		{D7D80767-3540-4018-AF7D-5CF2F436D205}.Debug|x64.ActiveCfg = Debug|x64
		{D7D80767-3540-4018-AF7D-5CF2F436D205}.Debug|x64.Build.0 = Debug|x64
		{D7D80767-3540-4018-AF7D-5CF2F436D205}.Debug|x86.ActiveCfg = Debug|x86
		{D7D80767-3540-4018-AF7D-5CF2F436D205}.Debug|x86.Build.0 = Debug|x86
		{D7D80767-3540-4018-AF7D-5CF2F436D205}.Release|x64.ActiveCfg = Release|x64
		{D7D80767-3540-4018-AF7D-5CF2F436D205}.Release|x64.Build.0 = Release|x64
		{D7D80767-3540-4018-AF7D-5CF2F436D205}.Release|x86.ActiveCfg = Release|x86
		{D7D80767-3540-4018-AF7D-5CF2F436D205}.Release|x86.Build.0 = Release|x86
		{50A1FA70-9581-4B3C-97C5-27E0793536A0}.Debug|x64.ActiveCfg = Debug|x64
		{50A1FA70-9581-4B3C-97C5-27E0793536A0}.Debug|x64.Build.0 = Debug|x64
		{50A1FA70-9581-4B3C-97C5-27E0793536A0}.Debug|x86.ActiveCfg = Debug|x86
		{50A1FA70-9581-4B3C-97C5-27E0793536A0}.Debug|x86.Build.0 = Debug|x86
		{50A1FA70-9581-4B3C-97C5-27E0793536A0}.Release|x64.ActiveCfg = Release|x64
		{50A1FA70-9581-4B3C-97C5-27E0793536A0}.Release|x64.Build.0 = Release|x64
		{50A1FA70-9581-4B3C-97C5-27E0793536A0}.Release|x86.ActiveCfg = Release|x86
		{50A1FA70-9581-4B3C-97C5-27E0793536A0}.Release|x86.Build.0 = Release|x86
		{A7D4FEFE-870D-48D0-BC3C-B15D3124C76B}.Debug|x64.ActiveCfg = Debug|x64
		{A7D4FEFE-870D-48D0-BC3C-B15D3124C76B}.Debug|x64.Build.0 = Debug|x64
		{A7D4FEFE-870D-48D0-BC3C-B15D3124C76B}.Debug|x86.ActiveCfg = Debug|x86
		{A7D4FEFE-870D-48D0-BC3C-B15D3124C76B}.Debug|x86.Build.0 = Debug|x86
		{A7D4FEFE-870D-48D0-BC3C-B15D3124C76B}.Release|x64.ActiveCfg = Release|x64
		{A7D4FEFE-870D-48D0-BC3C-B15D3124C76B}.Release|x64.Build.0 = Release|x64
		{A7D4FEFE-870D-48D0-BC3C-B15D3124C76B}.Release|x86.ActiveCfg = Release|x86
		{A7D4FEFE-870D-48D0-BC3C-B15D3124C76B}.Release|x86.Build.0 = Release|x86
		{02913524-ABD5-40ED-9CBE-E547B70B7821}.Debug|x64.ActiveCfg = Debug|x64
		{02913524-ABD5-40ED-9CBE-E547B70B7821}.Debug|x64.Build.0 = Debug|x64
		{02913524-ABD5-40ED-9CBE-E547B70B7821}.Debug|x86.ActiveCfg = Debug|x86
		{02913524-ABD5-40ED-9CBE-E547B70B7821}.Debug|x86.Build.0 = Debug|x86
		{02913524-ABD5-40ED-9CBE-E547B70B7821}.Release|x64.ActiveCfg = Release|x64
		{02913524-ABD5-40ED-9CBE-E547B70B7821}.Release|x64.Build.0 = Release|x64
		{02913524-ABD5-40ED-9CBE-E547B70B7821}.Release|x86.ActiveCfg = Release|x86
		{02913524-ABD5-40ED-9CBE-E547B70B7821}.Release|x86.Build.0 = Release|x86
		{906045D6-03F0-46B7-AF39-6A62C4474D9E}.Debug|x64.ActiveCfg = Debug|x64
		{906045D6-03F0-46B7-AF39-6A62C4474D9E}.Debug|x64.Build.0 = Debug|x64
		{906045D6-03F0-46B7-AF39-6A62C4474D9E}.Debug|x86.ActiveCfg = Debug|x86
		{906045D6-03F0-46B7-AF39-6A62C4474D9E}.Debug|x86.Build.0 = Debug|x86
		{906045D6-03F0-46B7-AF39-6A62C4474D9E}.Release|x64.ActiveCfg = Release|x64
		{906045D6-03F0-46B7-AF39-6A62C4474D9E}.Release|x64.Build.0 = Release|x64
		{906045D6-03F0-46B7-AF39-6A62C4474D9E}.Release|x86.ActiveCfg = Release|x86
		{906045D6-03F0-46B7-AF39-6A62C4474D9E}.Release|x86.Build.0 = Release|x86
		{44812443-9228-4697-915B-4B3A94F2C120}.Debug|x64.ActiveCfg = Debug|x64
		{44812443-9228-4697-915B-4B3A94F2C120}.Debug|x64.Build.0 = Debug|x64
		{44812443-9228-4697-915B-4B3A94F2C120}.Debug|x86.ActiveCfg = Debug|x86
		{44812443-9228-4697-915B-4B3A94F2C120}.Debug|x86.Build.0 = Debug|x86
		{44812443-9228-4697-915B-4B3A94F2C120}.Release|x64.ActiveCfg = Release|x64
		{44812443-9228-4697-915B-4B3A94F2C120}.Release|x64.Build.0 = Release|x64
		{44812443-9228-4697-915B-4B3A94F2C120}.Release|x86.ActiveCfg = Release|x86
		{44812443-9228-4697-915B-4B3A94F2C120}.Release|x86.Build.0 = Release|x86
		{EF943C22-AC16-4EF2-B42C-A42181BA0757}.Debug|x64.ActiveCfg = Debug|x64
		{EF943C22-AC16-4EF2-B42C-A42181BA0757}.Debug|x64.Build.0 = Debug|x64
		{EF943C22-AC16-4EF2-B42C-A42181BA0757}.Debug|x86.ActiveCfg = Debug|x86
		{EF943C22-AC16-4EF2-B42C-A42181BA0757}.Debug|x86.Build.0 = Debug|x86
		{EF943C22-AC16-4EF2-B42C-A42181BA0757}.Release|x64.ActiveCfg = Release|x64
		{EF943C22-AC16-4EF2-B42C-A42181BA0757}.Release|x64.Build.0 = Release|x64
		{EF943C22-AC16-4EF2-B42C-A42181BA0757}.Release|x86.ActiveCfg = Release|x86
		{EF943C22-AC16-4EF2-B42C-A42181BA0757}.Release|x86.Build.0 = Release|x86
		{30997621-7D19-4FBC-8E0C-D088E64A127B}.Debug|x64.ActiveCfg = Debug|x64
		{30997621-7D19-4FBC-8E0C-D088E64A127B}.Debug|x64.Build.0 = Debug|x64
		{30997621-7D19-4FBC-8E0C-D088E64A127B}.Debug|x86.ActiveCfg = Debug|x86
		{30997621-7D19-4FBC-8E0C-D088E64A127B}.Debug|x86.Build.0 = Debug|x86
		{30997621-7D19-4FBC-8E0C-D088E64A127B}.Release|x64.ActiveCfg = Release|x64
		{30997621-7D19-4FBC-8E0C-D088E64A127B}.Release|x64.Build.0 = Release|x64
		{30997621-7D19-4FBC-8E0C-D088E64A127B}.Release|x86.ActiveCfg = Release|x86
		{30997621-7D19-4FBC-8E0C-D088E64A127B}.Release|x86.Build.0 = Release|x86
		{7CBB09ED-D881-49D8-AE2C-D1B10BFF9D77}.Debug|x64.ActiveCfg = Debug|x64
		{7CBB09ED-D881-49D8-AE2C-D1B10BFF9D77}.Debug|x64.Build.0 = Debug|x64
		{7CBB09ED-D881-49D8-AE2C-D1B10BFF9D77}.Debug|x86.ActiveCfg = Debug|x86
		{7CBB09ED-D881-49D8-AE2C-D1B10BFF9D77}.Debug|x86.Build.0 = Debug|x86
		{7CBB09ED-D881-49D8-AE2C-D1B10BFF9D77}.Release|x64.ActiveCfg = Release|x64
		{7CBB09ED-D881-49D8-AE2C-D1B10BFF9D77}.Release|x64.Build.0 = Release|x64
		{7CBB09ED-D881-49D8-AE2C-D1B10BFF9D77}.Release|x86.ActiveCfg = Release|x86
		{7CBB09ED-D881-49D8-AE2C-D1B10BFF9D77}.Release|x86.Build.0 = Release|x86
	EndGlobalSection
	GlobalSection(SolutionProperties) = preSolution
		HideSolutionNode = FALSE
	EndGlobalSection
	GlobalSection(ExtensibilityGlobals) = postSolution
		SolutionGuid = {B0AF2F30-70FA-40BB-8D95-E553DE110CE0}
	EndGlobalSection
EndGlobal
